
Microsoft Visual Studio Solution File, Format Version 12.00
# Visual Studio Version 17
VisualStudioVersion = 17.14.36310.24
MinimumVisualStudioVersion = 10.0.40219.1
Project("{2150E333-8FDC-42A3-9474-1A3956D46DE8}") = "src", "src", "{827E0CD3-B72D-47B6-A68D-7590B98EB39B}"
EndProject
Project("{2150E333-8FDC-42A3-9474-1A3956D46DE8}") = "tests", "tests", "{0AB3BF05-4346-4AA6-1389-037BE0695223}"
EndProject
Project("{FAE04EC0-301F-11D3-BF4B-00C04F79EFBC}") = "Data", "src\Data\Data.csproj", "{DA736EA8-3C87-4E95-B095-2BCB2AEACC8C}"
EndProject
Project("{FAE04EC0-301F-11D3-BF4B-00C04F79EFBC}") = "Analyzers.Style", "src\Analyzers.Style\Analyzers.Style.csproj", "{A0B4529F-0147-4262-9622-E13A50933C8F}"
EndProject
Project("{FAE04EC0-301F-11D3-BF4B-00C04F79EFBC}") = "Analyzers.Style.CodeFixes", "src\Analyzers.Style.CodeFixes\Analyzers.Style.CodeFixes.csproj", "{13C81059-73DE-481A-9302-BBE49D5D1908}"
EndProject
Project("{FAE04EC0-301F-11D3-BF4B-00C04F79EFBC}") = "Data.Tests", "tests\Data.Tests\Data.Tests.csproj", "{8F7E6D5C-4B3A-2E1F-9C8D-7A6B5E4F3C2D}"
EndProject
Project("{FAE04EC0-301F-11D3-BF4B-00C04F79EFBC}") = "Analyzers.Style.Tests", "tests\Analyzers.Style.Tests\Analyzers.Style.Tests.csproj", "{E81076A2-81D5-415B-9470-A9A19B75849E}"
EndProject
Project("{2150E333-8FDC-42A3-9474-1A3956D46DE8}") = "prototypes", "prototypes", "{E54166BF-D5A5-D108-1244-AA6816D2859D}"
EndProject
Project("{FAE04EC0-301F-11D3-BF4B-00C04F79EFBC}") = "Diagnostics", "src\Diagnostics\Diagnostics.csproj", "{C117FE35-0A84-8AD1-E8B1-F8B3DA2086B4}"
EndProject
Project("{FAE04EC0-301F-11D3-BF4B-00C04F79EFBC}") = "Completion.Abstractions", "prototypes\Completion.Abstractions\Completion.Abstractions.csproj", "{3A10F7AE-734E-4F35-9BA4-5100EF2D3CFE}"
EndProject
Project("{FAE04EC0-301F-11D3-BF4B-00C04F79EFBC}") = "Completion", "prototypes\Completion\Completion.csproj", "{04A410F1-2489-4D9B-BF9E-EF8BE64AD856}"
EndProject
Project("{FAE04EC0-301F-11D3-BF4B-00C04F79EFBC}") = "Primitives", "src\Primitives\Primitives.csproj", "{6C14DFD3-7CE5-49EF-8064-11FF613ED924}"
EndProject
Project("{FAE04EC0-301F-11D3-BF4B-00C04F79EFBC}") = "Primitives.Tests", "tests\Primitives.Tests\Primitives.Tests.csproj", "{23F2739E-F5DF-4046-BDDC-8E98F194EB70}"
EndProject
Project("{FAE04EC0-301F-11D3-BF4B-00C04F79EFBC}") = "Rbf", "src\Rbf\Rbf.csproj", "{0468A642-C9B8-4025-B567-05C0267416BD}"
EndProject
Project("{FAE04EC0-301F-11D3-BF4B-00C04F79EFBC}") = "Rbf.Tests", "tests\Rbf.Tests\Rbf.Tests.csproj", "{954B9BE9-BBF5-463B-8EFF-06B319721956}"
EndProject
Project("{2150E333-8FDC-42A3-9474-1A3956D46DE8}") = "benchmarks", "benchmarks", "{E82A4248-C808-4E98-B071-E10E106F2FA0}"
EndProject
Project("{FAE04EC0-301F-11D3-BF4B-00C04F79EFBC}") = "Rbf.Benchmarks", "benchmarks\Rbf.Benchmarks\Rbf.Benchmarks.csproj", "{6C1711BE-660A-4047-BC4F-7195C0932F06}"
EndProject
Project("{FAE04EC0-301F-11D3-BF4B-00C04F79EFBC}") = "Data.Benchmarks", "benchmarks\Data.Benchmarks\Data.Benchmarks.csproj", "{306D0482-394C-4E8B-A83B-9792927C7796}"
EndProject
Project("{FAE04EC0-301F-11D3-BF4B-00C04F79EFBC}") = "StateJournal", "src\StateJournal\StateJournal.csproj", "{580A7B1E-2034-4F55-8856-BC391F2193C6}"
EndProject
Project("{FAE04EC0-301F-11D3-BF4B-00C04F79EFBC}") = "StateJournal.Tests", "tests\StateJournal.Tests\StateJournal.Tests.csproj", "{30F37BB9-DFE8-4056-992B-FCC15DD9C346}"
EndProject
Project("{FAE04EC0-301F-11D3-BF4B-00C04F79EFBC}") = "RevisionCommit.Bench", "benchmarks\RevisionCommit.Bench\RevisionCommit.Bench.csproj", "{9D109B16-FAFA-4D2C-A799-C2E45A93CE94}"
EndProject
Project("{FAE04EC0-301F-11D3-BF4B-00C04F79EFBC}") = "Completion.Tests", "tests\Completion.Tests\Completion.Tests.csproj", "{66AED6CB-1CC0-4B49-B251-887A90824223}"
EndProject
Project("{FAE04EC0-301F-11D3-BF4B-00C04F79EFBC}") = "TextEditScript", "src\TextEditScript\TextEditScript.csproj", "{6DA95106-7593-4FBA-8CBC-A1680E656095}"
EndProject
Project("{FAE04EC0-301F-11D3-BF4B-00C04F79EFBC}") = "TextEditScript.Tests", "tests\TextEditScript.Tests\TextEditScript.Tests.csproj", "{6575195D-30BA-4219-AA04-64A16D4AC3DF}"
EndProject
Project("{FAE04EC0-301F-11D3-BF4B-00C04F79EFBC}") = "Completion.Tools", "prototypes\Completion.Tools\Completion.Tools.csproj", "{A40163CF-1F57-4F86-B9C6-C069D25091D9}"
EndProject
Project("{2150E333-8FDC-42A3-9474-1A3956D46DE8}") = "Galatea", "Galatea", "{CD4CF130-B793-9614-0E81-38EF9536B660}"
EndProject
Project("{FAE04EC0-301F-11D3-BF4B-00C04F79EFBC}") = "Galatea.Server", "prototypes\Galatea\Galatea.Server.csproj", "{6083C18D-F78C-4FE6-9D66-9ED2A423BB57}"
EndProject
Project("{FAE04EC0-301F-11D3-BF4B-00C04F79EFBC}") = "Galatea.Server.Tests", "tests\Galatea.Server.Tests\Galatea.Server.Tests.csproj", "{D07B1440-2B4F-477E-96C2-AAA3E6A1457F}"
EndProject
Project("{FAE04EC0-301F-11D3-BF4B-00C04F79EFBC}") = "SessionJournal.Cli", "prototypes\SessionJournal.Cli\SessionJournal.Cli.csproj", "{0CFC07EF-9E0E-40AF-A6F5-9FCCF8198DA6}"
EndProject
Project("{FAE04EC0-301F-11D3-BF4B-00C04F79EFBC}") = "RbfSegmentStore", "src\RbfSegmentStore\RbfSegmentStore.csproj", "{16FE7DA3-B7B9-43FA-BA51-92242DBF8474}"
EndProject
Project("{FAE04EC0-301F-11D3-BF4B-00C04F79EFBC}") = "RbfSegmentStore.Tests", "tests\RbfSegmentStore.Tests\RbfSegmentStore.Tests.csproj", "{976E8890-B2B1-463B-9ABA-F5A5092F683B}"
EndProject
Project("{FAE04EC0-301F-11D3-BF4B-00C04F79EFBC}") = "EventJournal.Tests", "tests\EventJournal.Tests\EventJournal.Tests.csproj", "{3CCCECDC-FCC3-4A68-B31E-179B0DBCE9F9}"
EndProject
Project("{FAE04EC0-301F-11D3-BF4B-00C04F79EFBC}") = "EventJournal", "src\EventJournal\EventJournal.csproj", "{C119064F-CCFA-4476-B02F-947D688C58AD}"
EndProject
Project("{FAE04EC0-301F-11D3-BF4B-00C04F79EFBC}") = "SessionJournal", "prototypes\SessionJournal\SessionJournal.csproj", "{7FF8DCA7-6C4E-4D45-927D-96E44AD72D93}"
EndProject
Project("{FAE04EC0-301F-11D3-BF4B-00C04F79EFBC}") = "SessionJournal.Tests", "tests\SessionJournal.Tests\SessionJournal.Tests.csproj", "{CD4150E0-17D6-48C2-A9BF-0D0165BF9BD7}"
EndProject
Project("{FAE04EC0-301F-11D3-BF4B-00C04F79EFBC}") = "SessionJournal.Cli.Tests", "tests\SessionJournal.Cli.Tests\SessionJournal.Cli.Tests.csproj", "{5F400DB1-D06B-4124-A6E2-5D0286C23625}"
EndProject
Project("{FAE04EC0-301F-11D3-BF4B-00C04F79EFBC}") = "SessionJournal.Cli.LegacyRoot.CrashHarness", "tests\SessionJournal.Cli.LegacyRoot.CrashHarness\SessionJournal.Cli.LegacyRoot.CrashHarness.csproj", "{C2A10027-89C7-4F5C-A16C-1DC2AB001027}"
EndProject
Project("{FAE04EC0-301F-11D3-BF4B-00C04F79EFBC}") = "SessionJournal.Offline", "prototypes\SessionJournal.Offline\SessionJournal.Offline.csproj", "{EDCDB527-36FE-467A-8DB1-EFE6CCF19EDC}"
EndProject
Project("{FAE04EC0-301F-11D3-BF4B-00C04F79EFBC}") = "SessionJournal.Offline.Tests", "tests\SessionJournal.Offline.Tests\SessionJournal.Offline.Tests.csproj", "{23017AC4-4974-4F76-ABF4-08177CDA1DA5}"
EndProject
Project("{FAE04EC0-301F-11D3-BF4B-00C04F79EFBC}") = "SessionJournal.HistoryTimeline", "prototypes\SessionJournal.HistoryTimeline\SessionJournal.HistoryTimeline.csproj", "{93CA6943-2511-411C-89CB-901F7033ACCA}"
EndProject
Project("{FAE04EC0-301F-11D3-BF4B-00C04F79EFBC}") = "SessionJournal.RecapGrid.Abstractions", "prototypes\SessionJournal.RecapGrid.Abstractions\SessionJournal.RecapGrid.Abstractions.csproj", "{6C83E41D-D690-4BAF-A4B5-8F753431C0D0}"
EndProject
Project("{FAE04EC0-301F-11D3-BF4B-00C04F79EFBC}") = "SessionJournal.RecapGrid.WalkingSkeleton.Tests", "tests\SessionJournal.RecapGrid.WalkingSkeleton.Tests\SessionJournal.RecapGrid.WalkingSkeleton.Tests.csproj", "{7F8166C4-2EAD-433A-9EC4-7414FA712D1B}"
EndProject
Project("{FAE04EC0-301F-11D3-BF4B-00C04F79EFBC}") = "SessionJournal.RecapGrid.Abstractions.Tests", "tests\SessionJournal.RecapGrid.Abstractions.Tests\SessionJournal.RecapGrid.Abstractions.Tests.csproj", "{A2C30DA9-70E2-4D6B-B377-4049A417FA77}"
EndProject
Project("{FAE04EC0-301F-11D3-BF4B-00C04F79EFBC}") = "SessionJournal.HistoryTimeline.Tests", "tests\SessionJournal.HistoryTimeline.Tests\SessionJournal.HistoryTimeline.Tests.csproj", "{7767095B-2AB6-4F3D-9CF1-E0E477AB6C89}"
EndProject
Project("{FAE04EC0-301F-11D3-BF4B-00C04F79EFBC}") = "SessionJournal.HistoryTimeline.CrashHarness", "tests\SessionJournal.HistoryTimeline.CrashHarness\SessionJournal.HistoryTimeline.CrashHarness.csproj", "{4A2F4F6D-D038-4D75-BE46-C77C40C47D2E}"
EndProject
Project("{FAE04EC0-301F-11D3-BF4B-00C04F79EFBC}") = "SessionJournal.HistoryTimeline.PublicSurface.Tests", "tests\SessionJournal.HistoryTimeline.PublicSurface.Tests\SessionJournal.HistoryTimeline.PublicSurface.Tests.csproj", "{B8D7B76E-72C4-4F2F-AE44-9EE9AB928A35}"
EndProject
Project("{FAE04EC0-301F-11D3-BF4B-00C04F79EFBC}") = "SessionJournal.RecapGrid.Control", "prototypes\SessionJournal.RecapGrid.Control\SessionJournal.RecapGrid.Control.csproj", "{C2A10001-89C7-4F5C-A16C-1DC2AB001001}"
EndProject
Project("{FAE04EC0-301F-11D3-BF4B-00C04F79EFBC}") = "SessionJournal.RecapGrid.Control.Tests", "tests\SessionJournal.RecapGrid.Control.Tests\SessionJournal.RecapGrid.Control.Tests.csproj", "{C2A10002-89C7-4F5C-A16C-1DC2AB001002}"
EndProject
Project("{FAE04EC0-301F-11D3-BF4B-00C04F79EFBC}") = "SessionJournal.RecapGrid.Control.CrashHarness", "tests\SessionJournal.RecapGrid.Control.CrashHarness\SessionJournal.RecapGrid.Control.CrashHarness.csproj", "{C2A10003-89C7-4F5C-A16C-1DC2AB001003}"
EndProject
Project("{FAE04EC0-301F-11D3-BF4B-00C04F79EFBC}") = "SessionJournal.RecapGrid.Control.PublicSurface.Tests", "tests\SessionJournal.RecapGrid.Control.PublicSurface.Tests\SessionJournal.RecapGrid.Control.PublicSurface.Tests.csproj", "{C2A10004-89C7-4F5C-A16C-1DC2AB001004}"
EndProject
Project("{FAE04EC0-301F-11D3-BF4B-00C04F79EFBC}") = "SessionJournal.RecapGrid.Store", "prototypes\SessionJournal.RecapGrid.Store\SessionJournal.RecapGrid.Store.csproj", "{C2A10005-89C7-4F5C-A16C-1DC2AB001005}"
EndProject
Project("{FAE04EC0-301F-11D3-BF4B-00C04F79EFBC}") = "SessionJournal.RecapGrid.Store.Tests", "tests\SessionJournal.RecapGrid.Store.Tests\SessionJournal.RecapGrid.Store.Tests.csproj", "{C2A10006-89C7-4F5C-A16C-1DC2AB001006}"
EndProject
Project("{FAE04EC0-301F-11D3-BF4B-00C04F79EFBC}") = "SessionJournal.RecapGrid.Store.CrashHarness", "tests\SessionJournal.RecapGrid.Store.CrashHarness\SessionJournal.RecapGrid.Store.CrashHarness.csproj", "{C2A10007-89C7-4F5C-A16C-1DC2AB001007}"
EndProject
Project("{FAE04EC0-301F-11D3-BF4B-00C04F79EFBC}") = "SessionJournal.RecapGrid.Store.PublicSurface.Tests", "tests\SessionJournal.RecapGrid.Store.PublicSurface.Tests\SessionJournal.RecapGrid.Store.PublicSurface.Tests.csproj", "{C2A10008-89C7-4F5C-A16C-1DC2AB001008}"
EndProject
Project("{FAE04EC0-301F-11D3-BF4B-00C04F79EFBC}") = "SessionJournal.RecapGrid.Manager", "prototypes\SessionJournal.RecapGrid.Manager\SessionJournal.RecapGrid.Manager.csproj", "{C2A10009-89C7-4F5C-A16C-1DC2AB001009}"
EndProject
Project("{FAE04EC0-301F-11D3-BF4B-00C04F79EFBC}") = "SessionJournal.RecapGrid.Manager.Tests", "tests\SessionJournal.RecapGrid.Manager.Tests\SessionJournal.RecapGrid.Manager.Tests.csproj", "{C2A10010-89C7-4F5C-A16C-1DC2AB001010}"
EndProject
Project("{FAE04EC0-301F-11D3-BF4B-00C04F79EFBC}") = "SessionJournal.RecapGrid.Manager.PublicSurface.Tests", "tests\SessionJournal.RecapGrid.Manager.PublicSurface.Tests\SessionJournal.RecapGrid.Manager.PublicSurface.Tests.csproj", "{C2A10011-89C7-4F5C-A16C-1DC2AB001011}"
EndProject
Project("{FAE04EC0-301F-11D3-BF4B-00C04F79EFBC}") = "SessionJournal.RecapGrid.Getter", "prototypes\SessionJournal.RecapGrid.Getter\SessionJournal.RecapGrid.Getter.csproj", "{C2A10012-89C7-4F5C-A16C-1DC2AB001012}"
EndProject
Project("{FAE04EC0-301F-11D3-BF4B-00C04F79EFBC}") = "SessionJournal.RecapGrid.Getter.Tests", "tests\SessionJournal.RecapGrid.Getter.Tests\SessionJournal.RecapGrid.Getter.Tests.csproj", "{C2A10013-89C7-4F5C-A16C-1DC2AB001013}"
EndProject
Project("{FAE04EC0-301F-11D3-BF4B-00C04F79EFBC}") = "SessionJournal.RecapGrid.Getter.PublicSurface.Tests", "tests\SessionJournal.RecapGrid.Getter.PublicSurface.Tests\SessionJournal.RecapGrid.Getter.PublicSurface.Tests.csproj", "{C2A10014-89C7-4F5C-A16C-1DC2AB001014}"
EndProject
Project("{FAE04EC0-301F-11D3-BF4B-00C04F79EFBC}") = "SessionJournal.RecapGrid.Runtime", "prototypes\SessionJournal.RecapGrid.Runtime\SessionJournal.RecapGrid.Runtime.csproj", "{C2A10015-89C7-4F5C-A16C-1DC2AB001015}"
EndProject
Project("{FAE04EC0-301F-11D3-BF4B-00C04F79EFBC}") = "SessionJournal.RecapGrid.Runtime.Tests", "tests\SessionJournal.RecapGrid.Runtime.Tests\SessionJournal.RecapGrid.Runtime.Tests.csproj", "{C2A10016-89C7-4F5C-A16C-1DC2AB001016}"
EndProject
Project("{FAE04EC0-301F-11D3-BF4B-00C04F79EFBC}") = "SessionJournal.RecapGrid.Runtime.PublicSurface.Tests", "tests\SessionJournal.RecapGrid.Runtime.PublicSurface.Tests\SessionJournal.RecapGrid.Runtime.PublicSurface.Tests.csproj", "{C2A10017-89C7-4F5C-A16C-1DC2AB001017}"
EndProject
Project("{FAE04EC0-301F-11D3-BF4B-00C04F79EFBC}") = "SessionJournal.RecapGrid.Hosting", "prototypes\SessionJournal.RecapGrid.Hosting\SessionJournal.RecapGrid.Hosting.csproj", "{C2A10018-89C7-4F5C-A16C-1DC2AB001018}"
EndProject
Project("{FAE04EC0-301F-11D3-BF4B-00C04F79EFBC}") = "SessionJournal.RecapGrid.Hosting.Tests", "tests\SessionJournal.RecapGrid.Hosting.Tests\SessionJournal.RecapGrid.Hosting.Tests.csproj", "{C2A10019-89C7-4F5C-A16C-1DC2AB001019}"
EndProject
Project("{FAE04EC0-301F-11D3-BF4B-00C04F79EFBC}") = "SessionJournal.RecapGrid.Hosting.PublicSurface.Tests", "tests\SessionJournal.RecapGrid.Hosting.PublicSurface.Tests\SessionJournal.RecapGrid.Hosting.PublicSurface.Tests.csproj", "{C2A10020-89C7-4F5C-A16C-1DC2AB001020}"
EndProject
Project("{FAE04EC0-301F-11D3-BF4B-00C04F79EFBC}") = "SessionJournal.RecapGrid.Online", "prototypes\SessionJournal.RecapGrid.Online\SessionJournal.RecapGrid.Online.csproj", "{C2A10021-89C7-4F5C-A16C-1DC2AB001021}"
EndProject
Project("{FAE04EC0-301F-11D3-BF4B-00C04F79EFBC}") = "SessionJournal.RecapGrid.Online.Tests", "tests\SessionJournal.RecapGrid.Online.Tests\SessionJournal.RecapGrid.Online.Tests.csproj", "{C2A10022-89C7-4F5C-A16C-1DC2AB001022}"
EndProject
Project("{FAE04EC0-301F-11D3-BF4B-00C04F79EFBC}") = "SessionJournal.RecapGrid.Online.PublicSurface.Tests", "tests\SessionJournal.RecapGrid.Online.PublicSurface.Tests\SessionJournal.RecapGrid.Online.PublicSurface.Tests.csproj", "{C2A10023-89C7-4F5C-A16C-1DC2AB001023}"
EndProject
Project("{FAE04EC0-301F-11D3-BF4B-00C04F79EFBC}") = "SessionJournal.RecapGrid.AgentControl", "prototypes\SessionJournal.RecapGrid.AgentControl\SessionJournal.RecapGrid.AgentControl.csproj", "{C2A10024-89C7-4F5C-A16C-1DC2AB001024}"
EndProject
Project("{FAE04EC0-301F-11D3-BF4B-00C04F79EFBC}") = "SessionJournal.RecapGrid.AgentControl.Tests", "tests\SessionJournal.RecapGrid.AgentControl.Tests\SessionJournal.RecapGrid.AgentControl.Tests.csproj", "{C2A10025-89C7-4F5C-A16C-1DC2AB001025}"
EndProject
Project("{FAE04EC0-301F-11D3-BF4B-00C04F79EFBC}") = "SessionJournal.RecapGrid.AgentControl.PublicSurface.Tests", "tests\SessionJournal.RecapGrid.AgentControl.PublicSurface.Tests\SessionJournal.RecapGrid.AgentControl.PublicSurface.Tests.csproj", "{C2A10026-89C7-4F5C-A16C-1DC2AB001026}"
EndProject
Project("{FAE04EC0-301F-11D3-BF4B-00C04F79EFBC}") = "SessionJournal.RecapGrid.Cadence", "prototypes\SessionJournal.RecapGrid.Cadence\SessionJournal.RecapGrid.Cadence.csproj", "{C2A10028-89C7-4F5C-A16C-1DC2AB001028}"
EndProject
Project("{FAE04EC0-301F-11D3-BF4B-00C04F79EFBC}") = "SessionJournal.RecapGrid.Cadence.Tests", "tests\SessionJournal.RecapGrid.Cadence.Tests\SessionJournal.RecapGrid.Cadence.Tests.csproj", "{C2A10029-89C7-4F5C-A16C-1DC2AB001029}"
EndProject
Project("{FAE04EC0-301F-11D3-BF4B-00C04F79EFBC}") = "SessionJournal.RecapGrid.Cadence.PublicSurface.Tests", "tests\SessionJournal.RecapGrid.Cadence.PublicSurface.Tests\SessionJournal.RecapGrid.Cadence.PublicSurface.Tests.csproj", "{C2A10030-89C7-4F5C-A16C-1DC2AB001030}"
EndProject
Project("{FAE04EC0-301F-11D3-BF4B-00C04F79EFBC}") = "Galatea.RecapGrid", "prototypes\Galatea.RecapGrid\Galatea.RecapGrid.csproj", "{EE9A9EAA-14C3-4295-A60A-5361AB8DFFE8}"
EndProject
Project("{FAE04EC0-301F-11D3-BF4B-00C04F79EFBC}") = "Galatea.RecapGrid.Tests", "tests\Galatea.RecapGrid.Tests\Galatea.RecapGrid.Tests.csproj", "{2694B8BF-59F7-4C46-820F-E7BA2DC7B079}"
EndProject
Project("{FAE04EC0-301F-11D3-BF4B-00C04F79EFBC}") = "Galatea.RecapGrid.PublicSurface.Tests", "tests\Galatea.RecapGrid.PublicSurface.Tests\Galatea.RecapGrid.PublicSurface.Tests.csproj", "{CF2C9B9A-8DF1-4324-8560-6EBE729A5A64}"
EndProject
Global
	GlobalSection(SolutionConfigurationPlatforms) = preSolution
		Debug|Any CPU = Debug|Any CPU
		Debug|x64 = Debug|x64
		Debug|x86 = Debug|x86
		Release|Any CPU = Release|Any CPU
		Release|x64 = Release|x64
		Release|x86 = Release|x86
	EndGlobalSection
	GlobalSection(ProjectConfigurationPlatforms) = postSolution
		{DA736EA8-3C87-4E95-B095-2BCB2AEACC8C}.Debug|Any CPU.ActiveCfg = Debug|Any CPU
		{DA736EA8-3C87-4E95-B095-2BCB2AEACC8C}.Debug|Any CPU.Build.0 = Debug|Any CPU
		{DA736EA8-3C87-4E95-B095-2BCB2AEACC8C}.Debug|x64.ActiveCfg = Debug|Any CPU
		{DA736EA8-3C87-4E95-B095-2BCB2AEACC8C}.Debug|x64.Build.0 = Debug|Any CPU
		{DA736EA8-3C87-4E95-B095-2BCB2AEACC8C}.Debug|x86.ActiveCfg = Debug|Any CPU
		{DA736EA8-3C87-4E95-B095-2BCB2AEACC8C}.Debug|x86.Build.0 = Debug|Any CPU
		{DA736EA8-3C87-4E95-B095-2BCB2AEACC8C}.Release|Any CPU.ActiveCfg = Release|Any CPU
		{DA736EA8-3C87-4E95-B095-2BCB2AEACC8C}.Release|Any CPU.Build.0 = Release|Any CPU
		{DA736EA8-3C87-4E95-B095-2BCB2AEACC8C}.Release|x64.ActiveCfg = Release|Any CPU
		{DA736EA8-3C87-4E95-B095-2BCB2AEACC8C}.Release|x64.Build.0 = Release|Any CPU
		{DA736EA8-3C87-4E95-B095-2BCB2AEACC8C}.Release|x86.ActiveCfg = Release|Any CPU
		{DA736EA8-3C87-4E95-B095-2BCB2AEACC8C}.Release|x86.Build.0 = Release|Any CPU
		{A0B4529F-0147-4262-9622-E13A50933C8F}.Debug|Any CPU.ActiveCfg = Debug|Any CPU
		{A0B4529F-0147-4262-9622-E13A50933C8F}.Debug|Any CPU.Build.0 = Debug|Any CPU
		{A0B4529F-0147-4262-9622-E13A50933C8F}.Debug|x64.ActiveCfg = Debug|Any CPU
		{A0B4529F-0147-4262-9622-E13A50933C8F}.Debug|x64.Build.0 = Debug|Any CPU
		{A0B4529F-0147-4262-9622-E13A50933C8F}.Debug|x86.ActiveCfg = Debug|Any CPU
		{A0B4529F-0147-4262-9622-E13A50933C8F}.Debug|x86.Build.0 = Debug|Any CPU
		{A0B4529F-0147-4262-9622-E13A50933C8F}.Release|Any CPU.ActiveCfg = Release|Any CPU
		{A0B4529F-0147-4262-9622-E13A50933C8F}.Release|Any CPU.Build.0 = Release|Any CPU
		{A0B4529F-0147-4262-9622-E13A50933C8F}.Release|x64.ActiveCfg = Release|Any CPU
		{A0B4529F-0147-4262-9622-E13A50933C8F}.Release|x64.Build.0 = Release|Any CPU
		{A0B4529F-0147-4262-9622-E13A50933C8F}.Release|x86.ActiveCfg = Release|Any CPU
		{A0B4529F-0147-4262-9622-E13A50933C8F}.Release|x86.Build.0 = Release|Any CPU
		{13C81059-73DE-481A-9302-BBE49D5D1908}.Debug|Any CPU.ActiveCfg = Debug|Any CPU
		{13C81059-73DE-481A-9302-BBE49D5D1908}.Debug|Any CPU.Build.0 = Debug|Any CPU
		{13C81059-73DE-481A-9302-BBE49D5D1908}.Debug|x64.ActiveCfg = Debug|Any CPU
		{13C81059-73DE-481A-9302-BBE49D5D1908}.Debug|x64.Build.0 = Debug|Any CPU
		{13C81059-73DE-481A-9302-BBE49D5D1908}.Debug|x86.ActiveCfg = Debug|Any CPU
		{13C81059-73DE-481A-9302-BBE49D5D1908}.Debug|x86.Build.0 = Debug|Any CPU
		{13C81059-73DE-481A-9302-BBE49D5D1908}.Release|Any CPU.ActiveCfg = Release|Any CPU
		{13C81059-73DE-481A-9302-BBE49D5D1908}.Release|Any CPU.Build.0 = Release|Any CPU
		{13C81059-73DE-481A-9302-BBE49D5D1908}.Release|x64.ActiveCfg = Release|Any CPU
		{13C81059-73DE-481A-9302-BBE49D5D1908}.Release|x64.Build.0 = Release|Any CPU
		{13C81059-73DE-481A-9302-BBE49D5D1908}.Release|x86.ActiveCfg = Release|Any CPU
		{13C81059-73DE-481A-9302-BBE49D5D1908}.Release|x86.Build.0 = Release|Any CPU
		{8F7E6D5C-4B3A-2E1F-9C8D-7A6B5E4F3C2D}.Debug|Any CPU.ActiveCfg = Debug|Any CPU
		{8F7E6D5C-4B3A-2E1F-9C8D-7A6B5E4F3C2D}.Debug|Any CPU.Build.0 = Debug|Any CPU
		{8F7E6D5C-4B3A-2E1F-9C8D-7A6B5E4F3C2D}.Debug|x64.ActiveCfg = Debug|Any CPU
		{8F7E6D5C-4B3A-2E1F-9C8D-7A6B5E4F3C2D}.Debug|x64.Build.0 = Debug|Any CPU
		{8F7E6D5C-4B3A-2E1F-9C8D-7A6B5E4F3C2D}.Debug|x86.ActiveCfg = Debug|Any CPU
		{8F7E6D5C-4B3A-2E1F-9C8D-7A6B5E4F3C2D}.Debug|x86.Build.0 = Debug|Any CPU
		{8F7E6D5C-4B3A-2E1F-9C8D-7A6B5E4F3C2D}.Release|Any CPU.ActiveCfg = Release|Any CPU
		{8F7E6D5C-4B3A-2E1F-9C8D-7A6B5E4F3C2D}.Release|Any CPU.Build.0 = Release|Any CPU
		{8F7E6D5C-4B3A-2E1F-9C8D-7A6B5E4F3C2D}.Release|x64.ActiveCfg = Release|Any CPU
		{8F7E6D5C-4B3A-2E1F-9C8D-7A6B5E4F3C2D}.Release|x64.Build.0 = Release|Any CPU
		{8F7E6D5C-4B3A-2E1F-9C8D-7A6B5E4F3C2D}.Release|x86.ActiveCfg = Release|Any CPU
		{8F7E6D5C-4B3A-2E1F-9C8D-7A6B5E4F3C2D}.Release|x86.Build.0 = Release|Any CPU
		{E81076A2-81D5-415B-9470-A9A19B75849E}.Debug|Any CPU.ActiveCfg = Debug|Any CPU
		{E81076A2-81D5-415B-9470-A9A19B75849E}.Debug|Any CPU.Build.0 = Debug|Any CPU
		{E81076A2-81D5-415B-9470-A9A19B75849E}.Debug|x64.ActiveCfg = Debug|Any CPU
		{E81076A2-81D5-415B-9470-A9A19B75849E}.Debug|x64.Build.0 = Debug|Any CPU
		{E81076A2-81D5-415B-9470-A9A19B75849E}.Debug|x86.ActiveCfg = Debug|Any CPU
		{E81076A2-81D5-415B-9470-A9A19B75849E}.Debug|x86.Build.0 = Debug|Any CPU
		{E81076A2-81D5-415B-9470-A9A19B75849E}.Release|Any CPU.ActiveCfg = Release|Any CPU
		{E81076A2-81D5-415B-9470-A9A19B75849E}.Release|Any CPU.Build.0 = Release|Any CPU
		{E81076A2-81D5-415B-9470-A9A19B75849E}.Release|x64.ActiveCfg = Release|Any CPU
		{E81076A2-81D5-415B-9470-A9A19B75849E}.Release|x64.Build.0 = Release|Any CPU
		{E81076A2-81D5-415B-9470-A9A19B75849E}.Release|x86.ActiveCfg = Release|Any CPU
		{E81076A2-81D5-415B-9470-A9A19B75849E}.Release|x86.Build.0 = Release|Any CPU
		{C117FE35-0A84-8AD1-E8B1-F8B3DA2086B4}.Debug|Any CPU.ActiveCfg = Debug|Any CPU
		{C117FE35-0A84-8AD1-E8B1-F8B3DA2086B4}.Debug|Any CPU.Build.0 = Debug|Any CPU
		{C117FE35-0A84-8AD1-E8B1-F8B3DA2086B4}.Debug|x64.ActiveCfg = Debug|Any CPU
		{C117FE35-0A84-8AD1-E8B1-F8B3DA2086B4}.Debug|x64.Build.0 = Debug|Any CPU
		{C117FE35-0A84-8AD1-E8B1-F8B3DA2086B4}.Debug|x86.ActiveCfg = Debug|Any CPU
		{C117FE35-0A84-8AD1-E8B1-F8B3DA2086B4}.Debug|x86.Build.0 = Debug|Any CPU
		{C117FE35-0A84-8AD1-E8B1-F8B3DA2086B4}.Release|Any CPU.ActiveCfg = Release|Any CPU
		{C117FE35-0A84-8AD1-E8B1-F8B3DA2086B4}.Release|Any CPU.Build.0 = Release|Any CPU
		{C117FE35-0A84-8AD1-E8B1-F8B3DA2086B4}.Release|x64.ActiveCfg = Release|Any CPU
		{C117FE35-0A84-8AD1-E8B1-F8B3DA2086B4}.Release|x64.Build.0 = Release|Any CPU
		{C117FE35-0A84-8AD1-E8B1-F8B3DA2086B4}.Release|x86.ActiveCfg = Release|Any CPU
		{C117FE35-0A84-8AD1-E8B1-F8B3DA2086B4}.Release|x86.Build.0 = Release|Any CPU
		{3A10F7AE-734E-4F35-9BA4-5100EF2D3CFE}.Debug|Any CPU.ActiveCfg = Debug|Any CPU
		{3A10F7AE-734E-4F35-9BA4-5100EF2D3CFE}.Debug|Any CPU.Build.0 = Debug|Any CPU
		{3A10F7AE-734E-4F35-9BA4-5100EF2D3CFE}.Debug|x64.ActiveCfg = Debug|Any CPU
		{3A10F7AE-734E-4F35-9BA4-5100EF2D3CFE}.Debug|x64.Build.0 = Debug|Any CPU
		{3A10F7AE-734E-4F35-9BA4-5100EF2D3CFE}.Debug|x86.ActiveCfg = Debug|Any CPU
		{3A10F7AE-734E-4F35-9BA4-5100EF2D3CFE}.Debug|x86.Build.0 = Debug|Any CPU
		{3A10F7AE-734E-4F35-9BA4-5100EF2D3CFE}.Release|Any CPU.ActiveCfg = Release|Any CPU
		{3A10F7AE-734E-4F35-9BA4-5100EF2D3CFE}.Release|Any CPU.Build.0 = Release|Any CPU
		{3A10F7AE-734E-4F35-9BA4-5100EF2D3CFE}.Release|x64.ActiveCfg = Release|Any CPU
		{3A10F7AE-734E-4F35-9BA4-5100EF2D3CFE}.Release|x64.Build.0 = Release|Any CPU
		{3A10F7AE-734E-4F35-9BA4-5100EF2D3CFE}.Release|x86.ActiveCfg = Release|Any CPU
		{3A10F7AE-734E-4F35-9BA4-5100EF2D3CFE}.Release|x86.Build.0 = Release|Any CPU
		{04A410F1-2489-4D9B-BF9E-EF8BE64AD856}.Debug|Any CPU.ActiveCfg = Debug|Any CPU
		{04A410F1-2489-4D9B-BF9E-EF8BE64AD856}.Debug|Any CPU.Build.0 = Debug|Any CPU
		{04A410F1-2489-4D9B-BF9E-EF8BE64AD856}.Debug|x64.ActiveCfg = Debug|Any CPU
		{04A410F1-2489-4D9B-BF9E-EF8BE64AD856}.Debug|x64.Build.0 = Debug|Any CPU
		{04A410F1-2489-4D9B-BF9E-EF8BE64AD856}.Debug|x86.ActiveCfg = Debug|Any CPU
		{04A410F1-2489-4D9B-BF9E-EF8BE64AD856}.Debug|x86.Build.0 = Debug|Any CPU
		{04A410F1-2489-4D9B-BF9E-EF8BE64AD856}.Release|Any CPU.ActiveCfg = Release|Any CPU
		{04A410F1-2489-4D9B-BF9E-EF8BE64AD856}.Release|Any CPU.Build.0 = Release|Any CPU
		{04A410F1-2489-4D9B-BF9E-EF8BE64AD856}.Release|x64.ActiveCfg = Release|Any CPU
		{04A410F1-2489-4D9B-BF9E-EF8BE64AD856}.Release|x64.Build.0 = Release|Any CPU
		{04A410F1-2489-4D9B-BF9E-EF8BE64AD856}.Release|x86.ActiveCfg = Release|Any CPU
		{04A410F1-2489-4D9B-BF9E-EF8BE64AD856}.Release|x86.Build.0 = Release|Any CPU
		{6C14DFD3-7CE5-49EF-8064-11FF613ED924}.Debug|Any CPU.ActiveCfg = Debug|Any CPU
		{6C14DFD3-7CE5-49EF-8064-11FF613ED924}.Debug|Any CPU.Build.0 = Debug|Any CPU
		{6C14DFD3-7CE5-49EF-8064-11FF613ED924}.Debug|x64.ActiveCfg = Debug|Any CPU
		{6C14DFD3-7CE5-49EF-8064-11FF613ED924}.Debug|x64.Build.0 = Debug|Any CPU
		{6C14DFD3-7CE5-49EF-8064-11FF613ED924}.Debug|x86.ActiveCfg = Debug|Any CPU
		{6C14DFD3-7CE5-49EF-8064-11FF613ED924}.Debug|x86.Build.0 = Debug|Any CPU
		{6C14DFD3-7CE5-49EF-8064-11FF613ED924}.Release|Any CPU.ActiveCfg = Release|Any CPU
		{6C14DFD3-7CE5-49EF-8064-11FF613ED924}.Release|Any CPU.Build.0 = Release|Any CPU
		{6C14DFD3-7CE5-49EF-8064-11FF613ED924}.Release|x64.ActiveCfg = Release|Any CPU
		{6C14DFD3-7CE5-49EF-8064-11FF613ED924}.Release|x64.Build.0 = Release|Any CPU
		{6C14DFD3-7CE5-49EF-8064-11FF613ED924}.Release|x86.ActiveCfg = Release|Any CPU
		{6C14DFD3-7CE5-49EF-8064-11FF613ED924}.Release|x86.Build.0 = Release|Any CPU
		{23F2739E-F5DF-4046-BDDC-8E98F194EB70}.Debug|Any CPU.ActiveCfg = Debug|Any CPU
		{23F2739E-F5DF-4046-BDDC-8E98F194EB70}.Debug|Any CPU.Build.0 = Debug|Any CPU
		{23F2739E-F5DF-4046-BDDC-8E98F194EB70}.Debug|x64.ActiveCfg = Debug|Any CPU
		{23F2739E-F5DF-4046-BDDC-8E98F194EB70}.Debug|x64.Build.0 = Debug|Any CPU
		{23F2739E-F5DF-4046-BDDC-8E98F194EB70}.Debug|x86.ActiveCfg = Debug|Any CPU
		{23F2739E-F5DF-4046-BDDC-8E98F194EB70}.Debug|x86.Build.0 = Debug|Any CPU
		{23F2739E-F5DF-4046-BDDC-8E98F194EB70}.Release|Any CPU.ActiveCfg = Release|Any CPU
		{23F2739E-F5DF-4046-BDDC-8E98F194EB70}.Release|Any CPU.Build.0 = Release|Any CPU
		{23F2739E-F5DF-4046-BDDC-8E98F194EB70}.Release|x64.ActiveCfg = Release|Any CPU
		{23F2739E-F5DF-4046-BDDC-8E98F194EB70}.Release|x64.Build.0 = Release|Any CPU
		{23F2739E-F5DF-4046-BDDC-8E98F194EB70}.Release|x86.ActiveCfg = Release|Any CPU
		{23F2739E-F5DF-4046-BDDC-8E98F194EB70}.Release|x86.Build.0 = Release|Any CPU
		{0468A642-C9B8-4025-B567-05C0267416BD}.Debug|Any CPU.ActiveCfg = Debug|Any CPU
		{0468A642-C9B8-4025-B567-05C0267416BD}.Debug|Any CPU.Build.0 = Debug|Any CPU
		{0468A642-C9B8-4025-B567-05C0267416BD}.Debug|x64.ActiveCfg = Debug|Any CPU
		{0468A642-C9B8-4025-B567-05C0267416BD}.Debug|x64.Build.0 = Debug|Any CPU
		{0468A642-C9B8-4025-B567-05C0267416BD}.Debug|x86.ActiveCfg = Debug|Any CPU
		{0468A642-C9B8-4025-B567-05C0267416BD}.Debug|x86.Build.0 = Debug|Any CPU
		{0468A642-C9B8-4025-B567-05C0267416BD}.Release|Any CPU.ActiveCfg = Release|Any CPU
		{0468A642-C9B8-4025-B567-05C0267416BD}.Release|Any CPU.Build.0 = Release|Any CPU
		{0468A642-C9B8-4025-B567-05C0267416BD}.Release|x64.ActiveCfg = Release|Any CPU
		{0468A642-C9B8-4025-B567-05C0267416BD}.Release|x64.Build.0 = Release|Any CPU
		{0468A642-C9B8-4025-B567-05C0267416BD}.Release|x86.ActiveCfg = Release|Any CPU
		{0468A642-C9B8-4025-B567-05C0267416BD}.Release|x86.Build.0 = Release|Any CPU
		{954B9BE9-BBF5-463B-8EFF-06B319721956}.Debug|Any CPU.ActiveCfg = Debug|Any CPU
		{954B9BE9-BBF5-463B-8EFF-06B319721956}.Debug|Any CPU.Build.0 = Debug|Any CPU
		{954B9BE9-BBF5-463B-8EFF-06B319721956}.Debug|x64.ActiveCfg = Debug|Any CPU
		{954B9BE9-BBF5-463B-8EFF-06B319721956}.Debug|x64.Build.0 = Debug|Any CPU
		{954B9BE9-BBF5-463B-8EFF-06B319721956}.Debug|x86.ActiveCfg = Debug|Any CPU
		{954B9BE9-BBF5-463B-8EFF-06B319721956}.Debug|x86.Build.0 = Debug|Any CPU
		{954B9BE9-BBF5-463B-8EFF-06B319721956}.Release|Any CPU.ActiveCfg = Release|Any CPU
		{954B9BE9-BBF5-463B-8EFF-06B319721956}.Release|Any CPU.Build.0 = Release|Any CPU
		{954B9BE9-BBF5-463B-8EFF-06B319721956}.Release|x64.ActiveCfg = Release|Any CPU
		{954B9BE9-BBF5-463B-8EFF-06B319721956}.Release|x64.Build.0 = Release|Any CPU
		{954B9BE9-BBF5-463B-8EFF-06B319721956}.Release|x86.ActiveCfg = Release|Any CPU
		{954B9BE9-BBF5-463B-8EFF-06B319721956}.Release|x86.Build.0 = Release|Any CPU
		{6C1711BE-660A-4047-BC4F-7195C0932F06}.Debug|Any CPU.ActiveCfg = Debug|Any CPU
		{6C1711BE-660A-4047-BC4F-7195C0932F06}.Debug|Any CPU.Build.0 = Debug|Any CPU
		{6C1711BE-660A-4047-BC4F-7195C0932F06}.Debug|x64.ActiveCfg = Debug|Any CPU
		{6C1711BE-660A-4047-BC4F-7195C0932F06}.Debug|x64.Build.0 = Debug|Any CPU
		{6C1711BE-660A-4047-BC4F-7195C0932F06}.Debug|x86.ActiveCfg = Debug|Any CPU
		{6C1711BE-660A-4047-BC4F-7195C0932F06}.Debug|x86.Build.0 = Debug|Any CPU
		{6C1711BE-660A-4047-BC4F-7195C0932F06}.Release|Any CPU.ActiveCfg = Release|Any CPU
		{6C1711BE-660A-4047-BC4F-7195C0932F06}.Release|Any CPU.Build.0 = Release|Any CPU
		{6C1711BE-660A-4047-BC4F-7195C0932F06}.Release|x64.ActiveCfg = Release|Any CPU
		{6C1711BE-660A-4047-BC4F-7195C0932F06}.Release|x64.Build.0 = Release|Any CPU
		{6C1711BE-660A-4047-BC4F-7195C0932F06}.Release|x86.ActiveCfg = Release|Any CPU
		{6C1711BE-660A-4047-BC4F-7195C0932F06}.Release|x86.Build.0 = Release|Any CPU
		{306D0482-394C-4E8B-A83B-9792927C7796}.Debug|Any CPU.ActiveCfg = Debug|Any CPU
		{306D0482-394C-4E8B-A83B-9792927C7796}.Debug|Any CPU.Build.0 = Debug|Any CPU
		{306D0482-394C-4E8B-A83B-9792927C7796}.Debug|x64.ActiveCfg = Debug|Any CPU
		{306D0482-394C-4E8B-A83B-9792927C7796}.Debug|x64.Build.0 = Debug|Any CPU
		{306D0482-394C-4E8B-A83B-9792927C7796}.Debug|x86.ActiveCfg = Debug|Any CPU
		{306D0482-394C-4E8B-A83B-9792927C7796}.Debug|x86.Build.0 = Debug|Any CPU
		{306D0482-394C-4E8B-A83B-9792927C7796}.Release|Any CPU.ActiveCfg = Release|Any CPU
		{306D0482-394C-4E8B-A83B-9792927C7796}.Release|Any CPU.Build.0 = Release|Any CPU
		{306D0482-394C-4E8B-A83B-9792927C7796}.Release|x64.ActiveCfg = Release|Any CPU
		{306D0482-394C-4E8B-A83B-9792927C7796}.Release|x64.Build.0 = Release|Any CPU
		{306D0482-394C-4E8B-A83B-9792927C7796}.Release|x86.ActiveCfg = Release|Any CPU
		{306D0482-394C-4E8B-A83B-9792927C7796}.Release|x86.Build.0 = Release|Any CPU
		{580A7B1E-2034-4F55-8856-BC391F2193C6}.Debug|Any CPU.ActiveCfg = Debug|Any CPU
		{580A7B1E-2034-4F55-8856-BC391F2193C6}.Debug|Any CPU.Build.0 = Debug|Any CPU
		{580A7B1E-2034-4F55-8856-BC391F2193C6}.Debug|x64.ActiveCfg = Debug|Any CPU
		{580A7B1E-2034-4F55-8856-BC391F2193C6}.Debug|x64.Build.0 = Debug|Any CPU
		{580A7B1E-2034-4F55-8856-BC391F2193C6}.Debug|x86.ActiveCfg = Debug|Any CPU
		{580A7B1E-2034-4F55-8856-BC391F2193C6}.Debug|x86.Build.0 = Debug|Any CPU
		{580A7B1E-2034-4F55-8856-BC391F2193C6}.Release|Any CPU.ActiveCfg = Release|Any CPU
		{580A7B1E-2034-4F55-8856-BC391F2193C6}.Release|Any CPU.Build.0 = Release|Any CPU
		{580A7B1E-2034-4F55-8856-BC391F2193C6}.Release|x64.ActiveCfg = Release|Any CPU
		{580A7B1E-2034-4F55-8856-BC391F2193C6}.Release|x64.Build.0 = Release|Any CPU
		{580A7B1E-2034-4F55-8856-BC391F2193C6}.Release|x86.ActiveCfg = Release|Any CPU
		{580A7B1E-2034-4F55-8856-BC391F2193C6}.Release|x86.Build.0 = Release|Any CPU
		{30F37BB9-DFE8-4056-992B-FCC15DD9C346}.Debug|Any CPU.ActiveCfg = Debug|Any CPU
		{30F37BB9-DFE8-4056-992B-FCC15DD9C346}.Debug|Any CPU.Build.0 = Debug|Any CPU
		{30F37BB9-DFE8-4056-992B-FCC15DD9C346}.Debug|x64.ActiveCfg = Debug|Any CPU
		{30F37BB9-DFE8-4056-992B-FCC15DD9C346}.Debug|x64.Build.0 = Debug|Any CPU
		{30F37BB9-DFE8-4056-992B-FCC15DD9C346}.Debug|x86.ActiveCfg = Debug|Any CPU
		{30F37BB9-DFE8-4056-992B-FCC15DD9C346}.Debug|x86.Build.0 = Debug|Any CPU
		{30F37BB9-DFE8-4056-992B-FCC15DD9C346}.Release|Any CPU.ActiveCfg = Release|Any CPU
		{30F37BB9-DFE8-4056-992B-FCC15DD9C346}.Release|Any CPU.Build.0 = Release|Any CPU
		{30F37BB9-DFE8-4056-992B-FCC15DD9C346}.Release|x64.ActiveCfg = Release|Any CPU
		{30F37BB9-DFE8-4056-992B-FCC15DD9C346}.Release|x64.Build.0 = Release|Any CPU
		{30F37BB9-DFE8-4056-992B-FCC15DD9C346}.Release|x86.ActiveCfg = Release|Any CPU
		{30F37BB9-DFE8-4056-992B-FCC15DD9C346}.Release|x86.Build.0 = Release|Any CPU
		{9D109B16-FAFA-4D2C-A799-C2E45A93CE94}.Debug|Any CPU.ActiveCfg = Debug|Any CPU
		{9D109B16-FAFA-4D2C-A799-C2E45A93CE94}.Debug|Any CPU.Build.0 = Debug|Any CPU
		{9D109B16-FAFA-4D2C-A799-C2E45A93CE94}.Debug|x64.ActiveCfg = Debug|Any CPU
		{9D109B16-FAFA-4D2C-A799-C2E45A93CE94}.Debug|x64.Build.0 = Debug|Any CPU
		{9D109B16-FAFA-4D2C-A799-C2E45A93CE94}.Debug|x86.ActiveCfg = Debug|Any CPU
		{9D109B16-FAFA-4D2C-A799-C2E45A93CE94}.Debug|x86.Build.0 = Debug|Any CPU
		{9D109B16-FAFA-4D2C-A799-C2E45A93CE94}.Release|Any CPU.ActiveCfg = Release|Any CPU
		{9D109B16-FAFA-4D2C-A799-C2E45A93CE94}.Release|Any CPU.Build.0 = Release|Any CPU
		{9D109B16-FAFA-4D2C-A799-C2E45A93CE94}.Release|x64.ActiveCfg = Release|Any CPU
		{9D109B16-FAFA-4D2C-A799-C2E45A93CE94}.Release|x64.Build.0 = Release|Any CPU
		{9D109B16-FAFA-4D2C-A799-C2E45A93CE94}.Release|x86.ActiveCfg = Release|Any CPU
		{9D109B16-FAFA-4D2C-A799-C2E45A93CE94}.Release|x86.Build.0 = Release|Any CPU
		{66AED6CB-1CC0-4B49-B251-887A90824223}.Debug|Any CPU.ActiveCfg = Debug|Any CPU
		{66AED6CB-1CC0-4B49-B251-887A90824223}.Debug|Any CPU.Build.0 = Debug|Any CPU
		{66AED6CB-1CC0-4B49-B251-887A90824223}.Debug|x64.ActiveCfg = Debug|Any CPU
		{66AED6CB-1CC0-4B49-B251-887A90824223}.Debug|x64.Build.0 = Debug|Any CPU
		{66AED6CB-1CC0-4B49-B251-887A90824223}.Debug|x86.ActiveCfg = Debug|Any CPU
		{66AED6CB-1CC0-4B49-B251-887A90824223}.Debug|x86.Build.0 = Debug|Any CPU
		{66AED6CB-1CC0-4B49-B251-887A90824223}.Release|Any CPU.ActiveCfg = Release|Any CPU
		{66AED6CB-1CC0-4B49-B251-887A90824223}.Release|Any CPU.Build.0 = Release|Any CPU
		{66AED6CB-1CC0-4B49-B251-887A90824223}.Release|x64.ActiveCfg = Release|Any CPU
		{66AED6CB-1CC0-4B49-B251-887A90824223}.Release|x64.Build.0 = Release|Any CPU
		{66AED6CB-1CC0-4B49-B251-887A90824223}.Release|x86.ActiveCfg = Release|Any CPU
		{66AED6CB-1CC0-4B49-B251-887A90824223}.Release|x86.Build.0 = Release|Any CPU
		{6DA95106-7593-4FBA-8CBC-A1680E656095}.Debug|Any CPU.ActiveCfg = Debug|Any CPU
		{6DA95106-7593-4FBA-8CBC-A1680E656095}.Debug|Any CPU.Build.0 = Debug|Any CPU
		{6DA95106-7593-4FBA-8CBC-A1680E656095}.Debug|x64.ActiveCfg = Debug|Any CPU
		{6DA95106-7593-4FBA-8CBC-A1680E656095}.Debug|x64.Build.0 = Debug|Any CPU
		{6DA95106-7593-4FBA-8CBC-A1680E656095}.Debug|x86.ActiveCfg = Debug|Any CPU
		{6DA95106-7593-4FBA-8CBC-A1680E656095}.Debug|x86.Build.0 = Debug|Any CPU
		{6DA95106-7593-4FBA-8CBC-A1680E656095}.Release|Any CPU.ActiveCfg = Release|Any CPU
		{6DA95106-7593-4FBA-8CBC-A1680E656095}.Release|Any CPU.Build.0 = Release|Any CPU
		{6DA95106-7593-4FBA-8CBC-A1680E656095}.Release|x64.ActiveCfg = Release|Any CPU
		{6DA95106-7593-4FBA-8CBC-A1680E656095}.Release|x64.Build.0 = Release|Any CPU
		{6DA95106-7593-4FBA-8CBC-A1680E656095}.Release|x86.ActiveCfg = Release|Any CPU
		{6DA95106-7593-4FBA-8CBC-A1680E656095}.Release|x86.Build.0 = Release|Any CPU
		{6575195D-30BA-4219-AA04-64A16D4AC3DF}.Debug|Any CPU.ActiveCfg = Debug|Any CPU
		{6575195D-30BA-4219-AA04-64A16D4AC3DF}.Debug|Any CPU.Build.0 = Debug|Any CPU
		{6575195D-30BA-4219-AA04-64A16D4AC3DF}.Debug|x64.ActiveCfg = Debug|Any CPU
		{6575195D-30BA-4219-AA04-64A16D4AC3DF}.Debug|x64.Build.0 = Debug|Any CPU
		{6575195D-30BA-4219-AA04-64A16D4AC3DF}.Debug|x86.ActiveCfg = Debug|Any CPU
		{6575195D-30BA-4219-AA04-64A16D4AC3DF}.Debug|x86.Build.0 = Debug|Any CPU
		{6575195D-30BA-4219-AA04-64A16D4AC3DF}.Release|Any CPU.ActiveCfg = Release|Any CPU
		{6575195D-30BA-4219-AA04-64A16D4AC3DF}.Release|Any CPU.Build.0 = Release|Any CPU
		{6575195D-30BA-4219-AA04-64A16D4AC3DF}.Release|x64.ActiveCfg = Release|Any CPU
		{6575195D-30BA-4219-AA04-64A16D4AC3DF}.Release|x64.Build.0 = Release|Any CPU
		{6575195D-30BA-4219-AA04-64A16D4AC3DF}.Release|x86.ActiveCfg = Release|Any CPU
		{6575195D-30BA-4219-AA04-64A16D4AC3DF}.Release|x86.Build.0 = Release|Any CPU
		{A40163CF-1F57-4F86-B9C6-C069D25091D9}.Debug|Any CPU.ActiveCfg = Debug|Any CPU
		{A40163CF-1F57-4F86-B9C6-C069D25091D9}.Debug|Any CPU.Build.0 = Debug|Any CPU
		{A40163CF-1F57-4F86-B9C6-C069D25091D9}.Debug|x64.ActiveCfg = Debug|Any CPU
		{A40163CF-1F57-4F86-B9C6-C069D25091D9}.Debug|x64.Build.0 = Debug|Any CPU
		{A40163CF-1F57-4F86-B9C6-C069D25091D9}.Debug|x86.ActiveCfg = Debug|Any CPU
		{A40163CF-1F57-4F86-B9C6-C069D25091D9}.Debug|x86.Build.0 = Debug|Any CPU
		{A40163CF-1F57-4F86-B9C6-C069D25091D9}.Release|Any CPU.ActiveCfg = Release|Any CPU
		{A40163CF-1F57-4F86-B9C6-C069D25091D9}.Release|Any CPU.Build.0 = Release|Any CPU
		{A40163CF-1F57-4F86-B9C6-C069D25091D9}.Release|x64.ActiveCfg = Release|Any CPU
		{A40163CF-1F57-4F86-B9C6-C069D25091D9}.Release|x64.Build.0 = Release|Any CPU
		{A40163CF-1F57-4F86-B9C6-C069D25091D9}.Release|x86.ActiveCfg = Release|Any CPU
		{A40163CF-1F57-4F86-B9C6-C069D25091D9}.Release|x86.Build.0 = Release|Any CPU
		{6083C18D-F78C-4FE6-9D66-9ED2A423BB57}.Debug|Any CPU.ActiveCfg = Debug|Any CPU
		{6083C18D-F78C-4FE6-9D66-9ED2A423BB57}.Debug|Any CPU.Build.0 = Debug|Any CPU
		{6083C18D-F78C-4FE6-9D66-9ED2A423BB57}.Debug|x64.ActiveCfg = Debug|Any CPU
		{6083C18D-F78C-4FE6-9D66-9ED2A423BB57}.Debug|x64.Build.0 = Debug|Any CPU
		{6083C18D-F78C-4FE6-9D66-9ED2A423BB57}.Debug|x86.ActiveCfg = Debug|Any CPU
		{6083C18D-F78C-4FE6-9D66-9ED2A423BB57}.Debug|x86.Build.0 = Debug|Any CPU
		{6083C18D-F78C-4FE6-9D66-9ED2A423BB57}.Release|Any CPU.ActiveCfg = Release|Any CPU
		{6083C18D-F78C-4FE6-9D66-9ED2A423BB57}.Release|Any CPU.Build.0 = Release|Any CPU
		{6083C18D-F78C-4FE6-9D66-9ED2A423BB57}.Release|x64.ActiveCfg = Release|Any CPU
		{6083C18D-F78C-4FE6-9D66-9ED2A423BB57}.Release|x64.Build.0 = Release|Any CPU
		{6083C18D-F78C-4FE6-9D66-9ED2A423BB57}.Release|x86.ActiveCfg = Release|Any CPU
		{6083C18D-F78C-4FE6-9D66-9ED2A423BB57}.Release|x86.Build.0 = Release|Any CPU
		{D07B1440-2B4F-477E-96C2-AAA3E6A1457F}.Debug|Any CPU.ActiveCfg = Debug|Any CPU
		{D07B1440-2B4F-477E-96C2-AAA3E6A1457F}.Debug|Any CPU.Build.0 = Debug|Any CPU
		{D07B1440-2B4F-477E-96C2-AAA3E6A1457F}.Debug|x64.ActiveCfg = Debug|Any CPU
		{D07B1440-2B4F-477E-96C2-AAA3E6A1457F}.Debug|x64.Build.0 = Debug|Any CPU
		{D07B1440-2B4F-477E-96C2-AAA3E6A1457F}.Debug|x86.ActiveCfg = Debug|Any CPU
		{D07B1440-2B4F-477E-96C2-AAA3E6A1457F}.Debug|x86.Build.0 = Debug|Any CPU
		{D07B1440-2B4F-477E-96C2-AAA3E6A1457F}.Release|Any CPU.ActiveCfg = Release|Any CPU
		{D07B1440-2B4F-477E-96C2-AAA3E6A1457F}.Release|Any CPU.Build.0 = Release|Any CPU
		{D07B1440-2B4F-477E-96C2-AAA3E6A1457F}.Release|x64.ActiveCfg = Release|Any CPU
		{D07B1440-2B4F-477E-96C2-AAA3E6A1457F}.Release|x64.Build.0 = Release|Any CPU
		{D07B1440-2B4F-477E-96C2-AAA3E6A1457F}.Release|x86.ActiveCfg = Release|Any CPU
		{D07B1440-2B4F-477E-96C2-AAA3E6A1457F}.Release|x86.Build.0 = Release|Any CPU
		{0CFC07EF-9E0E-40AF-A6F5-9FCCF8198DA6}.Debug|Any CPU.ActiveCfg = Debug|Any CPU
		{0CFC07EF-9E0E-40AF-A6F5-9FCCF8198DA6}.Debug|Any CPU.Build.0 = Debug|Any CPU
		{0CFC07EF-9E0E-40AF-A6F5-9FCCF8198DA6}.Debug|x64.ActiveCfg = Debug|Any CPU
		{0CFC07EF-9E0E-40AF-A6F5-9FCCF8198DA6}.Debug|x64.Build.0 = Debug|Any CPU
		{0CFC07EF-9E0E-40AF-A6F5-9FCCF8198DA6}.Debug|x86.ActiveCfg = Debug|Any CPU
		{0CFC07EF-9E0E-40AF-A6F5-9FCCF8198DA6}.Debug|x86.Build.0 = Debug|Any CPU
		{0CFC07EF-9E0E-40AF-A6F5-9FCCF8198DA6}.Release|Any CPU.ActiveCfg = Release|Any CPU
		{0CFC07EF-9E0E-40AF-A6F5-9FCCF8198DA6}.Release|Any CPU.Build.0 = Release|Any CPU
		{0CFC07EF-9E0E-40AF-A6F5-9FCCF8198DA6}.Release|x64.ActiveCfg = Release|Any CPU
		{0CFC07EF-9E0E-40AF-A6F5-9FCCF8198DA6}.Release|x64.Build.0 = Release|Any CPU
		{0CFC07EF-9E0E-40AF-A6F5-9FCCF8198DA6}.Release|x86.ActiveCfg = Release|Any CPU
		{0CFC07EF-9E0E-40AF-A6F5-9FCCF8198DA6}.Release|x86.Build.0 = Release|Any CPU
		{16FE7DA3-B7B9-43FA-BA51-92242DBF8474}.Debug|Any CPU.ActiveCfg = Debug|Any CPU
		{16FE7DA3-B7B9-43FA-BA51-92242DBF8474}.Debug|Any CPU.Build.0 = Debug|Any CPU
		{16FE7DA3-B7B9-43FA-BA51-92242DBF8474}.Debug|x64.ActiveCfg = Debug|Any CPU
		{16FE7DA3-B7B9-43FA-BA51-92242DBF8474}.Debug|x64.Build.0 = Debug|Any CPU
		{16FE7DA3-B7B9-43FA-BA51-92242DBF8474}.Debug|x86.ActiveCfg = Debug|Any CPU
		{16FE7DA3-B7B9-43FA-BA51-92242DBF8474}.Debug|x86.Build.0 = Debug|Any CPU
		{16FE7DA3-B7B9-43FA-BA51-92242DBF8474}.Release|Any CPU.ActiveCfg = Release|Any CPU
		{16FE7DA3-B7B9-43FA-BA51-92242DBF8474}.Release|Any CPU.Build.0 = Release|Any CPU
		{16FE7DA3-B7B9-43FA-BA51-92242DBF8474}.Release|x64.ActiveCfg = Release|Any CPU
		{16FE7DA3-B7B9-43FA-BA51-92242DBF8474}.Release|x64.Build.0 = Release|Any CPU
		{16FE7DA3-B7B9-43FA-BA51-92242DBF8474}.Release|x86.ActiveCfg = Release|Any CPU
		{16FE7DA3-B7B9-43FA-BA51-92242DBF8474}.Release|x86.Build.0 = Release|Any CPU
		{976E8890-B2B1-463B-9ABA-F5A5092F683B}.Debug|Any CPU.ActiveCfg = Debug|Any CPU
		{976E8890-B2B1-463B-9ABA-F5A5092F683B}.Debug|Any CPU.Build.0 = Debug|Any CPU
		{976E8890-B2B1-463B-9ABA-F5A5092F683B}.Debug|x64.ActiveCfg = Debug|Any CPU
		{976E8890-B2B1-463B-9ABA-F5A5092F683B}.Debug|x64.Build.0 = Debug|Any CPU
		{976E8890-B2B1-463B-9ABA-F5A5092F683B}.Debug|x86.ActiveCfg = Debug|Any CPU
		{976E8890-B2B1-463B-9ABA-F5A5092F683B}.Debug|x86.Build.0 = Debug|Any CPU
		{976E8890-B2B1-463B-9ABA-F5A5092F683B}.Release|Any CPU.ActiveCfg = Release|Any CPU
		{976E8890-B2B1-463B-9ABA-F5A5092F683B}.Release|Any CPU.Build.0 = Release|Any CPU
		{976E8890-B2B1-463B-9ABA-F5A5092F683B}.Release|x64.ActiveCfg = Release|Any CPU
		{976E8890-B2B1-463B-9ABA-F5A5092F683B}.Release|x64.Build.0 = Release|Any CPU
		{976E8890-B2B1-463B-9ABA-F5A5092F683B}.Release|x86.ActiveCfg = Release|Any CPU
		{976E8890-B2B1-463B-9ABA-F5A5092F683B}.Release|x86.Build.0 = Release|Any CPU
		{3CCCECDC-FCC3-4A68-B31E-179B0DBCE9F9}.Debug|Any CPU.ActiveCfg = Debug|Any CPU
		{3CCCECDC-FCC3-4A68-B31E-179B0DBCE9F9}.Debug|Any CPU.Build.0 = Debug|Any CPU
		{3CCCECDC-FCC3-4A68-B31E-179B0DBCE9F9}.Debug|x64.ActiveCfg = Debug|Any CPU
		{3CCCECDC-FCC3-4A68-B31E-179B0DBCE9F9}.Debug|x64.Build.0 = Debug|Any CPU
		{3CCCECDC-FCC3-4A68-B31E-179B0DBCE9F9}.Debug|x86.ActiveCfg = Debug|Any CPU
		{3CCCECDC-FCC3-4A68-B31E-179B0DBCE9F9}.Debug|x86.Build.0 = Debug|Any CPU
		{3CCCECDC-FCC3-4A68-B31E-179B0DBCE9F9}.Release|Any CPU.ActiveCfg = Release|Any CPU
		{3CCCECDC-FCC3-4A68-B31E-179B0DBCE9F9}.Release|Any CPU.Build.0 = Release|Any CPU
		{3CCCECDC-FCC3-4A68-B31E-179B0DBCE9F9}.Release|x64.ActiveCfg = Release|Any CPU
		{3CCCECDC-FCC3-4A68-B31E-179B0DBCE9F9}.Release|x64.Build.0 = Release|Any CPU
		{3CCCECDC-FCC3-4A68-B31E-179B0DBCE9F9}.Release|x86.ActiveCfg = Release|Any CPU
		{3CCCECDC-FCC3-4A68-B31E-179B0DBCE9F9}.Release|x86.Build.0 = Release|Any CPU
		{C119064F-CCFA-4476-B02F-947D688C58AD}.Debug|Any CPU.ActiveCfg = Debug|Any CPU
		{C119064F-CCFA-4476-B02F-947D688C58AD}.Debug|Any CPU.Build.0 = Debug|Any CPU
		{C119064F-CCFA-4476-B02F-947D688C58AD}.Debug|x64.ActiveCfg = Debug|Any CPU
		{C119064F-CCFA-4476-B02F-947D688C58AD}.Debug|x64.Build.0 = Debug|Any CPU
		{C119064F-CCFA-4476-B02F-947D688C58AD}.Debug|x86.ActiveCfg = Debug|Any CPU
		{C119064F-CCFA-4476-B02F-947D688C58AD}.Debug|x86.Build.0 = Debug|Any CPU
		{C119064F-CCFA-4476-B02F-947D688C58AD}.Release|Any CPU.ActiveCfg = Release|Any CPU
		{C119064F-CCFA-4476-B02F-947D688C58AD}.Release|Any CPU.Build.0 = Release|Any CPU
		{C119064F-CCFA-4476-B02F-947D688C58AD}.Release|x64.ActiveCfg = Release|Any CPU
		{C119064F-CCFA-4476-B02F-947D688C58AD}.Release|x64.Build.0 = Release|Any CPU
		{C119064F-CCFA-4476-B02F-947D688C58AD}.Release|x86.ActiveCfg = Release|Any CPU
		{C119064F-CCFA-4476-B02F-947D688C58AD}.Release|x86.Build.0 = Release|Any CPU
		{7FF8DCA7-6C4E-4D45-927D-96E44AD72D93}.Debug|Any CPU.ActiveCfg = Debug|Any CPU
		{7FF8DCA7-6C4E-4D45-927D-96E44AD72D93}.Debug|Any CPU.Build.0 = Debug|Any CPU
		{7FF8DCA7-6C4E-4D45-927D-96E44AD72D93}.Debug|x64.ActiveCfg = Debug|Any CPU
		{7FF8DCA7-6C4E-4D45-927D-96E44AD72D93}.Debug|x64.Build.0 = Debug|Any CPU
		{7FF8DCA7-6C4E-4D45-927D-96E44AD72D93}.Debug|x86.ActiveCfg = Debug|Any CPU
		{7FF8DCA7-6C4E-4D45-927D-96E44AD72D93}.Debug|x86.Build.0 = Debug|Any CPU
		{7FF8DCA7-6C4E-4D45-927D-96E44AD72D93}.Release|Any CPU.ActiveCfg = Release|Any CPU
		{7FF8DCA7-6C4E-4D45-927D-96E44AD72D93}.Release|Any CPU.Build.0 = Release|Any CPU
		{7FF8DCA7-6C4E-4D45-927D-96E44AD72D93}.Release|x64.ActiveCfg = Release|Any CPU
		{7FF8DCA7-6C4E-4D45-927D-96E44AD72D93}.Release|x64.Build.0 = Release|Any CPU
		{7FF8DCA7-6C4E-4D45-927D-96E44AD72D93}.Release|x86.ActiveCfg = Release|Any CPU
		{7FF8DCA7-6C4E-4D45-927D-96E44AD72D93}.Release|x86.Build.0 = Release|Any CPU
		{CD4150E0-17D6-48C2-A9BF-0D0165BF9BD7}.Debug|Any CPU.ActiveCfg = Debug|Any CPU
		{CD4150E0-17D6-48C2-A9BF-0D0165BF9BD7}.Debug|Any CPU.Build.0 = Debug|Any CPU
		{CD4150E0-17D6-48C2-A9BF-0D0165BF9BD7}.Debug|x64.ActiveCfg = Debug|Any CPU
		{CD4150E0-17D6-48C2-A9BF-0D0165BF9BD7}.Debug|x64.Build.0 = Debug|Any CPU
		{CD4150E0-17D6-48C2-A9BF-0D0165BF9BD7}.Debug|x86.ActiveCfg = Debug|Any CPU
		{CD4150E0-17D6-48C2-A9BF-0D0165BF9BD7}.Debug|x86.Build.0 = Debug|Any CPU
		{CD4150E0-17D6-48C2-A9BF-0D0165BF9BD7}.Release|Any CPU.ActiveCfg = Release|Any CPU
		{CD4150E0-17D6-48C2-A9BF-0D0165BF9BD7}.Release|Any CPU.Build.0 = Release|Any CPU
		{CD4150E0-17D6-48C2-A9BF-0D0165BF9BD7}.Release|x64.ActiveCfg = Release|Any CPU
		{CD4150E0-17D6-48C2-A9BF-0D0165BF9BD7}.Release|x64.Build.0 = Release|Any CPU
		{CD4150E0-17D6-48C2-A9BF-0D0165BF9BD7}.Release|x86.ActiveCfg = Release|Any CPU
		{CD4150E0-17D6-48C2-A9BF-0D0165BF9BD7}.Release|x86.Build.0 = Release|Any CPU
		{5F400DB1-D06B-4124-A6E2-5D0286C23625}.Debug|Any CPU.ActiveCfg = Debug|Any CPU
		{5F400DB1-D06B-4124-A6E2-5D0286C23625}.Debug|Any CPU.Build.0 = Debug|Any CPU
		{5F400DB1-D06B-4124-A6E2-5D0286C23625}.Debug|x64.ActiveCfg = Debug|Any CPU
		{5F400DB1-D06B-4124-A6E2-5D0286C23625}.Debug|x64.Build.0 = Debug|Any CPU
		{5F400DB1-D06B-4124-A6E2-5D0286C23625}.Debug|x86.ActiveCfg = Debug|Any CPU
		{5F400DB1-D06B-4124-A6E2-5D0286C23625}.Debug|x86.Build.0 = Debug|Any CPU
		{5F400DB1-D06B-4124-A6E2-5D0286C23625}.Release|Any CPU.ActiveCfg = Release|Any CPU
		{5F400DB1-D06B-4124-A6E2-5D0286C23625}.Release|Any CPU.Build.0 = Release|Any CPU
		{5F400DB1-D06B-4124-A6E2-5D0286C23625}.Release|x64.ActiveCfg = Release|Any CPU
		{5F400DB1-D06B-4124-A6E2-5D0286C23625}.Release|x64.Build.0 = Release|Any CPU
		{5F400DB1-D06B-4124-A6E2-5D0286C23625}.Release|x86.ActiveCfg = Release|Any CPU
		{5F400DB1-D06B-4124-A6E2-5D0286C23625}.Release|x86.Build.0 = Release|Any CPU
		{C2A10027-89C7-4F5C-A16C-1DC2AB001027}.Debug|Any CPU.ActiveCfg = Debug|Any CPU
		{C2A10027-89C7-4F5C-A16C-1DC2AB001027}.Debug|Any CPU.Build.0 = Debug|Any CPU
		{C2A10027-89C7-4F5C-A16C-1DC2AB001027}.Debug|x64.ActiveCfg = Debug|Any CPU
		{C2A10027-89C7-4F5C-A16C-1DC2AB001027}.Debug|x64.Build.0 = Debug|Any CPU
		{C2A10027-89C7-4F5C-A16C-1DC2AB001027}.Debug|x86.ActiveCfg = Debug|Any CPU
		{C2A10027-89C7-4F5C-A16C-1DC2AB001027}.Debug|x86.Build.0 = Debug|Any CPU
		{C2A10027-89C7-4F5C-A16C-1DC2AB001027}.Release|Any CPU.ActiveCfg = Release|Any CPU
		{C2A10027-89C7-4F5C-A16C-1DC2AB001027}.Release|Any CPU.Build.0 = Release|Any CPU
		{C2A10027-89C7-4F5C-A16C-1DC2AB001027}.Release|x64.ActiveCfg = Release|Any CPU
		{C2A10027-89C7-4F5C-A16C-1DC2AB001027}.Release|x64.Build.0 = Release|Any CPU
		{C2A10027-89C7-4F5C-A16C-1DC2AB001027}.Release|x86.ActiveCfg = Release|Any CPU
		{C2A10027-89C7-4F5C-A16C-1DC2AB001027}.Release|x86.Build.0 = Release|Any CPU
		{EDCDB527-36FE-467A-8DB1-EFE6CCF19EDC}.Debug|Any CPU.ActiveCfg = Debug|Any CPU
		{EDCDB527-36FE-467A-8DB1-EFE6CCF19EDC}.Debug|Any CPU.Build.0 = Debug|Any CPU
		{EDCDB527-36FE-467A-8DB1-EFE6CCF19EDC}.Debug|x64.ActiveCfg = Debug|Any CPU
		{EDCDB527-36FE-467A-8DB1-EFE6CCF19EDC}.Debug|x64.Build.0 = Debug|Any CPU
		{EDCDB527-36FE-467A-8DB1-EFE6CCF19EDC}.Debug|x86.ActiveCfg = Debug|Any CPU
		{EDCDB527-36FE-467A-8DB1-EFE6CCF19EDC}.Debug|x86.Build.0 = Debug|Any CPU
		{EDCDB527-36FE-467A-8DB1-EFE6CCF19EDC}.Release|Any CPU.ActiveCfg = Release|Any CPU
		{EDCDB527-36FE-467A-8DB1-EFE6CCF19EDC}.Release|Any CPU.Build.0 = Release|Any CPU
		{EDCDB527-36FE-467A-8DB1-EFE6CCF19EDC}.Release|x64.ActiveCfg = Release|Any CPU
		{EDCDB527-36FE-467A-8DB1-EFE6CCF19EDC}.Release|x64.Build.0 = Release|Any CPU
		{EDCDB527-36FE-467A-8DB1-EFE6CCF19EDC}.Release|x86.ActiveCfg = Release|Any CPU
		{EDCDB527-36FE-467A-8DB1-EFE6CCF19EDC}.Release|x86.Build.0 = Release|Any CPU
		{23017AC4-4974-4F76-ABF4-08177CDA1DA5}.Debug|Any CPU.ActiveCfg = Debug|Any CPU
		{23017AC4-4974-4F76-ABF4-08177CDA1DA5}.Debug|Any CPU.Build.0 = Debug|Any CPU
		{23017AC4-4974-4F76-ABF4-08177CDA1DA5}.Debug|x64.ActiveCfg = Debug|Any CPU
		{23017AC4-4974-4F76-ABF4-08177CDA1DA5}.Debug|x64.Build.0 = Debug|Any CPU
		{23017AC4-4974-4F76-ABF4-08177CDA1DA5}.Debug|x86.ActiveCfg = Debug|Any CPU
		{23017AC4-4974-4F76-ABF4-08177CDA1DA5}.Debug|x86.Build.0 = Debug|Any CPU
		{23017AC4-4974-4F76-ABF4-08177CDA1DA5}.Release|Any CPU.ActiveCfg = Release|Any CPU
		{23017AC4-4974-4F76-ABF4-08177CDA1DA5}.Release|Any CPU.Build.0 = Release|Any CPU
		{23017AC4-4974-4F76-ABF4-08177CDA1DA5}.Release|x64.ActiveCfg = Release|Any CPU
		{23017AC4-4974-4F76-ABF4-08177CDA1DA5}.Release|x64.Build.0 = Release|Any CPU
		{23017AC4-4974-4F76-ABF4-08177CDA1DA5}.Release|x86.ActiveCfg = Release|Any CPU
		{23017AC4-4974-4F76-ABF4-08177CDA1DA5}.Release|x86.Build.0 = Release|Any CPU
		{93CA6943-2511-411C-89CB-901F7033ACCA}.Debug|Any CPU.ActiveCfg = Debug|Any CPU
		{93CA6943-2511-411C-89CB-901F7033ACCA}.Debug|Any CPU.Build.0 = Debug|Any CPU
		{93CA6943-2511-411C-89CB-901F7033ACCA}.Debug|x64.ActiveCfg = Debug|Any CPU
		{93CA6943-2511-411C-89CB-901F7033ACCA}.Debug|x64.Build.0 = Debug|Any CPU
		{93CA6943-2511-411C-89CB-901F7033ACCA}.Debug|x86.ActiveCfg = Debug|Any CPU
		{93CA6943-2511-411C-89CB-901F7033ACCA}.Debug|x86.Build.0 = Debug|Any CPU
		{93CA6943-2511-411C-89CB-901F7033ACCA}.Release|Any CPU.ActiveCfg = Release|Any CPU
		{93CA6943-2511-411C-89CB-901F7033ACCA}.Release|Any CPU.Build.0 = Release|Any CPU
		{93CA6943-2511-411C-89CB-901F7033ACCA}.Release|x64.ActiveCfg = Release|Any CPU
		{93CA6943-2511-411C-89CB-901F7033ACCA}.Release|x64.Build.0 = Release|Any CPU
		{93CA6943-2511-411C-89CB-901F7033ACCA}.Release|x86.ActiveCfg = Release|Any CPU
		{93CA6943-2511-411C-89CB-901F7033ACCA}.Release|x86.Build.0 = Release|Any CPU
		{6C83E41D-D690-4BAF-A4B5-8F753431C0D0}.Debug|Any CPU.ActiveCfg = Debug|Any CPU
		{6C83E41D-D690-4BAF-A4B5-8F753431C0D0}.Debug|Any CPU.Build.0 = Debug|Any CPU
		{6C83E41D-D690-4BAF-A4B5-8F753431C0D0}.Debug|x64.ActiveCfg = Debug|Any CPU
		{6C83E41D-D690-4BAF-A4B5-8F753431C0D0}.Debug|x64.Build.0 = Debug|Any CPU
		{6C83E41D-D690-4BAF-A4B5-8F753431C0D0}.Debug|x86.ActiveCfg = Debug|Any CPU
		{6C83E41D-D690-4BAF-A4B5-8F753431C0D0}.Debug|x86.Build.0 = Debug|Any CPU
		{6C83E41D-D690-4BAF-A4B5-8F753431C0D0}.Release|Any CPU.ActiveCfg = Release|Any CPU
		{6C83E41D-D690-4BAF-A4B5-8F753431C0D0}.Release|Any CPU.Build.0 = Release|Any CPU
		{6C83E41D-D690-4BAF-A4B5-8F753431C0D0}.Release|x64.ActiveCfg = Release|Any CPU
		{6C83E41D-D690-4BAF-A4B5-8F753431C0D0}.Release|x64.Build.0 = Release|Any CPU
		{6C83E41D-D690-4BAF-A4B5-8F753431C0D0}.Release|x86.ActiveCfg = Release|Any CPU
		{6C83E41D-D690-4BAF-A4B5-8F753431C0D0}.Release|x86.Build.0 = Release|Any CPU
		{7F8166C4-2EAD-433A-9EC4-7414FA712D1B}.Debug|Any CPU.ActiveCfg = Debug|Any CPU
		{7F8166C4-2EAD-433A-9EC4-7414FA712D1B}.Debug|Any CPU.Build.0 = Debug|Any CPU
		{7F8166C4-2EAD-433A-9EC4-7414FA712D1B}.Debug|x64.ActiveCfg = Debug|Any CPU
		{7F8166C4-2EAD-433A-9EC4-7414FA712D1B}.Debug|x64.Build.0 = Debug|Any CPU
		{7F8166C4-2EAD-433A-9EC4-7414FA712D1B}.Debug|x86.ActiveCfg = Debug|Any CPU
		{7F8166C4-2EAD-433A-9EC4-7414FA712D1B}.Debug|x86.Build.0 = Debug|Any CPU
		{7F8166C4-2EAD-433A-9EC4-7414FA712D1B}.Release|Any CPU.ActiveCfg = Release|Any CPU
		{7F8166C4-2EAD-433A-9EC4-7414FA712D1B}.Release|Any CPU.Build.0 = Release|Any CPU
		{7F8166C4-2EAD-433A-9EC4-7414FA712D1B}.Release|x64.ActiveCfg = Release|Any CPU
		{7F8166C4-2EAD-433A-9EC4-7414FA712D1B}.Release|x64.Build.0 = Release|Any CPU
		{7F8166C4-2EAD-433A-9EC4-7414FA712D1B}.Release|x86.ActiveCfg = Release|Any CPU
		{7F8166C4-2EAD-433A-9EC4-7414FA712D1B}.Release|x86.Build.0 = Release|Any CPU
		{A2C30DA9-70E2-4D6B-B377-4049A417FA77}.Debug|Any CPU.ActiveCfg = Debug|Any CPU
		{A2C30DA9-70E2-4D6B-B377-4049A417FA77}.Debug|Any CPU.Build.0 = Debug|Any CPU
		{A2C30DA9-70E2-4D6B-B377-4049A417FA77}.Debug|x64.ActiveCfg = Debug|Any CPU
		{A2C30DA9-70E2-4D6B-B377-4049A417FA77}.Debug|x64.Build.0 = Debug|Any CPU
		{A2C30DA9-70E2-4D6B-B377-4049A417FA77}.Debug|x86.ActiveCfg = Debug|Any CPU
		{A2C30DA9-70E2-4D6B-B377-4049A417FA77}.Debug|x86.Build.0 = Debug|Any CPU
		{A2C30DA9-70E2-4D6B-B377-4049A417FA77}.Release|Any CPU.ActiveCfg = Release|Any CPU
		{A2C30DA9-70E2-4D6B-B377-4049A417FA77}.Release|Any CPU.Build.0 = Release|Any CPU
		{A2C30DA9-70E2-4D6B-B377-4049A417FA77}.Release|x64.ActiveCfg = Release|Any CPU
		{A2C30DA9-70E2-4D6B-B377-4049A417FA77}.Release|x64.Build.0 = Release|Any CPU
		{A2C30DA9-70E2-4D6B-B377-4049A417FA77}.Release|x86.ActiveCfg = Release|Any CPU
		{A2C30DA9-70E2-4D6B-B377-4049A417FA77}.Release|x86.Build.0 = Release|Any CPU
		{7767095B-2AB6-4F3D-9CF1-E0E477AB6C89}.Debug|Any CPU.ActiveCfg = Debug|Any CPU
		{7767095B-2AB6-4F3D-9CF1-E0E477AB6C89}.Debug|Any CPU.Build.0 = Debug|Any CPU
		{7767095B-2AB6-4F3D-9CF1-E0E477AB6C89}.Debug|x64.ActiveCfg = Debug|Any CPU
		{7767095B-2AB6-4F3D-9CF1-E0E477AB6C89}.Debug|x64.Build.0 = Debug|Any CPU
		{7767095B-2AB6-4F3D-9CF1-E0E477AB6C89}.Debug|x86.ActiveCfg = Debug|Any CPU
		{7767095B-2AB6-4F3D-9CF1-E0E477AB6C89}.Debug|x86.Build.0 = Debug|Any CPU
		{7767095B-2AB6-4F3D-9CF1-E0E477AB6C89}.Release|Any CPU.ActiveCfg = Release|Any CPU
		{7767095B-2AB6-4F3D-9CF1-E0E477AB6C89}.Release|Any CPU.Build.0 = Release|Any CPU
		{7767095B-2AB6-4F3D-9CF1-E0E477AB6C89}.Release|x64.ActiveCfg = Release|Any CPU
		{7767095B-2AB6-4F3D-9CF1-E0E477AB6C89}.Release|x64.Build.0 = Release|Any CPU
		{7767095B-2AB6-4F3D-9CF1-E0E477AB6C89}.Release|x86.ActiveCfg = Release|Any CPU
		{7767095B-2AB6-4F3D-9CF1-E0E477AB6C89}.Release|x86.Build.0 = Release|Any CPU
		{4A2F4F6D-D038-4D75-BE46-C77C40C47D2E}.Debug|Any CPU.ActiveCfg = Debug|Any CPU
		{4A2F4F6D-D038-4D75-BE46-C77C40C47D2E}.Debug|Any CPU.Build.0 = Debug|Any CPU
		{4A2F4F6D-D038-4D75-BE46-C77C40C47D2E}.Debug|x64.ActiveCfg = Debug|Any CPU
		{4A2F4F6D-D038-4D75-BE46-C77C40C47D2E}.Debug|x64.Build.0 = Debug|Any CPU
		{4A2F4F6D-D038-4D75-BE46-C77C40C47D2E}.Debug|x86.ActiveCfg = Debug|Any CPU
		{4A2F4F6D-D038-4D75-BE46-C77C40C47D2E}.Debug|x86.Build.0 = Debug|Any CPU
		{4A2F4F6D-D038-4D75-BE46-C77C40C47D2E}.Release|Any CPU.ActiveCfg = Release|Any CPU
		{4A2F4F6D-D038-4D75-BE46-C77C40C47D2E}.Release|Any CPU.Build.0 = Release|Any CPU
		{4A2F4F6D-D038-4D75-BE46-C77C40C47D2E}.Release|x64.ActiveCfg = Release|Any CPU
		{4A2F4F6D-D038-4D75-BE46-C77C40C47D2E}.Release|x64.Build.0 = Release|Any CPU
		{4A2F4F6D-D038-4D75-BE46-C77C40C47D2E}.Release|x86.ActiveCfg = Release|Any CPU
		{4A2F4F6D-D038-4D75-BE46-C77C40C47D2E}.Release|x86.Build.0 = Release|Any CPU
		{B8D7B76E-72C4-4F2F-AE44-9EE9AB928A35}.Debug|Any CPU.ActiveCfg = Debug|Any CPU
		{B8D7B76E-72C4-4F2F-AE44-9EE9AB928A35}.Debug|Any CPU.Build.0 = Debug|Any CPU
		{B8D7B76E-72C4-4F2F-AE44-9EE9AB928A35}.Debug|x64.ActiveCfg = Debug|Any CPU
		{B8D7B76E-72C4-4F2F-AE44-9EE9AB928A35}.Debug|x64.Build.0 = Debug|Any CPU
		{B8D7B76E-72C4-4F2F-AE44-9EE9AB928A35}.Debug|x86.ActiveCfg = Debug|Any CPU
		{B8D7B76E-72C4-4F2F-AE44-9EE9AB928A35}.Debug|x86.Build.0 = Debug|Any CPU
		{B8D7B76E-72C4-4F2F-AE44-9EE9AB928A35}.Release|Any CPU.ActiveCfg = Release|Any CPU
		{B8D7B76E-72C4-4F2F-AE44-9EE9AB928A35}.Release|Any CPU.Build.0 = Release|Any CPU
		{B8D7B76E-72C4-4F2F-AE44-9EE9AB928A35}.Release|x64.ActiveCfg = Release|Any CPU
		{B8D7B76E-72C4-4F2F-AE44-9EE9AB928A35}.Release|x64.Build.0 = Release|Any CPU
		{B8D7B76E-72C4-4F2F-AE44-9EE9AB928A35}.Release|x86.ActiveCfg = Release|Any CPU
		{B8D7B76E-72C4-4F2F-AE44-9EE9AB928A35}.Release|x86.Build.0 = Release|Any CPU
		{C2A10001-89C7-4F5C-A16C-1DC2AB001001}.Debug|Any CPU.ActiveCfg = Debug|Any CPU
		{C2A10001-89C7-4F5C-A16C-1DC2AB001001}.Debug|Any CPU.Build.0 = Debug|Any CPU
		{C2A10001-89C7-4F5C-A16C-1DC2AB001001}.Debug|x64.ActiveCfg = Debug|Any CPU
		{C2A10001-89C7-4F5C-A16C-1DC2AB001001}.Debug|x64.Build.0 = Debug|Any CPU
		{C2A10001-89C7-4F5C-A16C-1DC2AB001001}.Debug|x86.ActiveCfg = Debug|Any CPU
		{C2A10001-89C7-4F5C-A16C-1DC2AB001001}.Debug|x86.Build.0 = Debug|Any CPU
		{C2A10001-89C7-4F5C-A16C-1DC2AB001001}.Release|Any CPU.ActiveCfg = Release|Any CPU
		{C2A10001-89C7-4F5C-A16C-1DC2AB001001}.Release|Any CPU.Build.0 = Release|Any CPU
		{C2A10001-89C7-4F5C-A16C-1DC2AB001001}.Release|x64.ActiveCfg = Release|Any CPU
		{C2A10001-89C7-4F5C-A16C-1DC2AB001001}.Release|x64.Build.0 = Release|Any CPU
		{C2A10001-89C7-4F5C-A16C-1DC2AB001001}.Release|x86.ActiveCfg = Release|Any CPU
		{C2A10001-89C7-4F5C-A16C-1DC2AB001001}.Release|x86.Build.0 = Release|Any CPU
		{C2A10002-89C7-4F5C-A16C-1DC2AB001002}.Debug|Any CPU.ActiveCfg = Debug|Any CPU
		{C2A10002-89C7-4F5C-A16C-1DC2AB001002}.Debug|Any CPU.Build.0 = Debug|Any CPU
		{C2A10002-89C7-4F5C-A16C-1DC2AB001002}.Debug|x64.ActiveCfg = Debug|Any CPU
		{C2A10002-89C7-4F5C-A16C-1DC2AB001002}.Debug|x64.Build.0 = Debug|Any CPU
		{C2A10002-89C7-4F5C-A16C-1DC2AB001002}.Debug|x86.ActiveCfg = Debug|Any CPU
		{C2A10002-89C7-4F5C-A16C-1DC2AB001002}.Debug|x86.Build.0 = Debug|Any CPU
		{C2A10002-89C7-4F5C-A16C-1DC2AB001002}.Release|Any CPU.ActiveCfg = Release|Any CPU
		{C2A10002-89C7-4F5C-A16C-1DC2AB001002}.Release|Any CPU.Build.0 = Release|Any CPU
		{C2A10002-89C7-4F5C-A16C-1DC2AB001002}.Release|x64.ActiveCfg = Release|Any CPU
		{C2A10002-89C7-4F5C-A16C-1DC2AB001002}.Release|x64.Build.0 = Release|Any CPU
		{C2A10002-89C7-4F5C-A16C-1DC2AB001002}.Release|x86.ActiveCfg = Release|Any CPU
		{C2A10002-89C7-4F5C-A16C-1DC2AB001002}.Release|x86.Build.0 = Release|Any CPU
		{C2A10003-89C7-4F5C-A16C-1DC2AB001003}.Debug|Any CPU.ActiveCfg = Debug|Any CPU
		{C2A10003-89C7-4F5C-A16C-1DC2AB001003}.Debug|Any CPU.Build.0 = Debug|Any CPU
		{C2A10003-89C7-4F5C-A16C-1DC2AB001003}.Debug|x64.ActiveCfg = Debug|Any CPU
		{C2A10003-89C7-4F5C-A16C-1DC2AB001003}.Debug|x64.Build.0 = Debug|Any CPU
		{C2A10003-89C7-4F5C-A16C-1DC2AB001003}.Debug|x86.ActiveCfg = Debug|Any CPU
		{C2A10003-89C7-4F5C-A16C-1DC2AB001003}.Debug|x86.Build.0 = Debug|Any CPU
		{C2A10003-89C7-4F5C-A16C-1DC2AB001003}.Release|Any CPU.ActiveCfg = Release|Any CPU
		{C2A10003-89C7-4F5C-A16C-1DC2AB001003}.Release|Any CPU.Build.0 = Release|Any CPU
		{C2A10003-89C7-4F5C-A16C-1DC2AB001003}.Release|x64.ActiveCfg = Release|Any CPU
		{C2A10003-89C7-4F5C-A16C-1DC2AB001003}.Release|x64.Build.0 = Release|Any CPU
		{C2A10003-89C7-4F5C-A16C-1DC2AB001003}.Release|x86.ActiveCfg = Release|Any CPU
		{C2A10003-89C7-4F5C-A16C-1DC2AB001003}.Release|x86.Build.0 = Release|Any CPU
		{C2A10004-89C7-4F5C-A16C-1DC2AB001004}.Debug|Any CPU.ActiveCfg = Debug|Any CPU
		{C2A10004-89C7-4F5C-A16C-1DC2AB001004}.Debug|Any CPU.Build.0 = Debug|Any CPU
		{C2A10004-89C7-4F5C-A16C-1DC2AB001004}.Debug|x64.ActiveCfg = Debug|Any CPU
		{C2A10004-89C7-4F5C-A16C-1DC2AB001004}.Debug|x64.Build.0 = Debug|Any CPU
		{C2A10004-89C7-4F5C-A16C-1DC2AB001004}.Debug|x86.ActiveCfg = Debug|Any CPU
		{C2A10004-89C7-4F5C-A16C-1DC2AB001004}.Debug|x86.Build.0 = Debug|Any CPU
		{C2A10004-89C7-4F5C-A16C-1DC2AB001004}.Release|Any CPU.ActiveCfg = Release|Any CPU
		{C2A10004-89C7-4F5C-A16C-1DC2AB001004}.Release|Any CPU.Build.0 = Release|Any CPU
		{C2A10004-89C7-4F5C-A16C-1DC2AB001004}.Release|x64.ActiveCfg = Release|Any CPU
		{C2A10004-89C7-4F5C-A16C-1DC2AB001004}.Release|x64.Build.0 = Release|Any CPU
		{C2A10004-89C7-4F5C-A16C-1DC2AB001004}.Release|x86.ActiveCfg = Release|Any CPU
		{C2A10004-89C7-4F5C-A16C-1DC2AB001004}.Release|x86.Build.0 = Release|Any CPU
		{C2A10005-89C7-4F5C-A16C-1DC2AB001005}.Debug|Any CPU.ActiveCfg = Debug|Any CPU
		{C2A10005-89C7-4F5C-A16C-1DC2AB001005}.Debug|Any CPU.Build.0 = Debug|Any CPU
		{C2A10005-89C7-4F5C-A16C-1DC2AB001005}.Debug|x64.ActiveCfg = Debug|Any CPU
		{C2A10005-89C7-4F5C-A16C-1DC2AB001005}.Debug|x64.Build.0 = Debug|Any CPU
		{C2A10005-89C7-4F5C-A16C-1DC2AB001005}.Debug|x86.ActiveCfg = Debug|Any CPU
		{C2A10005-89C7-4F5C-A16C-1DC2AB001005}.Debug|x86.Build.0 = Debug|Any CPU
		{C2A10005-89C7-4F5C-A16C-1DC2AB001005}.Release|Any CPU.ActiveCfg = Release|Any CPU
		{C2A10005-89C7-4F5C-A16C-1DC2AB001005}.Release|Any CPU.Build.0 = Release|Any CPU
		{C2A10005-89C7-4F5C-A16C-1DC2AB001005}.Release|x64.ActiveCfg = Release|Any CPU
		{C2A10005-89C7-4F5C-A16C-1DC2AB001005}.Release|x64.Build.0 = Release|Any CPU
		{C2A10005-89C7-4F5C-A16C-1DC2AB001005}.Release|x86.ActiveCfg = Release|Any CPU
		{C2A10005-89C7-4F5C-A16C-1DC2AB001005}.Release|x86.Build.0 = Release|Any CPU
		{C2A10006-89C7-4F5C-A16C-1DC2AB001006}.Debug|Any CPU.ActiveCfg = Debug|Any CPU
		{C2A10006-89C7-4F5C-A16C-1DC2AB001006}.Debug|Any CPU.Build.0 = Debug|Any CPU
		{C2A10006-89C7-4F5C-A16C-1DC2AB001006}.Debug|x64.ActiveCfg = Debug|Any CPU
		{C2A10006-89C7-4F5C-A16C-1DC2AB001006}.Debug|x64.Build.0 = Debug|Any CPU
		{C2A10006-89C7-4F5C-A16C-1DC2AB001006}.Debug|x86.ActiveCfg = Debug|Any CPU
		{C2A10006-89C7-4F5C-A16C-1DC2AB001006}.Debug|x86.Build.0 = Debug|Any CPU
		{C2A10006-89C7-4F5C-A16C-1DC2AB001006}.Release|Any CPU.ActiveCfg = Release|Any CPU
		{C2A10006-89C7-4F5C-A16C-1DC2AB001006}.Release|Any CPU.Build.0 = Release|Any CPU
		{C2A10006-89C7-4F5C-A16C-1DC2AB001006}.Release|x64.ActiveCfg = Release|Any CPU
		{C2A10006-89C7-4F5C-A16C-1DC2AB001006}.Release|x64.Build.0 = Release|Any CPU
		{C2A10006-89C7-4F5C-A16C-1DC2AB001006}.Release|x86.ActiveCfg = Release|Any CPU
		{C2A10006-89C7-4F5C-A16C-1DC2AB001006}.Release|x86.Build.0 = Release|Any CPU
		{C2A10007-89C7-4F5C-A16C-1DC2AB001007}.Debug|Any CPU.ActiveCfg = Debug|Any CPU
		{C2A10007-89C7-4F5C-A16C-1DC2AB001007}.Debug|Any CPU.Build.0 = Debug|Any CPU
		{C2A10007-89C7-4F5C-A16C-1DC2AB001007}.Debug|x64.ActiveCfg = Debug|Any CPU
		{C2A10007-89C7-4F5C-A16C-1DC2AB001007}.Debug|x64.Build.0 = Debug|Any CPU
		{C2A10007-89C7-4F5C-A16C-1DC2AB001007}.Debug|x86.ActiveCfg = Debug|Any CPU
		{C2A10007-89C7-4F5C-A16C-1DC2AB001007}.Debug|x86.Build.0 = Debug|Any CPU
		{C2A10007-89C7-4F5C-A16C-1DC2AB001007}.Release|Any CPU.ActiveCfg = Release|Any CPU
		{C2A10007-89C7-4F5C-A16C-1DC2AB001007}.Release|Any CPU.Build.0 = Release|Any CPU
		{C2A10007-89C7-4F5C-A16C-1DC2AB001007}.Release|x64.ActiveCfg = Release|Any CPU
		{C2A10007-89C7-4F5C-A16C-1DC2AB001007}.Release|x64.Build.0 = Release|Any CPU
		{C2A10007-89C7-4F5C-A16C-1DC2AB001007}.Release|x86.ActiveCfg = Release|Any CPU
		{C2A10007-89C7-4F5C-A16C-1DC2AB001007}.Release|x86.Build.0 = Release|Any CPU
		{C2A10008-89C7-4F5C-A16C-1DC2AB001008}.Debug|Any CPU.ActiveCfg = Debug|Any CPU
		{C2A10008-89C7-4F5C-A16C-1DC2AB001008}.Debug|Any CPU.Build.0 = Debug|Any CPU
		{C2A10008-89C7-4F5C-A16C-1DC2AB001008}.Debug|x64.ActiveCfg = Debug|Any CPU
		{C2A10008-89C7-4F5C-A16C-1DC2AB001008}.Debug|x64.Build.0 = Debug|Any CPU
		{C2A10008-89C7-4F5C-A16C-1DC2AB001008}.Debug|x86.ActiveCfg = Debug|Any CPU
		{C2A10008-89C7-4F5C-A16C-1DC2AB001008}.Debug|x86.Build.0 = Debug|Any CPU
		{C2A10008-89C7-4F5C-A16C-1DC2AB001008}.Release|Any CPU.ActiveCfg = Release|Any CPU
		{C2A10008-89C7-4F5C-A16C-1DC2AB001008}.Release|Any CPU.Build.0 = Release|Any CPU
		{C2A10008-89C7-4F5C-A16C-1DC2AB001008}.Release|x64.ActiveCfg = Release|Any CPU
		{C2A10008-89C7-4F5C-A16C-1DC2AB001008}.Release|x64.Build.0 = Release|Any CPU
		{C2A10008-89C7-4F5C-A16C-1DC2AB001008}.Release|x86.ActiveCfg = Release|Any CPU
		{C2A10008-89C7-4F5C-A16C-1DC2AB001008}.Release|x86.Build.0 = Release|Any CPU
		{C2A10009-89C7-4F5C-A16C-1DC2AB001009}.Debug|Any CPU.ActiveCfg = Debug|Any CPU
		{C2A10009-89C7-4F5C-A16C-1DC2AB001009}.Debug|Any CPU.Build.0 = Debug|Any CPU
		{C2A10009-89C7-4F5C-A16C-1DC2AB001009}.Debug|x64.ActiveCfg = Debug|Any CPU
		{C2A10009-89C7-4F5C-A16C-1DC2AB001009}.Debug|x64.Build.0 = Debug|Any CPU
		{C2A10009-89C7-4F5C-A16C-1DC2AB001009}.Debug|x86.ActiveCfg = Debug|Any CPU
		{C2A10009-89C7-4F5C-A16C-1DC2AB001009}.Debug|x86.Build.0 = Debug|Any CPU
		{C2A10009-89C7-4F5C-A16C-1DC2AB001009}.Release|Any CPU.ActiveCfg = Release|Any CPU
		{C2A10009-89C7-4F5C-A16C-1DC2AB001009}.Release|Any CPU.Build.0 = Release|Any CPU
		{C2A10009-89C7-4F5C-A16C-1DC2AB001009}.Release|x64.ActiveCfg = Release|Any CPU
		{C2A10009-89C7-4F5C-A16C-1DC2AB001009}.Release|x64.Build.0 = Release|Any CPU
		{C2A10009-89C7-4F5C-A16C-1DC2AB001009}.Release|x86.ActiveCfg = Release|Any CPU
		{C2A10009-89C7-4F5C-A16C-1DC2AB001009}.Release|x86.Build.0 = Release|Any CPU
		{C2A10010-89C7-4F5C-A16C-1DC2AB001010}.Debug|Any CPU.ActiveCfg = Debug|Any CPU
		{C2A10010-89C7-4F5C-A16C-1DC2AB001010}.Debug|Any CPU.Build.0 = Debug|Any CPU
		{C2A10010-89C7-4F5C-A16C-1DC2AB001010}.Debug|x64.ActiveCfg = Debug|Any CPU
		{C2A10010-89C7-4F5C-A16C-1DC2AB001010}.Debug|x64.Build.0 = Debug|Any CPU
		{C2A10010-89C7-4F5C-A16C-1DC2AB001010}.Debug|x86.ActiveCfg = Debug|Any CPU
		{C2A10010-89C7-4F5C-A16C-1DC2AB001010}.Debug|x86.Build.0 = Debug|Any CPU
		{C2A10010-89C7-4F5C-A16C-1DC2AB001010}.Release|Any CPU.ActiveCfg = Release|Any CPU
		{C2A10010-89C7-4F5C-A16C-1DC2AB001010}.Release|Any CPU.Build.0 = Release|Any CPU
		{C2A10010-89C7-4F5C-A16C-1DC2AB001010}.Release|x64.ActiveCfg = Release|Any CPU
		{C2A10010-89C7-4F5C-A16C-1DC2AB001010}.Release|x64.Build.0 = Release|Any CPU
		{C2A10010-89C7-4F5C-A16C-1DC2AB001010}.Release|x86.ActiveCfg = Release|Any CPU
		{C2A10010-89C7-4F5C-A16C-1DC2AB001010}.Release|x86.Build.0 = Release|Any CPU
		{C2A10011-89C7-4F5C-A16C-1DC2AB001011}.Debug|Any CPU.ActiveCfg = Debug|Any CPU
		{C2A10011-89C7-4F5C-A16C-1DC2AB001011}.Debug|Any CPU.Build.0 = Debug|Any CPU
		{C2A10011-89C7-4F5C-A16C-1DC2AB001011}.Debug|x64.ActiveCfg = Debug|Any CPU
		{C2A10011-89C7-4F5C-A16C-1DC2AB001011}.Debug|x64.Build.0 = Debug|Any CPU
		{C2A10011-89C7-4F5C-A16C-1DC2AB001011}.Debug|x86.ActiveCfg = Debug|Any CPU
		{C2A10011-89C7-4F5C-A16C-1DC2AB001011}.Debug|x86.Build.0 = Debug|Any CPU
		{C2A10011-89C7-4F5C-A16C-1DC2AB001011}.Release|Any CPU.ActiveCfg = Release|Any CPU
		{C2A10011-89C7-4F5C-A16C-1DC2AB001011}.Release|Any CPU.Build.0 = Release|Any CPU
		{C2A10011-89C7-4F5C-A16C-1DC2AB001011}.Release|x64.ActiveCfg = Release|Any CPU
		{C2A10011-89C7-4F5C-A16C-1DC2AB001011}.Release|x64.Build.0 = Release|Any CPU
		{C2A10011-89C7-4F5C-A16C-1DC2AB001011}.Release|x86.ActiveCfg = Release|Any CPU
		{C2A10011-89C7-4F5C-A16C-1DC2AB001011}.Release|x86.Build.0 = Release|Any CPU
		{C2A10012-89C7-4F5C-A16C-1DC2AB001012}.Debug|Any CPU.ActiveCfg = Debug|Any CPU
		{C2A10012-89C7-4F5C-A16C-1DC2AB001012}.Debug|Any CPU.Build.0 = Debug|Any CPU
		{C2A10012-89C7-4F5C-A16C-1DC2AB001012}.Debug|x64.ActiveCfg = Debug|Any CPU
		{C2A10012-89C7-4F5C-A16C-1DC2AB001012}.Debug|x64.Build.0 = Debug|Any CPU
		{C2A10012-89C7-4F5C-A16C-1DC2AB001012}.Debug|x86.ActiveCfg = Debug|Any CPU
		{C2A10012-89C7-4F5C-A16C-1DC2AB001012}.Debug|x86.Build.0 = Debug|Any CPU
		{C2A10012-89C7-4F5C-A16C-1DC2AB001012}.Release|Any CPU.ActiveCfg = Release|Any CPU
		{C2A10012-89C7-4F5C-A16C-1DC2AB001012}.Release|Any CPU.Build.0 = Release|Any CPU
		{C2A10012-89C7-4F5C-A16C-1DC2AB001012}.Release|x64.ActiveCfg = Release|Any CPU
		{C2A10012-89C7-4F5C-A16C-1DC2AB001012}.Release|x64.Build.0 = Release|Any CPU
		{C2A10012-89C7-4F5C-A16C-1DC2AB001012}.Release|x86.ActiveCfg = Release|Any CPU
		{C2A10012-89C7-4F5C-A16C-1DC2AB001012}.Release|x86.Build.0 = Release|Any CPU
		{C2A10013-89C7-4F5C-A16C-1DC2AB001013}.Debug|Any CPU.ActiveCfg = Debug|Any CPU
		{C2A10013-89C7-4F5C-A16C-1DC2AB001013}.Debug|Any CPU.Build.0 = Debug|Any CPU
		{C2A10013-89C7-4F5C-A16C-1DC2AB001013}.Debug|x64.ActiveCfg = Debug|Any CPU
		{C2A10013-89C7-4F5C-A16C-1DC2AB001013}.Debug|x64.Build.0 = Debug|Any CPU
		{C2A10013-89C7-4F5C-A16C-1DC2AB001013}.Debug|x86.ActiveCfg = Debug|Any CPU
		{C2A10013-89C7-4F5C-A16C-1DC2AB001013}.Debug|x86.Build.0 = Debug|Any CPU
		{C2A10013-89C7-4F5C-A16C-1DC2AB001013}.Release|Any CPU.ActiveCfg = Release|Any CPU
		{C2A10013-89C7-4F5C-A16C-1DC2AB001013}.Release|Any CPU.Build.0 = Release|Any CPU
		{C2A10013-89C7-4F5C-A16C-1DC2AB001013}.Release|x64.ActiveCfg = Release|Any CPU
		{C2A10013-89C7-4F5C-A16C-1DC2AB001013}.Release|x64.Build.0 = Release|Any CPU
		{C2A10013-89C7-4F5C-A16C-1DC2AB001013}.Release|x86.ActiveCfg = Release|Any CPU
		{C2A10013-89C7-4F5C-A16C-1DC2AB001013}.Release|x86.Build.0 = Release|Any CPU
		{C2A10014-89C7-4F5C-A16C-1DC2AB001014}.Debug|Any CPU.ActiveCfg = Debug|Any CPU
		{C2A10014-89C7-4F5C-A16C-1DC2AB001014}.Debug|Any CPU.Build.0 = Debug|Any CPU
		{C2A10014-89C7-4F5C-A16C-1DC2AB001014}.Debug|x64.ActiveCfg = Debug|Any CPU
		{C2A10014-89C7-4F5C-A16C-1DC2AB001014}.Debug|x64.Build.0 = Debug|Any CPU
		{C2A10014-89C7-4F5C-A16C-1DC2AB001014}.Debug|x86.ActiveCfg = Debug|Any CPU
		{C2A10014-89C7-4F5C-A16C-1DC2AB001014}.Debug|x86.Build.0 = Debug|Any CPU
		{C2A10014-89C7-4F5C-A16C-1DC2AB001014}.Release|Any CPU.ActiveCfg = Release|Any CPU
		{C2A10014-89C7-4F5C-A16C-1DC2AB001014}.Release|Any CPU.Build.0 = Release|Any CPU
		{C2A10014-89C7-4F5C-A16C-1DC2AB001014}.Release|x64.ActiveCfg = Release|Any CPU
		{C2A10014-89C7-4F5C-A16C-1DC2AB001014}.Release|x64.Build.0 = Release|Any CPU
		{C2A10014-89C7-4F5C-A16C-1DC2AB001014}.Release|x86.ActiveCfg = Release|Any CPU
		{C2A10014-89C7-4F5C-A16C-1DC2AB001014}.Release|x86.Build.0 = Release|Any CPU
		{C2A10015-89C7-4F5C-A16C-1DC2AB001015}.Debug|Any CPU.ActiveCfg = Debug|Any CPU
		{C2A10015-89C7-4F5C-A16C-1DC2AB001015}.Debug|Any CPU.Build.0 = Debug|Any CPU
		{C2A10015-89C7-4F5C-A16C-1DC2AB001015}.Debug|x64.ActiveCfg = Debug|Any CPU
		{C2A10015-89C7-4F5C-A16C-1DC2AB001015}.Debug|x64.Build.0 = Debug|Any CPU
		{C2A10015-89C7-4F5C-A16C-1DC2AB001015}.Debug|x86.ActiveCfg = Debug|Any CPU
		{C2A10015-89C7-4F5C-A16C-1DC2AB001015}.Debug|x86.Build.0 = Debug|Any CPU
		{C2A10015-89C7-4F5C-A16C-1DC2AB001015}.Release|Any CPU.ActiveCfg = Release|Any CPU
		{C2A10015-89C7-4F5C-A16C-1DC2AB001015}.Release|Any CPU.Build.0 = Release|Any CPU
		{C2A10015-89C7-4F5C-A16C-1DC2AB001015}.Release|x64.ActiveCfg = Release|Any CPU
		{C2A10015-89C7-4F5C-A16C-1DC2AB001015}.Release|x64.Build.0 = Release|Any CPU
		{C2A10015-89C7-4F5C-A16C-1DC2AB001015}.Release|x86.ActiveCfg = Release|Any CPU
		{C2A10015-89C7-4F5C-A16C-1DC2AB001015}.Release|x86.Build.0 = Release|Any CPU
		{C2A10016-89C7-4F5C-A16C-1DC2AB001016}.Debug|Any CPU.ActiveCfg = Debug|Any CPU
		{C2A10016-89C7-4F5C-A16C-1DC2AB001016}.Debug|Any CPU.Build.0 = Debug|Any CPU
		{C2A10016-89C7-4F5C-A16C-1DC2AB001016}.Debug|x64.ActiveCfg = Debug|Any CPU
		{C2A10016-89C7-4F5C-A16C-1DC2AB001016}.Debug|x64.Build.0 = Debug|Any CPU
		{C2A10016-89C7-4F5C-A16C-1DC2AB001016}.Debug|x86.ActiveCfg = Debug|Any CPU
		{C2A10016-89C7-4F5C-A16C-1DC2AB001016}.Debug|x86.Build.0 = Debug|Any CPU
		{C2A10016-89C7-4F5C-A16C-1DC2AB001016}.Release|Any CPU.ActiveCfg = Release|Any CPU
		{C2A10016-89C7-4F5C-A16C-1DC2AB001016}.Release|Any CPU.Build.0 = Release|Any CPU
		{C2A10016-89C7-4F5C-A16C-1DC2AB001016}.Release|x64.ActiveCfg = Release|Any CPU
		{C2A10016-89C7-4F5C-A16C-1DC2AB001016}.Release|x64.Build.0 = Release|Any CPU
		{C2A10016-89C7-4F5C-A16C-1DC2AB001016}.Release|x86.ActiveCfg = Release|Any CPU
		{C2A10016-89C7-4F5C-A16C-1DC2AB001016}.Release|x86.Build.0 = Release|Any CPU
		{C2A10017-89C7-4F5C-A16C-1DC2AB001017}.Debug|Any CPU.ActiveCfg = Debug|Any CPU
		{C2A10017-89C7-4F5C-A16C-1DC2AB001017}.Debug|Any CPU.Build.0 = Debug|Any CPU
		{C2A10017-89C7-4F5C-A16C-1DC2AB001017}.Debug|x64.ActiveCfg = Debug|Any CPU
		{C2A10017-89C7-4F5C-A16C-1DC2AB001017}.Debug|x64.Build.0 = Debug|Any CPU
		{C2A10017-89C7-4F5C-A16C-1DC2AB001017}.Debug|x86.ActiveCfg = Debug|Any CPU
		{C2A10017-89C7-4F5C-A16C-1DC2AB001017}.Debug|x86.Build.0 = Debug|Any CPU
		{C2A10017-89C7-4F5C-A16C-1DC2AB001017}.Release|Any CPU.ActiveCfg = Release|Any CPU
		{C2A10017-89C7-4F5C-A16C-1DC2AB001017}.Release|Any CPU.Build.0 = Release|Any CPU
		{C2A10017-89C7-4F5C-A16C-1DC2AB001017}.Release|x64.ActiveCfg = Release|Any CPU
		{C2A10017-89C7-4F5C-A16C-1DC2AB001017}.Release|x64.Build.0 = Release|Any CPU
		{C2A10017-89C7-4F5C-A16C-1DC2AB001017}.Release|x86.ActiveCfg = Release|Any CPU
		{C2A10017-89C7-4F5C-A16C-1DC2AB001017}.Release|x86.Build.0 = Release|Any CPU
		{C2A10018-89C7-4F5C-A16C-1DC2AB001018}.Debug|Any CPU.ActiveCfg = Debug|Any CPU
		{C2A10018-89C7-4F5C-A16C-1DC2AB001018}.Debug|Any CPU.Build.0 = Debug|Any CPU
		{C2A10018-89C7-4F5C-A16C-1DC2AB001018}.Debug|x64.ActiveCfg = Debug|Any CPU
		{C2A10018-89C7-4F5C-A16C-1DC2AB001018}.Debug|x64.Build.0 = Debug|Any CPU
		{C2A10018-89C7-4F5C-A16C-1DC2AB001018}.Debug|x86.ActiveCfg = Debug|Any CPU
		{C2A10018-89C7-4F5C-A16C-1DC2AB001018}.Debug|x86.Build.0 = Debug|Any CPU
		{C2A10018-89C7-4F5C-A16C-1DC2AB001018}.Release|Any CPU.ActiveCfg = Release|Any CPU
		{C2A10018-89C7-4F5C-A16C-1DC2AB001018}.Release|Any CPU.Build.0 = Release|Any CPU
		{C2A10018-89C7-4F5C-A16C-1DC2AB001018}.Release|x64.ActiveCfg = Release|Any CPU
		{C2A10018-89C7-4F5C-A16C-1DC2AB001018}.Release|x64.Build.0 = Release|Any CPU
		{C2A10018-89C7-4F5C-A16C-1DC2AB001018}.Release|x86.ActiveCfg = Release|Any CPU
		{C2A10018-89C7-4F5C-A16C-1DC2AB001018}.Release|x86.Build.0 = Release|Any CPU
		{C2A10019-89C7-4F5C-A16C-1DC2AB001019}.Debug|Any CPU.ActiveCfg = Debug|Any CPU
		{C2A10019-89C7-4F5C-A16C-1DC2AB001019}.Debug|Any CPU.Build.0 = Debug|Any CPU
		{C2A10019-89C7-4F5C-A16C-1DC2AB001019}.Debug|x64.ActiveCfg = Debug|Any CPU
		{C2A10019-89C7-4F5C-A16C-1DC2AB001019}.Debug|x64.Build.0 = Debug|Any CPU
		{C2A10019-89C7-4F5C-A16C-1DC2AB001019}.Debug|x86.ActiveCfg = Debug|Any CPU
		{C2A10019-89C7-4F5C-A16C-1DC2AB001019}.Debug|x86.Build.0 = Debug|Any CPU
		{C2A10019-89C7-4F5C-A16C-1DC2AB001019}.Release|Any CPU.ActiveCfg = Release|Any CPU
		{C2A10019-89C7-4F5C-A16C-1DC2AB001019}.Release|Any CPU.Build.0 = Release|Any CPU
		{C2A10019-89C7-4F5C-A16C-1DC2AB001019}.Release|x64.ActiveCfg = Release|Any CPU
		{C2A10019-89C7-4F5C-A16C-1DC2AB001019}.Release|x64.Build.0 = Release|Any CPU
		{C2A10019-89C7-4F5C-A16C-1DC2AB001019}.Release|x86.ActiveCfg = Release|Any CPU
		{C2A10019-89C7-4F5C-A16C-1DC2AB001019}.Release|x86.Build.0 = Release|Any CPU
		{C2A10020-89C7-4F5C-A16C-1DC2AB001020}.Debug|Any CPU.ActiveCfg = Debug|Any CPU
		{C2A10020-89C7-4F5C-A16C-1DC2AB001020}.Debug|Any CPU.Build.0 = Debug|Any CPU
		{C2A10020-89C7-4F5C-A16C-1DC2AB001020}.Debug|x64.ActiveCfg = Debug|Any CPU
		{C2A10020-89C7-4F5C-A16C-1DC2AB001020}.Debug|x64.Build.0 = Debug|Any CPU
		{C2A10020-89C7-4F5C-A16C-1DC2AB001020}.Debug|x86.ActiveCfg = Debug|Any CPU
		{C2A10020-89C7-4F5C-A16C-1DC2AB001020}.Debug|x86.Build.0 = Debug|Any CPU
		{C2A10020-89C7-4F5C-A16C-1DC2AB001020}.Release|Any CPU.ActiveCfg = Release|Any CPU
		{C2A10020-89C7-4F5C-A16C-1DC2AB001020}.Release|Any CPU.Build.0 = Release|Any CPU
		{C2A10020-89C7-4F5C-A16C-1DC2AB001020}.Release|x64.ActiveCfg = Release|Any CPU
		{C2A10020-89C7-4F5C-A16C-1DC2AB001020}.Release|x64.Build.0 = Release|Any CPU
		{C2A10020-89C7-4F5C-A16C-1DC2AB001020}.Release|x86.ActiveCfg = Release|Any CPU
		{C2A10020-89C7-4F5C-A16C-1DC2AB001020}.Release|x86.Build.0 = Release|Any CPU
		{C2A10021-89C7-4F5C-A16C-1DC2AB001021}.Debug|Any CPU.ActiveCfg = Debug|Any CPU
		{C2A10021-89C7-4F5C-A16C-1DC2AB001021}.Debug|Any CPU.Build.0 = Debug|Any CPU
		{C2A10021-89C7-4F5C-A16C-1DC2AB001021}.Debug|x64.ActiveCfg = Debug|Any CPU
		{C2A10021-89C7-4F5C-A16C-1DC2AB001021}.Debug|x64.Build.0 = Debug|Any CPU
		{C2A10021-89C7-4F5C-A16C-1DC2AB001021}.Debug|x86.ActiveCfg = Debug|Any CPU
		{C2A10021-89C7-4F5C-A16C-1DC2AB001021}.Debug|x86.Build.0 = Debug|Any CPU
		{C2A10021-89C7-4F5C-A16C-1DC2AB001021}.Release|Any CPU.ActiveCfg = Release|Any CPU
		{C2A10021-89C7-4F5C-A16C-1DC2AB001021}.Release|Any CPU.Build.0 = Release|Any CPU
		{C2A10021-89C7-4F5C-A16C-1DC2AB001021}.Release|x64.ActiveCfg = Release|Any CPU
		{C2A10021-89C7-4F5C-A16C-1DC2AB001021}.Release|x64.Build.0 = Release|Any CPU
		{C2A10021-89C7-4F5C-A16C-1DC2AB001021}.Release|x86.ActiveCfg = Release|Any CPU
		{C2A10021-89C7-4F5C-A16C-1DC2AB001021}.Release|x86.Build.0 = Release|Any CPU
		{C2A10022-89C7-4F5C-A16C-1DC2AB001022}.Debug|Any CPU.ActiveCfg = Debug|Any CPU
		{C2A10022-89C7-4F5C-A16C-1DC2AB001022}.Debug|Any CPU.Build.0 = Debug|Any CPU
		{C2A10022-89C7-4F5C-A16C-1DC2AB001022}.Debug|x64.ActiveCfg = Debug|Any CPU
		{C2A10022-89C7-4F5C-A16C-1DC2AB001022}.Debug|x64.Build.0 = Debug|Any CPU
		{C2A10022-89C7-4F5C-A16C-1DC2AB001022}.Debug|x86.ActiveCfg = Debug|Any CPU
		{C2A10022-89C7-4F5C-A16C-1DC2AB001022}.Debug|x86.Build.0 = Debug|Any CPU
		{C2A10022-89C7-4F5C-A16C-1DC2AB001022}.Release|Any CPU.ActiveCfg = Release|Any CPU
		{C2A10022-89C7-4F5C-A16C-1DC2AB001022}.Release|Any CPU.Build.0 = Release|Any CPU
		{C2A10022-89C7-4F5C-A16C-1DC2AB001022}.Release|x64.ActiveCfg = Release|Any CPU
		{C2A10022-89C7-4F5C-A16C-1DC2AB001022}.Release|x64.Build.0 = Release|Any CPU
		{C2A10022-89C7-4F5C-A16C-1DC2AB001022}.Release|x86.ActiveCfg = Release|Any CPU
		{C2A10022-89C7-4F5C-A16C-1DC2AB001022}.Release|x86.Build.0 = Release|Any CPU
		{C2A10023-89C7-4F5C-A16C-1DC2AB001023}.Debug|Any CPU.ActiveCfg = Debug|Any CPU
		{C2A10023-89C7-4F5C-A16C-1DC2AB001023}.Debug|Any CPU.Build.0 = Debug|Any CPU
		{C2A10023-89C7-4F5C-A16C-1DC2AB001023}.Debug|x64.ActiveCfg = Debug|Any CPU
		{C2A10023-89C7-4F5C-A16C-1DC2AB001023}.Debug|x64.Build.0 = Debug|Any CPU
		{C2A10023-89C7-4F5C-A16C-1DC2AB001023}.Debug|x86.ActiveCfg = Debug|Any CPU
		{C2A10023-89C7-4F5C-A16C-1DC2AB001023}.Debug|x86.Build.0 = Debug|Any CPU
		{C2A10023-89C7-4F5C-A16C-1DC2AB001023}.Release|Any CPU.ActiveCfg = Release|Any CPU
		{C2A10023-89C7-4F5C-A16C-1DC2AB001023}.Release|Any CPU.Build.0 = Release|Any CPU
		{C2A10023-89C7-4F5C-A16C-1DC2AB001023}.Release|x64.ActiveCfg = Release|Any CPU
		{C2A10023-89C7-4F5C-A16C-1DC2AB001023}.Release|x64.Build.0 = Release|Any CPU
		{C2A10023-89C7-4F5C-A16C-1DC2AB001023}.Release|x86.ActiveCfg = Release|Any CPU
		{C2A10023-89C7-4F5C-A16C-1DC2AB001023}.Release|x86.Build.0 = Release|Any CPU
		{C2A10024-89C7-4F5C-A16C-1DC2AB001024}.Debug|Any CPU.ActiveCfg = Debug|Any CPU
		{C2A10024-89C7-4F5C-A16C-1DC2AB001024}.Debug|Any CPU.Build.0 = Debug|Any CPU
		{C2A10024-89C7-4F5C-A16C-1DC2AB001024}.Debug|x64.ActiveCfg = Debug|Any CPU
		{C2A10024-89C7-4F5C-A16C-1DC2AB001024}.Debug|x64.Build.0 = Debug|Any CPU
		{C2A10024-89C7-4F5C-A16C-1DC2AB001024}.Debug|x86.ActiveCfg = Debug|Any CPU
		{C2A10024-89C7-4F5C-A16C-1DC2AB001024}.Debug|x86.Build.0 = Debug|Any CPU
		{C2A10024-89C7-4F5C-A16C-1DC2AB001024}.Release|Any CPU.ActiveCfg = Release|Any CPU
		{C2A10024-89C7-4F5C-A16C-1DC2AB001024}.Release|Any CPU.Build.0 = Release|Any CPU
		{C2A10024-89C7-4F5C-A16C-1DC2AB001024}.Release|x64.ActiveCfg = Release|Any CPU
		{C2A10024-89C7-4F5C-A16C-1DC2AB001024}.Release|x64.Build.0 = Release|Any CPU
		{C2A10024-89C7-4F5C-A16C-1DC2AB001024}.Release|x86.ActiveCfg = Release|Any CPU
		{C2A10024-89C7-4F5C-A16C-1DC2AB001024}.Release|x86.Build.0 = Release|Any CPU
		{C2A10025-89C7-4F5C-A16C-1DC2AB001025}.Debug|Any CPU.ActiveCfg = Debug|Any CPU
		{C2A10025-89C7-4F5C-A16C-1DC2AB001025}.Debug|Any CPU.Build.0 = Debug|Any CPU
		{C2A10025-89C7-4F5C-A16C-1DC2AB001025}.Debug|x64.ActiveCfg = Debug|Any CPU
		{C2A10025-89C7-4F5C-A16C-1DC2AB001025}.Debug|x64.Build.0 = Debug|Any CPU
		{C2A10025-89C7-4F5C-A16C-1DC2AB001025}.Debug|x86.ActiveCfg = Debug|Any CPU
		{C2A10025-89C7-4F5C-A16C-1DC2AB001025}.Debug|x86.Build.0 = Debug|Any CPU
		{C2A10025-89C7-4F5C-A16C-1DC2AB001025}.Release|Any CPU.ActiveCfg = Release|Any CPU
		{C2A10025-89C7-4F5C-A16C-1DC2AB001025}.Release|Any CPU.Build.0 = Release|Any CPU
		{C2A10025-89C7-4F5C-A16C-1DC2AB001025}.Release|x64.ActiveCfg = Release|Any CPU
		{C2A10025-89C7-4F5C-A16C-1DC2AB001025}.Release|x64.Build.0 = Release|Any CPU
		{C2A10025-89C7-4F5C-A16C-1DC2AB001025}.Release|x86.ActiveCfg = Release|Any CPU
		{C2A10025-89C7-4F5C-A16C-1DC2AB001025}.Release|x86.Build.0 = Release|Any CPU
		{C2A10026-89C7-4F5C-A16C-1DC2AB001026}.Debug|Any CPU.ActiveCfg = Debug|Any CPU
		{C2A10026-89C7-4F5C-A16C-1DC2AB001026}.Debug|Any CPU.Build.0 = Debug|Any CPU
		{C2A10026-89C7-4F5C-A16C-1DC2AB001026}.Debug|x64.ActiveCfg = Debug|Any CPU
		{C2A10026-89C7-4F5C-A16C-1DC2AB001026}.Debug|x64.Build.0 = Debug|Any CPU
		{C2A10026-89C7-4F5C-A16C-1DC2AB001026}.Debug|x86.ActiveCfg = Debug|Any CPU
		{C2A10026-89C7-4F5C-A16C-1DC2AB001026}.Debug|x86.Build.0 = Debug|Any CPU
		{C2A10026-89C7-4F5C-A16C-1DC2AB001026}.Release|Any CPU.ActiveCfg = Release|Any CPU
		{C2A10026-89C7-4F5C-A16C-1DC2AB001026}.Release|Any CPU.Build.0 = Release|Any CPU
		{C2A10026-89C7-4F5C-A16C-1DC2AB001026}.Release|x64.ActiveCfg = Release|Any CPU
		{C2A10026-89C7-4F5C-A16C-1DC2AB001026}.Release|x64.Build.0 = Release|Any CPU
		{C2A10026-89C7-4F5C-A16C-1DC2AB001026}.Release|x86.ActiveCfg = Release|Any CPU
		{C2A10026-89C7-4F5C-A16C-1DC2AB001026}.Release|x86.Build.0 = Release|Any CPU
		{C2A10028-89C7-4F5C-A16C-1DC2AB001028}.Debug|Any CPU.ActiveCfg = Debug|Any CPU
		{C2A10028-89C7-4F5C-A16C-1DC2AB001028}.Debug|Any CPU.Build.0 = Debug|Any CPU
		{C2A10028-89C7-4F5C-A16C-1DC2AB001028}.Debug|x64.ActiveCfg = Debug|Any CPU
		{C2A10028-89C7-4F5C-A16C-1DC2AB001028}.Debug|x64.Build.0 = Debug|Any CPU
		{C2A10028-89C7-4F5C-A16C-1DC2AB001028}.Debug|x86.ActiveCfg = Debug|Any CPU
		{C2A10028-89C7-4F5C-A16C-1DC2AB001028}.Debug|x86.Build.0 = Debug|Any CPU
		{C2A10028-89C7-4F5C-A16C-1DC2AB001028}.Release|Any CPU.ActiveCfg = Release|Any CPU
		{C2A10028-89C7-4F5C-A16C-1DC2AB001028}.Release|Any CPU.Build.0 = Release|Any CPU
		{C2A10028-89C7-4F5C-A16C-1DC2AB001028}.Release|x64.ActiveCfg = Release|Any CPU
		{C2A10028-89C7-4F5C-A16C-1DC2AB001028}.Release|x64.Build.0 = Release|Any CPU
		{C2A10028-89C7-4F5C-A16C-1DC2AB001028}.Release|x86.ActiveCfg = Release|Any CPU
		{C2A10028-89C7-4F5C-A16C-1DC2AB001028}.Release|x86.Build.0 = Release|Any CPU
		{C2A10029-89C7-4F5C-A16C-1DC2AB001029}.Debug|Any CPU.ActiveCfg = Debug|Any CPU
		{C2A10029-89C7-4F5C-A16C-1DC2AB001029}.Debug|Any CPU.Build.0 = Debug|Any CPU
		{C2A10029-89C7-4F5C-A16C-1DC2AB001029}.Debug|x64.ActiveCfg = Debug|Any CPU
		{C2A10029-89C7-4F5C-A16C-1DC2AB001029}.Debug|x64.Build.0 = Debug|Any CPU
		{C2A10029-89C7-4F5C-A16C-1DC2AB001029}.Debug|x86.ActiveCfg = Debug|Any CPU
		{C2A10029-89C7-4F5C-A16C-1DC2AB001029}.Debug|x86.Build.0 = Debug|Any CPU
		{C2A10029-89C7-4F5C-A16C-1DC2AB001029}.Release|Any CPU.ActiveCfg = Release|Any CPU
		{C2A10029-89C7-4F5C-A16C-1DC2AB001029}.Release|Any CPU.Build.0 = Release|Any CPU
		{C2A10029-89C7-4F5C-A16C-1DC2AB001029}.Release|x64.ActiveCfg = Release|Any CPU
		{C2A10029-89C7-4F5C-A16C-1DC2AB001029}.Release|x64.Build.0 = Release|Any CPU
		{C2A10029-89C7-4F5C-A16C-1DC2AB001029}.Release|x86.ActiveCfg = Release|Any CPU
		{C2A10029-89C7-4F5C-A16C-1DC2AB001029}.Release|x86.Build.0 = Release|Any CPU
		{C2A10030-89C7-4F5C-A16C-1DC2AB001030}.Debug|Any CPU.ActiveCfg = Debug|Any CPU
		{C2A10030-89C7-4F5C-A16C-1DC2AB001030}.Debug|Any CPU.Build.0 = Debug|Any CPU
		{C2A10030-89C7-4F5C-A16C-1DC2AB001030}.Debug|x64.ActiveCfg = Debug|Any CPU
		{C2A10030-89C7-4F5C-A16C-1DC2AB001030}.Debug|x64.Build.0 = Debug|Any CPU
		{C2A10030-89C7-4F5C-A16C-1DC2AB001030}.Debug|x86.ActiveCfg = Debug|Any CPU
		{C2A10030-89C7-4F5C-A16C-1DC2AB001030}.Debug|x86.Build.0 = Debug|Any CPU
		{C2A10030-89C7-4F5C-A16C-1DC2AB001030}.Release|Any CPU.ActiveCfg = Release|Any CPU
		{C2A10030-89C7-4F5C-A16C-1DC2AB001030}.Release|Any CPU.Build.0 = Release|Any CPU
		{C2A10030-89C7-4F5C-A16C-1DC2AB001030}.Release|x64.ActiveCfg = Release|Any CPU
		{C2A10030-89C7-4F5C-A16C-1DC2AB001030}.Release|x64.Build.0 = Release|Any CPU
		{C2A10030-89C7-4F5C-A16C-1DC2AB001030}.Release|x86.ActiveCfg = Release|Any CPU
		{C2A10030-89C7-4F5C-A16C-1DC2AB001030}.Release|x86.Build.0 = Release|Any CPU
		{EE9A9EAA-14C3-4295-A60A-5361AB8DFFE8}.Debug|Any CPU.ActiveCfg = Debug|Any CPU
		{EE9A9EAA-14C3-4295-A60A-5361AB8DFFE8}.Debug|Any CPU.Build.0 = Debug|Any CPU
		{EE9A9EAA-14C3-4295-A60A-5361AB8DFFE8}.Debug|x64.ActiveCfg = Debug|Any CPU
		{EE9A9EAA-14C3-4295-A60A-5361AB8DFFE8}.Debug|x64.Build.0 = Debug|Any CPU
		{EE9A9EAA-14C3-4295-A60A-5361AB8DFFE8}.Debug|x86.ActiveCfg = Debug|Any CPU
		{EE9A9EAA-14C3-4295-A60A-5361AB8DFFE8}.Debug|x86.Build.0 = Debug|Any CPU
		{EE9A9EAA-14C3-4295-A60A-5361AB8DFFE8}.Release|Any CPU.ActiveCfg = Release|Any CPU
		{EE9A9EAA-14C3-4295-A60A-5361AB8DFFE8}.Release|Any CPU.Build.0 = Release|Any CPU
		{EE9A9EAA-14C3-4295-A60A-5361AB8DFFE8}.Release|x64.ActiveCfg = Release|Any CPU
		{EE9A9EAA-14C3-4295-A60A-5361AB8DFFE8}.Release|x64.Build.0 = Release|Any CPU
		{EE9A9EAA-14C3-4295-A60A-5361AB8DFFE8}.Release|x86.ActiveCfg = Release|Any CPU
		{EE9A9EAA-14C3-4295-A60A-5361AB8DFFE8}.Release|x86.Build.0 = Release|Any CPU
		{2694B8BF-59F7-4C46-820F-E7BA2DC7B079}.Debug|Any CPU.ActiveCfg = Debug|Any CPU
		{2694B8BF-59F7-4C46-820F-E7BA2DC7B079}.Debug|Any CPU.Build.0 = Debug|Any CPU
		{2694B8BF-59F7-4C46-820F-E7BA2DC7B079}.Debug|x64.ActiveCfg = Debug|Any CPU
		{2694B8BF-59F7-4C46-820F-E7BA2DC7B079}.Debug|x64.Build.0 = Debug|Any CPU
		{2694B8BF-59F7-4C46-820F-E7BA2DC7B079}.Debug|x86.ActiveCfg = Debug|Any CPU
		{2694B8BF-59F7-4C46-820F-E7BA2DC7B079}.Debug|x86.Build.0 = Debug|Any CPU
		{2694B8BF-59F7-4C46-820F-E7BA2DC7B079}.Release|Any CPU.ActiveCfg = Release|Any CPU
		{2694B8BF-59F7-4C46-820F-E7BA2DC7B079}.Release|Any CPU.Build.0 = Release|Any CPU
		{2694B8BF-59F7-4C46-820F-E7BA2DC7B079}.Release|x64.ActiveCfg = Release|Any CPU
		{2694B8BF-59F7-4C46-820F-E7BA2DC7B079}.Release|x64.Build.0 = Release|Any CPU
		{2694B8BF-59F7-4C46-820F-E7BA2DC7B079}.Release|x86.ActiveCfg = Release|Any CPU
		{2694B8BF-59F7-4C46-820F-E7BA2DC7B079}.Release|x86.Build.0 = Release|Any CPU
		{CF2C9B9A-8DF1-4324-8560-6EBE729A5A64}.Debug|Any CPU.ActiveCfg = Debug|Any CPU
		{CF2C9B9A-8DF1-4324-8560-6EBE729A5A64}.Debug|Any CPU.Build.0 = Debug|Any CPU
		{CF2C9B9A-8DF1-4324-8560-6EBE729A5A64}.Debug|x64.ActiveCfg = Debug|Any CPU
		{CF2C9B9A-8DF1-4324-8560-6EBE729A5A64}.Debug|x64.Build.0 = Debug|Any CPU
		{CF2C9B9A-8DF1-4324-8560-6EBE729A5A64}.Debug|x86.ActiveCfg = Debug|Any CPU
		{CF2C9B9A-8DF1-4324-8560-6EBE729A5A64}.Debug|x86.Build.0 = Debug|Any CPU
		{CF2C9B9A-8DF1-4324-8560-6EBE729A5A64}.Release|Any CPU.ActiveCfg = Release|Any CPU
		{CF2C9B9A-8DF1-4324-8560-6EBE729A5A64}.Release|Any CPU.Build.0 = Release|Any CPU
		{CF2C9B9A-8DF1-4324-8560-6EBE729A5A64}.Release|x64.ActiveCfg = Release|Any CPU
		{CF2C9B9A-8DF1-4324-8560-6EBE729A5A64}.Release|x64.Build.0 = Release|Any CPU
		{CF2C9B9A-8DF1-4324-8560-6EBE729A5A64}.Release|x86.ActiveCfg = Release|Any CPU
		{CF2C9B9A-8DF1-4324-8560-6EBE729A5A64}.Release|x86.Build.0 = Release|Any CPU
	EndGlobalSection
	GlobalSection(SolutionProperties) = preSolution
		HideSolutionNode = FALSE
	EndGlobalSection
	GlobalSection(NestedProjects) = preSolution
		{DA736EA8-3C87-4E95-B095-2BCB2AEACC8C} = {827E0CD3-B72D-47B6-A68D-7590B98EB39B}
		{A0B4529F-0147-4262-9622-E13A50933C8F} = {827E0CD3-B72D-47B6-A68D-7590B98EB39B}
		{13C81059-73DE-481A-9302-BBE49D5D1908} = {827E0CD3-B72D-47B6-A68D-7590B98EB39B}
		{8F7E6D5C-4B3A-2E1F-9C8D-7A6B5E4F3C2D} = {0AB3BF05-4346-4AA6-1389-037BE0695223}
		{E81076A2-81D5-415B-9470-A9A19B75849E} = {0AB3BF05-4346-4AA6-1389-037BE0695223}
		{C117FE35-0A84-8AD1-E8B1-F8B3DA2086B4} = {827E0CD3-B72D-47B6-A68D-7590B98EB39B}
		{3A10F7AE-734E-4F35-9BA4-5100EF2D3CFE} = {E54166BF-D5A5-D108-1244-AA6816D2859D}
		{04A410F1-2489-4D9B-BF9E-EF8BE64AD856} = {E54166BF-D5A5-D108-1244-AA6816D2859D}
		{6C14DFD3-7CE5-49EF-8064-11FF613ED924} = {827E0CD3-B72D-47B6-A68D-7590B98EB39B}
		{23F2739E-F5DF-4046-BDDC-8E98F194EB70} = {0AB3BF05-4346-4AA6-1389-037BE0695223}
		{0468A642-C9B8-4025-B567-05C0267416BD} = {827E0CD3-B72D-47B6-A68D-7590B98EB39B}
		{954B9BE9-BBF5-463B-8EFF-06B319721956} = {0AB3BF05-4346-4AA6-1389-037BE0695223}
		{6C1711BE-660A-4047-BC4F-7195C0932F06} = {E82A4248-C808-4E98-B071-E10E106F2FA0}
		{306D0482-394C-4E8B-A83B-9792927C7796} = {E82A4248-C808-4E98-B071-E10E106F2FA0}
		{580A7B1E-2034-4F55-8856-BC391F2193C6} = {827E0CD3-B72D-47B6-A68D-7590B98EB39B}
		{30F37BB9-DFE8-4056-992B-FCC15DD9C346} = {0AB3BF05-4346-4AA6-1389-037BE0695223}
		{9D109B16-FAFA-4D2C-A799-C2E45A93CE94} = {E82A4248-C808-4E98-B071-E10E106F2FA0}
		{66AED6CB-1CC0-4B49-B251-887A90824223} = {0AB3BF05-4346-4AA6-1389-037BE0695223}
		{6DA95106-7593-4FBA-8CBC-A1680E656095} = {827E0CD3-B72D-47B6-A68D-7590B98EB39B}
		{6575195D-30BA-4219-AA04-64A16D4AC3DF} = {0AB3BF05-4346-4AA6-1389-037BE0695223}
		{A40163CF-1F57-4F86-B9C6-C069D25091D9} = {E54166BF-D5A5-D108-1244-AA6816D2859D}
		{CD4CF130-B793-9614-0E81-38EF9536B660} = {E54166BF-D5A5-D108-1244-AA6816D2859D}
		{6083C18D-F78C-4FE6-9D66-9ED2A423BB57} = {CD4CF130-B793-9614-0E81-38EF9536B660}
		{D07B1440-2B4F-477E-96C2-AAA3E6A1457F} = {0AB3BF05-4346-4AA6-1389-037BE0695223}
		{0CFC07EF-9E0E-40AF-A6F5-9FCCF8198DA6} = {E54166BF-D5A5-D108-1244-AA6816D2859D}
		{16FE7DA3-B7B9-43FA-BA51-92242DBF8474} = {827E0CD3-B72D-47B6-A68D-7590B98EB39B}
		{976E8890-B2B1-463B-9ABA-F5A5092F683B} = {0AB3BF05-4346-4AA6-1389-037BE0695223}
		{3CCCECDC-FCC3-4A68-B31E-179B0DBCE9F9} = {0AB3BF05-4346-4AA6-1389-037BE0695223}
		{C119064F-CCFA-4476-B02F-947D688C58AD} = {827E0CD3-B72D-47B6-A68D-7590B98EB39B}
		{7FF8DCA7-6C4E-4D45-927D-96E44AD72D93} = {E54166BF-D5A5-D108-1244-AA6816D2859D}
		{CD4150E0-17D6-48C2-A9BF-0D0165BF9BD7} = {0AB3BF05-4346-4AA6-1389-037BE0695223}
		{5F400DB1-D06B-4124-A6E2-5D0286C23625} = {0AB3BF05-4346-4AA6-1389-037BE0695223}
		{C2A10027-89C7-4F5C-A16C-1DC2AB001027} = {0AB3BF05-4346-4AA6-1389-037BE0695223}
		{EDCDB527-36FE-467A-8DB1-EFE6CCF19EDC} = {E54166BF-D5A5-D108-1244-AA6816D2859D}
		{23017AC4-4974-4F76-ABF4-08177CDA1DA5} = {0AB3BF05-4346-4AA6-1389-037BE0695223}
		{93CA6943-2511-411C-89CB-901F7033ACCA} = {E54166BF-D5A5-D108-1244-AA6816D2859D}
		{6C83E41D-D690-4BAF-A4B5-8F753431C0D0} = {E54166BF-D5A5-D108-1244-AA6816D2859D}
		{7F8166C4-2EAD-433A-9EC4-7414FA712D1B} = {0AB3BF05-4346-4AA6-1389-037BE0695223}
		{A2C30DA9-70E2-4D6B-B377-4049A417FA77} = {0AB3BF05-4346-4AA6-1389-037BE0695223}
		{7767095B-2AB6-4F3D-9CF1-E0E477AB6C89} = {0AB3BF05-4346-4AA6-1389-037BE0695223}
		{4A2F4F6D-D038-4D75-BE46-C77C40C47D2E} = {0AB3BF05-4346-4AA6-1389-037BE0695223}
		{B8D7B76E-72C4-4F2F-AE44-9EE9AB928A35} = {0AB3BF05-4346-4AA6-1389-037BE0695223}
		{C2A10001-89C7-4F5C-A16C-1DC2AB001001} = {E54166BF-D5A5-D108-1244-AA6816D2859D}
		{C2A10002-89C7-4F5C-A16C-1DC2AB001002} = {0AB3BF05-4346-4AA6-1389-037BE0695223}
		{C2A10003-89C7-4F5C-A16C-1DC2AB001003} = {0AB3BF05-4346-4AA6-1389-037BE0695223}
		{C2A10004-89C7-4F5C-A16C-1DC2AB001004} = {0AB3BF05-4346-4AA6-1389-037BE0695223}
		{C2A10005-89C7-4F5C-A16C-1DC2AB001005} = {E54166BF-D5A5-D108-1244-AA6816D2859D}
		{C2A10006-89C7-4F5C-A16C-1DC2AB001006} = {0AB3BF05-4346-4AA6-1389-037BE0695223}
		{C2A10007-89C7-4F5C-A16C-1DC2AB001007} = {0AB3BF05-4346-4AA6-1389-037BE0695223}
		{C2A10008-89C7-4F5C-A16C-1DC2AB001008} = {0AB3BF05-4346-4AA6-1389-037BE0695223}
		{C2A10009-89C7-4F5C-A16C-1DC2AB001009} = {E54166BF-D5A5-D108-1244-AA6816D2859D}
		{C2A10010-89C7-4F5C-A16C-1DC2AB001010} = {0AB3BF05-4346-4AA6-1389-037BE0695223}
		{C2A10011-89C7-4F5C-A16C-1DC2AB001011} = {0AB3BF05-4346-4AA6-1389-037BE0695223}
		{C2A10012-89C7-4F5C-A16C-1DC2AB001012} = {E54166BF-D5A5-D108-1244-AA6816D2859D}
		{C2A10013-89C7-4F5C-A16C-1DC2AB001013} = {0AB3BF05-4346-4AA6-1389-037BE0695223}
		{C2A10014-89C7-4F5C-A16C-1DC2AB001014} = {0AB3BF05-4346-4AA6-1389-037BE0695223}
		{C2A10015-89C7-4F5C-A16C-1DC2AB001015} = {E54166BF-D5A5-D108-1244-AA6816D2859D}
		{C2A10016-89C7-4F5C-A16C-1DC2AB001016} = {0AB3BF05-4346-4AA6-1389-037BE0695223}
		{C2A10017-89C7-4F5C-A16C-1DC2AB001017} = {0AB3BF05-4346-4AA6-1389-037BE0695223}
		{C2A10018-89C7-4F5C-A16C-1DC2AB001018} = {E54166BF-D5A5-D108-1244-AA6816D2859D}
		{C2A10019-89C7-4F5C-A16C-1DC2AB001019} = {0AB3BF05-4346-4AA6-1389-037BE0695223}
		{C2A10020-89C7-4F5C-A16C-1DC2AB001020} = {0AB3BF05-4346-4AA6-1389-037BE0695223}
		{C2A10021-89C7-4F5C-A16C-1DC2AB001021} = {E54166BF-D5A5-D108-1244-AA6816D2859D}
		{C2A10022-89C7-4F5C-A16C-1DC2AB001022} = {0AB3BF05-4346-4AA6-1389-037BE0695223}
		{C2A10023-89C7-4F5C-A16C-1DC2AB001023} = {0AB3BF05-4346-4AA6-1389-037BE0695223}
		{C2A10024-89C7-4F5C-A16C-1DC2AB001024} = {E54166BF-D5A5-D108-1244-AA6816D2859D}
		{C2A10025-89C7-4F5C-A16C-1DC2AB001025} = {0AB3BF05-4346-4AA6-1389-037BE0695223}
		{C2A10026-89C7-4F5C-A16C-1DC2AB001026} = {0AB3BF05-4346-4AA6-1389-037BE0695223}
		{C2A10028-89C7-4F5C-A16C-1DC2AB001028} = {E54166BF-D5A5-D108-1244-AA6816D2859D}
		{C2A10029-89C7-4F5C-A16C-1DC2AB001029} = {0AB3BF05-4346-4AA6-1389-037BE0695223}
		{C2A10030-89C7-4F5C-A16C-1DC2AB001030} = {0AB3BF05-4346-4AA6-1389-037BE0695223}
		{EE9A9EAA-14C3-4295-A60A-5361AB8DFFE8} = {CD4CF130-B793-9614-0E81-38EF9536B660}
		{2694B8BF-59F7-4C46-820F-E7BA2DC7B079} = {CD4CF130-B793-9614-0E81-38EF9536B660}
		{CF2C9B9A-8DF1-4324-8560-6EBE729A5A64} = {CD4CF130-B793-9614-0E81-38EF9536B660}
	EndGlobalSection
	GlobalSection(ExtensibilityGlobals) = postSolution
		SolutionGuid = {27F8332B-5246-4251-9E70-572DD61ADC4C}
	EndGlobalSection
EndGlobal
