
Microsoft Visual Studio Solution File, Format Version 12.00
# Visual Studio Version 17
VisualStudioVersion = 17.14.36310.24
MinimumVisualStudioVersion = 10.0.40219.1
Project("{2150E333-8FDC-42A3-9474-1A3956D46DE8}") = "src", "src", "{827E0CD3-B72D-47B6-A68D-7590B98EB39B}"
EndProject
Project("{2150E333-8FDC-42A3-9474-1A3956D46DE8}") = "tests", "tests", "{0AB3BF05-4346-4AA6-1389-037BE0695223}"
EndProject
Project("{FAE04EC0-301F-11D3-BF4B-00C04F79EFBC}") = "Data", "src\Data\Data.csproj", "{DA736EA8-3C87-4E95-B095-2BCB2AEACC8C}"
EndProject
Project("{FAE04EC0-301F-11D3-BF4B-00C04F79EFBC}") = "Analyzers.Style", "src\Analyzers.Style\Analyzers.Style.csproj", "{A0B4529F-0147-4262-9622-E13A50933C8F}"
EndProject
Project("{FAE04EC0-301F-11D3-BF4B-00C04F79EFBC}") = "Analyzers.Style.CodeFixes", "src\Analyzers.Style.CodeFixes\Analyzers.Style.CodeFixes.csproj", "{13C81059-73DE-481A-9302-BBE49D5D1908}"
EndProject
Project("{FAE04EC0-301F-11D3-BF4B-00C04F79EFBC}") = "Data.Tests", "tests\Data.Tests\Data.Tests.csproj", "{8F7E6D5C-4B3A-2E1F-9C8D-7A6B5E4F3C2D}"
EndProject
Project("{FAE04EC0-301F-11D3-BF4B-00C04F79EFBC}") = "Analyzers.Style.Tests", "tests\Analyzers.Style.Tests\Analyzers.Style.Tests.csproj", "{E81076A2-81D5-415B-9470-A9A19B75849E}"
EndProject
Project("{2150E333-8FDC-42A3-9474-1A3956D46DE8}") = "prototypes", "prototypes", "{E54166BF-D5A5-D108-1244-AA6816D2859D}"
EndProject
Project("{FAE04EC0-301F-11D3-BF4B-00C04F79EFBC}") = "Diagnostics", "src\Diagnostics\Diagnostics.csproj", "{C117FE35-0A84-8AD1-E8B1-F8B3DA2086B4}"
EndProject
Project("{FAE04EC0-301F-11D3-BF4B-00C04F79EFBC}") = "Completion.Abstractions", "prototypes\Completion.Abstractions\Completion.Abstractions.csproj", "{3A10F7AE-734E-4F35-9BA4-5100EF2D3CFE}"
EndProject
Project("{FAE04EC0-301F-11D3-BF4B-00C04F79EFBC}") = "Completion", "prototypes\Completion\Completion.csproj", "{04A410F1-2489-4D9B-BF9E-EF8BE64AD856}"
EndProject
Project("{FAE04EC0-301F-11D3-BF4B-00C04F79EFBC}") = "Primitives", "src\Primitives\Primitives.csproj", "{6C14DFD3-7CE5-49EF-8064-11FF613ED924}"
EndProject
Project("{FAE04EC0-301F-11D3-BF4B-00C04F79EFBC}") = "Primitives.Tests", "tests\Primitives.Tests\Primitives.Tests.csproj", "{23F2739E-F5DF-4046-BDDC-8E98F194EB70}"
EndProject
Project("{FAE04EC0-301F-11D3-BF4B-00C04F79EFBC}") = "Rbf", "src\Rbf\Rbf.csproj", "{0468A642-C9B8-4025-B567-05C0267416BD}"
EndProject
Project("{FAE04EC0-301F-11D3-BF4B-00C04F79EFBC}") = "Rbf.Tests", "tests\Rbf.Tests\Rbf.Tests.csproj", "{954B9BE9-BBF5-463B-8EFF-06B319721956}"
EndProject
Project("{2150E333-8FDC-42A3-9474-1A3956D46DE8}") = "benchmarks", "benchmarks", "{E82A4248-C808-4E98-B071-E10E106F2FA0}"
EndProject
Project("{FAE04EC0-301F-11D3-BF4B-00C04F79EFBC}") = "Rbf.Benchmarks", "benchmarks\Rbf.Benchmarks\Rbf.Benchmarks.csproj", "{6C1711BE-660A-4047-BC4F-7195C0932F06}"
EndProject
Project("{FAE04EC0-301F-11D3-BF4B-00C04F79EFBC}") = "Data.Benchmarks", "benchmarks\Data.Benchmarks\Data.Benchmarks.csproj", "{306D0482-394C-4E8B-A83B-9792927C7796}"
EndProject
Project("{FAE04EC0-301F-11D3-BF4B-00C04F79EFBC}") = "StateJournal", "src\StateJournal\StateJournal.csproj", "{580A7B1E-2034-4F55-8856-BC391F2193C6}"
EndProject
Project("{FAE04EC0-301F-11D3-BF4B-00C04F79EFBC}") = "StateJournal.Tests", "tests\StateJournal.Tests\StateJournal.Tests.csproj", "{30F37BB9-DFE8-4056-992B-FCC15DD9C346}"
EndProject
Project("{FAE04EC0-301F-11D3-BF4B-00C04F79EFBC}") = "RevisionCommit.Bench", "benchmarks\RevisionCommit.Bench\RevisionCommit.Bench.csproj", "{9D109B16-FAFA-4D2C-A799-C2E45A93CE94}"
EndProject
Project("{FAE04EC0-301F-11D3-BF4B-00C04F79EFBC}") = "Completion.Tests", "tests\Completion.Tests\Completion.Tests.csproj", "{66AED6CB-1CC0-4B49-B251-887A90824223}"
EndProject
Project("{FAE04EC0-301F-11D3-BF4B-00C04F79EFBC}") = "TextEditScript", "src\TextEditScript\TextEditScript.csproj", "{6DA95106-7593-4FBA-8CBC-A1680E656095}"
EndProject
Project("{FAE04EC0-301F-11D3-BF4B-00C04F79EFBC}") = "TextEditScript.Tests", "tests\TextEditScript.Tests\TextEditScript.Tests.csproj", "{6575195D-30BA-4219-AA04-64A16D4AC3DF}"
EndProject
Project("{FAE04EC0-301F-11D3-BF4B-00C04F79EFBC}") = "MutableContextAgentProto", "prototypes\MutableContextAgentProto\MutableContextAgentProto.csproj", "{9D7D3910-FB25-4014-94A8-19456E02DC14}"
EndProject
Project("{FAE04EC0-301F-11D3-BF4B-00C04F79EFBC}") = "Completion.Tools", "prototypes\Completion.Tools\Completion.Tools.csproj", "{A40163CF-1F57-4F86-B9C6-C069D25091D9}"
EndProject
Project("{FAE04EC0-301F-11D3-BF4B-00C04F79EFBC}") = "TextAdv2", "prototypes\TextAdv2\TextAdv2.csproj", "{CCCF7F2C-D3D0-46BA-AF0E-EA9A9BCC490A}"
EndProject
Project("{FAE04EC0-301F-11D3-BF4B-00C04F79EFBC}") = "TextAdv2.Tests", "tests\TextAdv2.Tests\TextAdv2.Tests.csproj", "{595D180F-08E6-4AB6-A401-8FC117BD56D4}"
EndProject
Project("{FAE04EC0-301F-11D3-BF4B-00C04F79EFBC}") = "TextAdv2.E2eCli", "prototypes\TextAdv2.E2eCli\TextAdv2.E2eCli.csproj", "{E0250E69-D458-4905-880A-9BF22FE2E705}"
EndProject
Project("{FAE04EC0-301F-11D3-BF4B-00C04F79EFBC}") = "TextAdv2.GameServer", "prototypes\TextAdv2.GameServer\TextAdv2.GameServer.csproj", "{AD2AF2A4-CA3D-48E0-9FD1-8202456CBE62}"
EndProject
Project("{FAE04EC0-301F-11D3-BF4B-00C04F79EFBC}") = "TextAdv2.DefaultAgent", "prototypes\TextAdv2.DefaultAgent\TextAdv2.DefaultAgent.csproj", "{3B6D6491-0114-4381-B74D-00D0A59C02A7}"
EndProject
Project("{FAE04EC0-301F-11D3-BF4B-00C04F79EFBC}") = "ChatSession", "prototypes\ChatSession\ChatSession.csproj", "{9D2D02D5-DF87-402C-AE76-437979A0CD3F}"
EndProject
Project("{FAE04EC0-301F-11D3-BF4B-00C04F79EFBC}") = "FamilyChat.Server", "prototypes\FamilyChat.Server\FamilyChat.Server.csproj", "{FC36E48F-B0F3-4199-BC02-30EFAC76BD8A}"
EndProject
Project("{FAE04EC0-301F-11D3-BF4B-00C04F79EFBC}") = "EndlessDream", "prototypes\EndlessDream\EndlessDream.csproj", "{FCCF1891-499A-49B8-8D5B-A21DF37E81A0}"
EndProject
Project("{FAE04EC0-301F-11D3-BF4B-00C04F79EFBC}") = "Agent.Core", "prototypes\Agent.Core\Agent.Core.csproj", "{1D6437E4-4DBF-4997-AA1D-33B2723A40ED}"
EndProject
Project("{FAE04EC0-301F-11D3-BF4B-00C04F79EFBC}") = "MemoTree", "prototypes\MemoTree\MemoTree.csproj", "{0CE50AD0-4570-4C1B-A396-8FD1779B12F0}"
EndProject
Project("{FAE04EC0-301F-11D3-BF4B-00C04F79EFBC}") = "Agent.Core.Tests", "tests\Agent.Core.Tests\Agent.Core.Tests.csproj", "{30DD824E-3FC7-466E-B0A5-20631DEF4A5B}"
EndProject
Project("{2150E333-8FDC-42A3-9474-1A3956D46DE8}") = "Galatea", "Galatea", "{CD4CF130-B793-9614-0E81-38EF9536B660}"
EndProject
Project("{FAE04EC0-301F-11D3-BF4B-00C04F79EFBC}") = "Galatea.Server", "prototypes\Galatea\Galatea.Server.csproj", "{6083C18D-F78C-4FE6-9D66-9ED2A423BB57}"
EndProject
Project("{FAE04EC0-301F-11D3-BF4B-00C04F79EFBC}") = "ChatSession.BacktestCli", "prototypes\ChatSession.BacktestCli\ChatSession.BacktestCli.csproj", "{0CFC07EF-9E0E-40AF-A6F5-9FCCF8198DA6}"
EndProject
Project("{FAE04EC0-301F-11D3-BF4B-00C04F79EFBC}") = "ChatSession.Memory", "prototypes\ChatSession.Memory\ChatSession.Memory.csproj", "{09870F62-53FB-4698-A725-59466AAD8B4E}"
EndProject
Project("{FAE04EC0-301F-11D3-BF4B-00C04F79EFBC}") = "ChatSession.Memory.Tests", "tests\ChatSession.Memory.Tests\ChatSession.Memory.Tests.csproj", "{B229B3C9-58A8-4761-8CFC-36E4D305CF1D}"
EndProject
Project("{FAE04EC0-301F-11D3-BF4B-00C04F79EFBC}") = "RbfSegmentStore", "src\RbfSegmentStore\RbfSegmentStore.csproj", "{16FE7DA3-B7B9-43FA-BA51-92242DBF8474}"
EndProject
Project("{FAE04EC0-301F-11D3-BF4B-00C04F79EFBC}") = "RbfSegmentStore.Tests", "tests\RbfSegmentStore.Tests\RbfSegmentStore.Tests.csproj", "{976E8890-B2B1-463B-9ABA-F5A5092F683B}"
EndProject
Global
	GlobalSection(SolutionConfigurationPlatforms) = preSolution
		Debug|Any CPU = Debug|Any CPU
		Debug|x64 = Debug|x64
		Debug|x86 = Debug|x86
		Release|Any CPU = Release|Any CPU
		Release|x64 = Release|x64
		Release|x86 = Release|x86
	EndGlobalSection
	GlobalSection(ProjectConfigurationPlatforms) = postSolution
		{DA736EA8-3C87-4E95-B095-2BCB2AEACC8C}.Debug|Any CPU.ActiveCfg = Debug|Any CPU
		{DA736EA8-3C87-4E95-B095-2BCB2AEACC8C}.Debug|Any CPU.Build.0 = Debug|Any CPU
		{DA736EA8-3C87-4E95-B095-2BCB2AEACC8C}.Debug|x64.ActiveCfg = Debug|Any CPU
		{DA736EA8-3C87-4E95-B095-2BCB2AEACC8C}.Debug|x64.Build.0 = Debug|Any CPU
		{DA736EA8-3C87-4E95-B095-2BCB2AEACC8C}.Debug|x86.ActiveCfg = Debug|Any CPU
		{DA736EA8-3C87-4E95-B095-2BCB2AEACC8C}.Debug|x86.Build.0 = Debug|Any CPU
		{DA736EA8-3C87-4E95-B095-2BCB2AEACC8C}.Release|Any CPU.ActiveCfg = Release|Any CPU
		{DA736EA8-3C87-4E95-B095-2BCB2AEACC8C}.Release|Any CPU.Build.0 = Release|Any CPU
		{DA736EA8-3C87-4E95-B095-2BCB2AEACC8C}.Release|x64.ActiveCfg = Release|Any CPU
		{DA736EA8-3C87-4E95-B095-2BCB2AEACC8C}.Release|x64.Build.0 = Release|Any CPU
		{DA736EA8-3C87-4E95-B095-2BCB2AEACC8C}.Release|x86.ActiveCfg = Release|Any CPU
		{DA736EA8-3C87-4E95-B095-2BCB2AEACC8C}.Release|x86.Build.0 = Release|Any CPU
		{A0B4529F-0147-4262-9622-E13A50933C8F}.Debug|Any CPU.ActiveCfg = Debug|Any CPU
		{A0B4529F-0147-4262-9622-E13A50933C8F}.Debug|Any CPU.Build.0 = Debug|Any CPU
		{A0B4529F-0147-4262-9622-E13A50933C8F}.Debug|x64.ActiveCfg = Debug|Any CPU
		{A0B4529F-0147-4262-9622-E13A50933C8F}.Debug|x64.Build.0 = Debug|Any CPU
		{A0B4529F-0147-4262-9622-E13A50933C8F}.Debug|x86.ActiveCfg = Debug|Any CPU
		{A0B4529F-0147-4262-9622-E13A50933C8F}.Debug|x86.Build.0 = Debug|Any CPU
		{A0B4529F-0147-4262-9622-E13A50933C8F}.Release|Any CPU.ActiveCfg = Release|Any CPU
		{A0B4529F-0147-4262-9622-E13A50933C8F}.Release|Any CPU.Build.0 = Release|Any CPU
		{A0B4529F-0147-4262-9622-E13A50933C8F}.Release|x64.ActiveCfg = Release|Any CPU
		{A0B4529F-0147-4262-9622-E13A50933C8F}.Release|x64.Build.0 = Release|Any CPU
		{A0B4529F-0147-4262-9622-E13A50933C8F}.Release|x86.ActiveCfg = Release|Any CPU
		{A0B4529F-0147-4262-9622-E13A50933C8F}.Release|x86.Build.0 = Release|Any CPU
		{13C81059-73DE-481A-9302-BBE49D5D1908}.Debug|Any CPU.ActiveCfg = Debug|Any CPU
		{13C81059-73DE-481A-9302-BBE49D5D1908}.Debug|Any CPU.Build.0 = Debug|Any CPU
		{13C81059-73DE-481A-9302-BBE49D5D1908}.Debug|x64.ActiveCfg = Debug|Any CPU
		{13C81059-73DE-481A-9302-BBE49D5D1908}.Debug|x64.Build.0 = Debug|Any CPU
		{13C81059-73DE-481A-9302-BBE49D5D1908}.Debug|x86.ActiveCfg = Debug|Any CPU
		{13C81059-73DE-481A-9302-BBE49D5D1908}.Debug|x86.Build.0 = Debug|Any CPU
		{13C81059-73DE-481A-9302-BBE49D5D1908}.Release|Any CPU.ActiveCfg = Release|Any CPU
		{13C81059-73DE-481A-9302-BBE49D5D1908}.Release|Any CPU.Build.0 = Release|Any CPU
		{13C81059-73DE-481A-9302-BBE49D5D1908}.Release|x64.ActiveCfg = Release|Any CPU
		{13C81059-73DE-481A-9302-BBE49D5D1908}.Release|x64.Build.0 = Release|Any CPU
		{13C81059-73DE-481A-9302-BBE49D5D1908}.Release|x86.ActiveCfg = Release|Any CPU
		{13C81059-73DE-481A-9302-BBE49D5D1908}.Release|x86.Build.0 = Release|Any CPU
		{8F7E6D5C-4B3A-2E1F-9C8D-7A6B5E4F3C2D}.Debug|Any CPU.ActiveCfg = Debug|Any CPU
		{8F7E6D5C-4B3A-2E1F-9C8D-7A6B5E4F3C2D}.Debug|Any CPU.Build.0 = Debug|Any CPU
		{8F7E6D5C-4B3A-2E1F-9C8D-7A6B5E4F3C2D}.Debug|x64.ActiveCfg = Debug|Any CPU
		{8F7E6D5C-4B3A-2E1F-9C8D-7A6B5E4F3C2D}.Debug|x64.Build.0 = Debug|Any CPU
		{8F7E6D5C-4B3A-2E1F-9C8D-7A6B5E4F3C2D}.Debug|x86.ActiveCfg = Debug|Any CPU
		{8F7E6D5C-4B3A-2E1F-9C8D-7A6B5E4F3C2D}.Debug|x86.Build.0 = Debug|Any CPU
		{8F7E6D5C-4B3A-2E1F-9C8D-7A6B5E4F3C2D}.Release|Any CPU.ActiveCfg = Release|Any CPU
		{8F7E6D5C-4B3A-2E1F-9C8D-7A6B5E4F3C2D}.Release|Any CPU.Build.0 = Release|Any CPU
		{8F7E6D5C-4B3A-2E1F-9C8D-7A6B5E4F3C2D}.Release|x64.ActiveCfg = Release|Any CPU
		{8F7E6D5C-4B3A-2E1F-9C8D-7A6B5E4F3C2D}.Release|x64.Build.0 = Release|Any CPU
		{8F7E6D5C-4B3A-2E1F-9C8D-7A6B5E4F3C2D}.Release|x86.ActiveCfg = Release|Any CPU
		{8F7E6D5C-4B3A-2E1F-9C8D-7A6B5E4F3C2D}.Release|x86.Build.0 = Release|Any CPU
		{E81076A2-81D5-415B-9470-A9A19B75849E}.Debug|Any CPU.ActiveCfg = Debug|Any CPU
		{E81076A2-81D5-415B-9470-A9A19B75849E}.Debug|Any CPU.Build.0 = Debug|Any CPU
		{E81076A2-81D5-415B-9470-A9A19B75849E}.Debug|x64.ActiveCfg = Debug|Any CPU
		{E81076A2-81D5-415B-9470-A9A19B75849E}.Debug|x64.Build.0 = Debug|Any CPU
		{E81076A2-81D5-415B-9470-A9A19B75849E}.Debug|x86.ActiveCfg = Debug|Any CPU
		{E81076A2-81D5-415B-9470-A9A19B75849E}.Debug|x86.Build.0 = Debug|Any CPU
		{E81076A2-81D5-415B-9470-A9A19B75849E}.Release|Any CPU.ActiveCfg = Release|Any CPU
		{E81076A2-81D5-415B-9470-A9A19B75849E}.Release|Any CPU.Build.0 = Release|Any CPU
		{E81076A2-81D5-415B-9470-A9A19B75849E}.Release|x64.ActiveCfg = Release|Any CPU
		{E81076A2-81D5-415B-9470-A9A19B75849E}.Release|x64.Build.0 = Release|Any CPU
		{E81076A2-81D5-415B-9470-A9A19B75849E}.Release|x86.ActiveCfg = Release|Any CPU
		{E81076A2-81D5-415B-9470-A9A19B75849E}.Release|x86.Build.0 = Release|Any CPU
		{C117FE35-0A84-8AD1-E8B1-F8B3DA2086B4}.Debug|Any CPU.ActiveCfg = Debug|Any CPU
		{C117FE35-0A84-8AD1-E8B1-F8B3DA2086B4}.Debug|Any CPU.Build.0 = Debug|Any CPU
		{C117FE35-0A84-8AD1-E8B1-F8B3DA2086B4}.Debug|x64.ActiveCfg = Debug|Any CPU
		{C117FE35-0A84-8AD1-E8B1-F8B3DA2086B4}.Debug|x64.Build.0 = Debug|Any CPU
		{C117FE35-0A84-8AD1-E8B1-F8B3DA2086B4}.Debug|x86.ActiveCfg = Debug|Any CPU
		{C117FE35-0A84-8AD1-E8B1-F8B3DA2086B4}.Debug|x86.Build.0 = Debug|Any CPU
		{C117FE35-0A84-8AD1-E8B1-F8B3DA2086B4}.Release|Any CPU.ActiveCfg = Release|Any CPU
		{C117FE35-0A84-8AD1-E8B1-F8B3DA2086B4}.Release|Any CPU.Build.0 = Release|Any CPU
		{C117FE35-0A84-8AD1-E8B1-F8B3DA2086B4}.Release|x64.ActiveCfg = Release|Any CPU
		{C117FE35-0A84-8AD1-E8B1-F8B3DA2086B4}.Release|x64.Build.0 = Release|Any CPU
		{C117FE35-0A84-8AD1-E8B1-F8B3DA2086B4}.Release|x86.ActiveCfg = Release|Any CPU
		{C117FE35-0A84-8AD1-E8B1-F8B3DA2086B4}.Release|x86.Build.0 = Release|Any CPU
		{3A10F7AE-734E-4F35-9BA4-5100EF2D3CFE}.Debug|Any CPU.ActiveCfg = Debug|Any CPU
		{3A10F7AE-734E-4F35-9BA4-5100EF2D3CFE}.Debug|Any CPU.Build.0 = Debug|Any CPU
		{3A10F7AE-734E-4F35-9BA4-5100EF2D3CFE}.Debug|x64.ActiveCfg = Debug|Any CPU
		{3A10F7AE-734E-4F35-9BA4-5100EF2D3CFE}.Debug|x64.Build.0 = Debug|Any CPU
		{3A10F7AE-734E-4F35-9BA4-5100EF2D3CFE}.Debug|x86.ActiveCfg = Debug|Any CPU
		{3A10F7AE-734E-4F35-9BA4-5100EF2D3CFE}.Debug|x86.Build.0 = Debug|Any CPU
		{3A10F7AE-734E-4F35-9BA4-5100EF2D3CFE}.Release|Any CPU.ActiveCfg = Release|Any CPU
		{3A10F7AE-734E-4F35-9BA4-5100EF2D3CFE}.Release|Any CPU.Build.0 = Release|Any CPU
		{3A10F7AE-734E-4F35-9BA4-5100EF2D3CFE}.Release|x64.ActiveCfg = Release|Any CPU
		{3A10F7AE-734E-4F35-9BA4-5100EF2D3CFE}.Release|x64.Build.0 = Release|Any CPU
		{3A10F7AE-734E-4F35-9BA4-5100EF2D3CFE}.Release|x86.ActiveCfg = Release|Any CPU
		{3A10F7AE-734E-4F35-9BA4-5100EF2D3CFE}.Release|x86.Build.0 = Release|Any CPU
		{04A410F1-2489-4D9B-BF9E-EF8BE64AD856}.Debug|Any CPU.ActiveCfg = Debug|Any CPU
		{04A410F1-2489-4D9B-BF9E-EF8BE64AD856}.Debug|Any CPU.Build.0 = Debug|Any CPU
		{04A410F1-2489-4D9B-BF9E-EF8BE64AD856}.Debug|x64.ActiveCfg = Debug|Any CPU
		{04A410F1-2489-4D9B-BF9E-EF8BE64AD856}.Debug|x64.Build.0 = Debug|Any CPU
		{04A410F1-2489-4D9B-BF9E-EF8BE64AD856}.Debug|x86.ActiveCfg = Debug|Any CPU
		{04A410F1-2489-4D9B-BF9E-EF8BE64AD856}.Debug|x86.Build.0 = Debug|Any CPU
		{04A410F1-2489-4D9B-BF9E-EF8BE64AD856}.Release|Any CPU.ActiveCfg = Release|Any CPU
		{04A410F1-2489-4D9B-BF9E-EF8BE64AD856}.Release|Any CPU.Build.0 = Release|Any CPU
		{04A410F1-2489-4D9B-BF9E-EF8BE64AD856}.Release|x64.ActiveCfg = Release|Any CPU
		{04A410F1-2489-4D9B-BF9E-EF8BE64AD856}.Release|x64.Build.0 = Release|Any CPU
		{04A410F1-2489-4D9B-BF9E-EF8BE64AD856}.Release|x86.ActiveCfg = Release|Any CPU
		{04A410F1-2489-4D9B-BF9E-EF8BE64AD856}.Release|x86.Build.0 = Release|Any CPU
		{6C14DFD3-7CE5-49EF-8064-11FF613ED924}.Debug|Any CPU.ActiveCfg = Debug|Any CPU
		{6C14DFD3-7CE5-49EF-8064-11FF613ED924}.Debug|Any CPU.Build.0 = Debug|Any CPU
		{6C14DFD3-7CE5-49EF-8064-11FF613ED924}.Debug|x64.ActiveCfg = Debug|Any CPU
		{6C14DFD3-7CE5-49EF-8064-11FF613ED924}.Debug|x64.Build.0 = Debug|Any CPU
		{6C14DFD3-7CE5-49EF-8064-11FF613ED924}.Debug|x86.ActiveCfg = Debug|Any CPU
		{6C14DFD3-7CE5-49EF-8064-11FF613ED924}.Debug|x86.Build.0 = Debug|Any CPU
		{6C14DFD3-7CE5-49EF-8064-11FF613ED924}.Release|Any CPU.ActiveCfg = Release|Any CPU
		{6C14DFD3-7CE5-49EF-8064-11FF613ED924}.Release|Any CPU.Build.0 = Release|Any CPU
		{6C14DFD3-7CE5-49EF-8064-11FF613ED924}.Release|x64.ActiveCfg = Release|Any CPU
		{6C14DFD3-7CE5-49EF-8064-11FF613ED924}.Release|x64.Build.0 = Release|Any CPU
		{6C14DFD3-7CE5-49EF-8064-11FF613ED924}.Release|x86.ActiveCfg = Release|Any CPU
		{6C14DFD3-7CE5-49EF-8064-11FF613ED924}.Release|x86.Build.0 = Release|Any CPU
		{23F2739E-F5DF-4046-BDDC-8E98F194EB70}.Debug|Any CPU.ActiveCfg = Debug|Any CPU
		{23F2739E-F5DF-4046-BDDC-8E98F194EB70}.Debug|Any CPU.Build.0 = Debug|Any CPU
		{23F2739E-F5DF-4046-BDDC-8E98F194EB70}.Debug|x64.ActiveCfg = Debug|Any CPU
		{23F2739E-F5DF-4046-BDDC-8E98F194EB70}.Debug|x64.Build.0 = Debug|Any CPU
		{23F2739E-F5DF-4046-BDDC-8E98F194EB70}.Debug|x86.ActiveCfg = Debug|Any CPU
		{23F2739E-F5DF-4046-BDDC-8E98F194EB70}.Debug|x86.Build.0 = Debug|Any CPU
		{23F2739E-F5DF-4046-BDDC-8E98F194EB70}.Release|Any CPU.ActiveCfg = Release|Any CPU
		{23F2739E-F5DF-4046-BDDC-8E98F194EB70}.Release|Any CPU.Build.0 = Release|Any CPU
		{23F2739E-F5DF-4046-BDDC-8E98F194EB70}.Release|x64.ActiveCfg = Release|Any CPU
		{23F2739E-F5DF-4046-BDDC-8E98F194EB70}.Release|x64.Build.0 = Release|Any CPU
		{23F2739E-F5DF-4046-BDDC-8E98F194EB70}.Release|x86.ActiveCfg = Release|Any CPU
		{23F2739E-F5DF-4046-BDDC-8E98F194EB70}.Release|x86.Build.0 = Release|Any CPU
		{0468A642-C9B8-4025-B567-05C0267416BD}.Debug|Any CPU.ActiveCfg = Debug|Any CPU
		{0468A642-C9B8-4025-B567-05C0267416BD}.Debug|Any CPU.Build.0 = Debug|Any CPU
		{0468A642-C9B8-4025-B567-05C0267416BD}.Debug|x64.ActiveCfg = Debug|Any CPU
		{0468A642-C9B8-4025-B567-05C0267416BD}.Debug|x64.Build.0 = Debug|Any CPU
		{0468A642-C9B8-4025-B567-05C0267416BD}.Debug|x86.ActiveCfg = Debug|Any CPU
		{0468A642-C9B8-4025-B567-05C0267416BD}.Debug|x86.Build.0 = Debug|Any CPU
		{0468A642-C9B8-4025-B567-05C0267416BD}.Release|Any CPU.ActiveCfg = Release|Any CPU
		{0468A642-C9B8-4025-B567-05C0267416BD}.Release|Any CPU.Build.0 = Release|Any CPU
		{0468A642-C9B8-4025-B567-05C0267416BD}.Release|x64.ActiveCfg = Release|Any CPU
		{0468A642-C9B8-4025-B567-05C0267416BD}.Release|x64.Build.0 = Release|Any CPU
		{0468A642-C9B8-4025-B567-05C0267416BD}.Release|x86.ActiveCfg = Release|Any CPU
		{0468A642-C9B8-4025-B567-05C0267416BD}.Release|x86.Build.0 = Release|Any CPU
		{954B9BE9-BBF5-463B-8EFF-06B319721956}.Debug|Any CPU.ActiveCfg = Debug|Any CPU
		{954B9BE9-BBF5-463B-8EFF-06B319721956}.Debug|Any CPU.Build.0 = Debug|Any CPU
		{954B9BE9-BBF5-463B-8EFF-06B319721956}.Debug|x64.ActiveCfg = Debug|Any CPU
		{954B9BE9-BBF5-463B-8EFF-06B319721956}.Debug|x64.Build.0 = Debug|Any CPU
		{954B9BE9-BBF5-463B-8EFF-06B319721956}.Debug|x86.ActiveCfg = Debug|Any CPU
		{954B9BE9-BBF5-463B-8EFF-06B319721956}.Debug|x86.Build.0 = Debug|Any CPU
		{954B9BE9-BBF5-463B-8EFF-06B319721956}.Release|Any CPU.ActiveCfg = Release|Any CPU
		{954B9BE9-BBF5-463B-8EFF-06B319721956}.Release|Any CPU.Build.0 = Release|Any CPU
		{954B9BE9-BBF5-463B-8EFF-06B319721956}.Release|x64.ActiveCfg = Release|Any CPU
		{954B9BE9-BBF5-463B-8EFF-06B319721956}.Release|x64.Build.0 = Release|Any CPU
		{954B9BE9-BBF5-463B-8EFF-06B319721956}.Release|x86.ActiveCfg = Release|Any CPU
		{954B9BE9-BBF5-463B-8EFF-06B319721956}.Release|x86.Build.0 = Release|Any CPU
		{6C1711BE-660A-4047-BC4F-7195C0932F06}.Debug|Any CPU.ActiveCfg = Debug|Any CPU
		{6C1711BE-660A-4047-BC4F-7195C0932F06}.Debug|Any CPU.Build.0 = Debug|Any CPU
		{6C1711BE-660A-4047-BC4F-7195C0932F06}.Debug|x64.ActiveCfg = Debug|Any CPU
		{6C1711BE-660A-4047-BC4F-7195C0932F06}.Debug|x64.Build.0 = Debug|Any CPU
		{6C1711BE-660A-4047-BC4F-7195C0932F06}.Debug|x86.ActiveCfg = Debug|Any CPU
		{6C1711BE-660A-4047-BC4F-7195C0932F06}.Debug|x86.Build.0 = Debug|Any CPU
		{6C1711BE-660A-4047-BC4F-7195C0932F06}.Release|Any CPU.ActiveCfg = Release|Any CPU
		{6C1711BE-660A-4047-BC4F-7195C0932F06}.Release|Any CPU.Build.0 = Release|Any CPU
		{6C1711BE-660A-4047-BC4F-7195C0932F06}.Release|x64.ActiveCfg = Release|Any CPU
		{6C1711BE-660A-4047-BC4F-7195C0932F06}.Release|x64.Build.0 = Release|Any CPU
		{6C1711BE-660A-4047-BC4F-7195C0932F06}.Release|x86.ActiveCfg = Release|Any CPU
		{6C1711BE-660A-4047-BC4F-7195C0932F06}.Release|x86.Build.0 = Release|Any CPU
		{306D0482-394C-4E8B-A83B-9792927C7796}.Debug|Any CPU.ActiveCfg = Debug|Any CPU
		{306D0482-394C-4E8B-A83B-9792927C7796}.Debug|Any CPU.Build.0 = Debug|Any CPU
		{306D0482-394C-4E8B-A83B-9792927C7796}.Debug|x64.ActiveCfg = Debug|Any CPU
		{306D0482-394C-4E8B-A83B-9792927C7796}.Debug|x64.Build.0 = Debug|Any CPU
		{306D0482-394C-4E8B-A83B-9792927C7796}.Debug|x86.ActiveCfg = Debug|Any CPU
		{306D0482-394C-4E8B-A83B-9792927C7796}.Debug|x86.Build.0 = Debug|Any CPU
		{306D0482-394C-4E8B-A83B-9792927C7796}.Release|Any CPU.ActiveCfg = Release|Any CPU
		{306D0482-394C-4E8B-A83B-9792927C7796}.Release|Any CPU.Build.0 = Release|Any CPU
		{306D0482-394C-4E8B-A83B-9792927C7796}.Release|x64.ActiveCfg = Release|Any CPU
		{306D0482-394C-4E8B-A83B-9792927C7796}.Release|x64.Build.0 = Release|Any CPU
		{306D0482-394C-4E8B-A83B-9792927C7796}.Release|x86.ActiveCfg = Release|Any CPU
		{306D0482-394C-4E8B-A83B-9792927C7796}.Release|x86.Build.0 = Release|Any CPU
		{580A7B1E-2034-4F55-8856-BC391F2193C6}.Debug|Any CPU.ActiveCfg = Debug|Any CPU
		{580A7B1E-2034-4F55-8856-BC391F2193C6}.Debug|Any CPU.Build.0 = Debug|Any CPU
		{580A7B1E-2034-4F55-8856-BC391F2193C6}.Debug|x64.ActiveCfg = Debug|Any CPU
		{580A7B1E-2034-4F55-8856-BC391F2193C6}.Debug|x64.Build.0 = Debug|Any CPU
		{580A7B1E-2034-4F55-8856-BC391F2193C6}.Debug|x86.ActiveCfg = Debug|Any CPU
		{580A7B1E-2034-4F55-8856-BC391F2193C6}.Debug|x86.Build.0 = Debug|Any CPU
		{580A7B1E-2034-4F55-8856-BC391F2193C6}.Release|Any CPU.ActiveCfg = Release|Any CPU
		{580A7B1E-2034-4F55-8856-BC391F2193C6}.Release|Any CPU.Build.0 = Release|Any CPU
		{580A7B1E-2034-4F55-8856-BC391F2193C6}.Release|x64.ActiveCfg = Release|Any CPU
		{580A7B1E-2034-4F55-8856-BC391F2193C6}.Release|x64.Build.0 = Release|Any CPU
		{580A7B1E-2034-4F55-8856-BC391F2193C6}.Release|x86.ActiveCfg = Release|Any CPU
		{580A7B1E-2034-4F55-8856-BC391F2193C6}.Release|x86.Build.0 = Release|Any CPU
		{30F37BB9-DFE8-4056-992B-FCC15DD9C346}.Debug|Any CPU.ActiveCfg = Debug|Any CPU
		{30F37BB9-DFE8-4056-992B-FCC15DD9C346}.Debug|Any CPU.Build.0 = Debug|Any CPU
		{30F37BB9-DFE8-4056-992B-FCC15DD9C346}.Debug|x64.ActiveCfg = Debug|Any CPU
		{30F37BB9-DFE8-4056-992B-FCC15DD9C346}.Debug|x64.Build.0 = Debug|Any CPU
		{30F37BB9-DFE8-4056-992B-FCC15DD9C346}.Debug|x86.ActiveCfg = Debug|Any CPU
		{30F37BB9-DFE8-4056-992B-FCC15DD9C346}.Debug|x86.Build.0 = Debug|Any CPU
		{30F37BB9-DFE8-4056-992B-FCC15DD9C346}.Release|Any CPU.ActiveCfg = Release|Any CPU
		{30F37BB9-DFE8-4056-992B-FCC15DD9C346}.Release|Any CPU.Build.0 = Release|Any CPU
		{30F37BB9-DFE8-4056-992B-FCC15DD9C346}.Release|x64.ActiveCfg = Release|Any CPU
		{30F37BB9-DFE8-4056-992B-FCC15DD9C346}.Release|x64.Build.0 = Release|Any CPU
		{30F37BB9-DFE8-4056-992B-FCC15DD9C346}.Release|x86.ActiveCfg = Release|Any CPU
		{30F37BB9-DFE8-4056-992B-FCC15DD9C346}.Release|x86.Build.0 = Release|Any CPU
		{9D109B16-FAFA-4D2C-A799-C2E45A93CE94}.Debug|Any CPU.ActiveCfg = Debug|Any CPU
		{9D109B16-FAFA-4D2C-A799-C2E45A93CE94}.Debug|Any CPU.Build.0 = Debug|Any CPU
		{9D109B16-FAFA-4D2C-A799-C2E45A93CE94}.Debug|x64.ActiveCfg = Debug|Any CPU
		{9D109B16-FAFA-4D2C-A799-C2E45A93CE94}.Debug|x64.Build.0 = Debug|Any CPU
		{9D109B16-FAFA-4D2C-A799-C2E45A93CE94}.Debug|x86.ActiveCfg = Debug|Any CPU
		{9D109B16-FAFA-4D2C-A799-C2E45A93CE94}.Debug|x86.Build.0 = Debug|Any CPU
		{9D109B16-FAFA-4D2C-A799-C2E45A93CE94}.Release|Any CPU.ActiveCfg = Release|Any CPU
		{9D109B16-FAFA-4D2C-A799-C2E45A93CE94}.Release|Any CPU.Build.0 = Release|Any CPU
		{9D109B16-FAFA-4D2C-A799-C2E45A93CE94}.Release|x64.ActiveCfg = Release|Any CPU
		{9D109B16-FAFA-4D2C-A799-C2E45A93CE94}.Release|x64.Build.0 = Release|Any CPU
		{9D109B16-FAFA-4D2C-A799-C2E45A93CE94}.Release|x86.ActiveCfg = Release|Any CPU
		{9D109B16-FAFA-4D2C-A799-C2E45A93CE94}.Release|x86.Build.0 = Release|Any CPU
		{66AED6CB-1CC0-4B49-B251-887A90824223}.Debug|Any CPU.ActiveCfg = Debug|Any CPU
		{66AED6CB-1CC0-4B49-B251-887A90824223}.Debug|Any CPU.Build.0 = Debug|Any CPU
		{66AED6CB-1CC0-4B49-B251-887A90824223}.Debug|x64.ActiveCfg = Debug|Any CPU
		{66AED6CB-1CC0-4B49-B251-887A90824223}.Debug|x64.Build.0 = Debug|Any CPU
		{66AED6CB-1CC0-4B49-B251-887A90824223}.Debug|x86.ActiveCfg = Debug|Any CPU
		{66AED6CB-1CC0-4B49-B251-887A90824223}.Debug|x86.Build.0 = Debug|Any CPU
		{66AED6CB-1CC0-4B49-B251-887A90824223}.Release|Any CPU.ActiveCfg = Release|Any CPU
		{66AED6CB-1CC0-4B49-B251-887A90824223}.Release|Any CPU.Build.0 = Release|Any CPU
		{66AED6CB-1CC0-4B49-B251-887A90824223}.Release|x64.ActiveCfg = Release|Any CPU
		{66AED6CB-1CC0-4B49-B251-887A90824223}.Release|x64.Build.0 = Release|Any CPU
		{66AED6CB-1CC0-4B49-B251-887A90824223}.Release|x86.ActiveCfg = Release|Any CPU
		{66AED6CB-1CC0-4B49-B251-887A90824223}.Release|x86.Build.0 = Release|Any CPU
		{6DA95106-7593-4FBA-8CBC-A1680E656095}.Debug|Any CPU.ActiveCfg = Debug|Any CPU
		{6DA95106-7593-4FBA-8CBC-A1680E656095}.Debug|Any CPU.Build.0 = Debug|Any CPU
		{6DA95106-7593-4FBA-8CBC-A1680E656095}.Debug|x64.ActiveCfg = Debug|Any CPU
		{6DA95106-7593-4FBA-8CBC-A1680E656095}.Debug|x64.Build.0 = Debug|Any CPU
		{6DA95106-7593-4FBA-8CBC-A1680E656095}.Debug|x86.ActiveCfg = Debug|Any CPU
		{6DA95106-7593-4FBA-8CBC-A1680E656095}.Debug|x86.Build.0 = Debug|Any CPU
		{6DA95106-7593-4FBA-8CBC-A1680E656095}.Release|Any CPU.ActiveCfg = Release|Any CPU
		{6DA95106-7593-4FBA-8CBC-A1680E656095}.Release|Any CPU.Build.0 = Release|Any CPU
		{6DA95106-7593-4FBA-8CBC-A1680E656095}.Release|x64.ActiveCfg = Release|Any CPU
		{6DA95106-7593-4FBA-8CBC-A1680E656095}.Release|x64.Build.0 = Release|Any CPU
		{6DA95106-7593-4FBA-8CBC-A1680E656095}.Release|x86.ActiveCfg = Release|Any CPU
		{6DA95106-7593-4FBA-8CBC-A1680E656095}.Release|x86.Build.0 = Release|Any CPU
		{6575195D-30BA-4219-AA04-64A16D4AC3DF}.Debug|Any CPU.ActiveCfg = Debug|Any CPU
		{6575195D-30BA-4219-AA04-64A16D4AC3DF}.Debug|Any CPU.Build.0 = Debug|Any CPU
		{6575195D-30BA-4219-AA04-64A16D4AC3DF}.Debug|x64.ActiveCfg = Debug|Any CPU
		{6575195D-30BA-4219-AA04-64A16D4AC3DF}.Debug|x64.Build.0 = Debug|Any CPU
		{6575195D-30BA-4219-AA04-64A16D4AC3DF}.Debug|x86.ActiveCfg = Debug|Any CPU
		{6575195D-30BA-4219-AA04-64A16D4AC3DF}.Debug|x86.Build.0 = Debug|Any CPU
		{6575195D-30BA-4219-AA04-64A16D4AC3DF}.Release|Any CPU.ActiveCfg = Release|Any CPU
		{6575195D-30BA-4219-AA04-64A16D4AC3DF}.Release|Any CPU.Build.0 = Release|Any CPU
		{6575195D-30BA-4219-AA04-64A16D4AC3DF}.Release|x64.ActiveCfg = Release|Any CPU
		{6575195D-30BA-4219-AA04-64A16D4AC3DF}.Release|x64.Build.0 = Release|Any CPU
		{6575195D-30BA-4219-AA04-64A16D4AC3DF}.Release|x86.ActiveCfg = Release|Any CPU
		{6575195D-30BA-4219-AA04-64A16D4AC3DF}.Release|x86.Build.0 = Release|Any CPU
		{9D7D3910-FB25-4014-94A8-19456E02DC14}.Debug|Any CPU.ActiveCfg = Debug|Any CPU
		{9D7D3910-FB25-4014-94A8-19456E02DC14}.Debug|Any CPU.Build.0 = Debug|Any CPU
		{9D7D3910-FB25-4014-94A8-19456E02DC14}.Debug|x64.ActiveCfg = Debug|Any CPU
		{9D7D3910-FB25-4014-94A8-19456E02DC14}.Debug|x64.Build.0 = Debug|Any CPU
		{9D7D3910-FB25-4014-94A8-19456E02DC14}.Debug|x86.ActiveCfg = Debug|Any CPU
		{9D7D3910-FB25-4014-94A8-19456E02DC14}.Debug|x86.Build.0 = Debug|Any CPU
		{9D7D3910-FB25-4014-94A8-19456E02DC14}.Release|Any CPU.ActiveCfg = Release|Any CPU
		{9D7D3910-FB25-4014-94A8-19456E02DC14}.Release|Any CPU.Build.0 = Release|Any CPU
		{9D7D3910-FB25-4014-94A8-19456E02DC14}.Release|x64.ActiveCfg = Release|Any CPU
		{9D7D3910-FB25-4014-94A8-19456E02DC14}.Release|x64.Build.0 = Release|Any CPU
		{9D7D3910-FB25-4014-94A8-19456E02DC14}.Release|x86.ActiveCfg = Release|Any CPU
		{9D7D3910-FB25-4014-94A8-19456E02DC14}.Release|x86.Build.0 = Release|Any CPU
		{A40163CF-1F57-4F86-B9C6-C069D25091D9}.Debug|Any CPU.ActiveCfg = Debug|Any CPU
		{A40163CF-1F57-4F86-B9C6-C069D25091D9}.Debug|Any CPU.Build.0 = Debug|Any CPU
		{A40163CF-1F57-4F86-B9C6-C069D25091D9}.Debug|x64.ActiveCfg = Debug|Any CPU
		{A40163CF-1F57-4F86-B9C6-C069D25091D9}.Debug|x64.Build.0 = Debug|Any CPU
		{A40163CF-1F57-4F86-B9C6-C069D25091D9}.Debug|x86.ActiveCfg = Debug|Any CPU
		{A40163CF-1F57-4F86-B9C6-C069D25091D9}.Debug|x86.Build.0 = Debug|Any CPU
		{A40163CF-1F57-4F86-B9C6-C069D25091D9}.Release|Any CPU.ActiveCfg = Release|Any CPU
		{A40163CF-1F57-4F86-B9C6-C069D25091D9}.Release|Any CPU.Build.0 = Release|Any CPU
		{A40163CF-1F57-4F86-B9C6-C069D25091D9}.Release|x64.ActiveCfg = Release|Any CPU
		{A40163CF-1F57-4F86-B9C6-C069D25091D9}.Release|x64.Build.0 = Release|Any CPU
		{A40163CF-1F57-4F86-B9C6-C069D25091D9}.Release|x86.ActiveCfg = Release|Any CPU
		{A40163CF-1F57-4F86-B9C6-C069D25091D9}.Release|x86.Build.0 = Release|Any CPU
		{CCCF7F2C-D3D0-46BA-AF0E-EA9A9BCC490A}.Debug|Any CPU.ActiveCfg = Debug|Any CPU
		{CCCF7F2C-D3D0-46BA-AF0E-EA9A9BCC490A}.Debug|Any CPU.Build.0 = Debug|Any CPU
		{CCCF7F2C-D3D0-46BA-AF0E-EA9A9BCC490A}.Debug|x64.ActiveCfg = Debug|Any CPU
		{CCCF7F2C-D3D0-46BA-AF0E-EA9A9BCC490A}.Debug|x64.Build.0 = Debug|Any CPU
		{CCCF7F2C-D3D0-46BA-AF0E-EA9A9BCC490A}.Debug|x86.ActiveCfg = Debug|Any CPU
		{CCCF7F2C-D3D0-46BA-AF0E-EA9A9BCC490A}.Debug|x86.Build.0 = Debug|Any CPU
		{CCCF7F2C-D3D0-46BA-AF0E-EA9A9BCC490A}.Release|Any CPU.ActiveCfg = Release|Any CPU
		{CCCF7F2C-D3D0-46BA-AF0E-EA9A9BCC490A}.Release|Any CPU.Build.0 = Release|Any CPU
		{CCCF7F2C-D3D0-46BA-AF0E-EA9A9BCC490A}.Release|x64.ActiveCfg = Release|Any CPU
		{CCCF7F2C-D3D0-46BA-AF0E-EA9A9BCC490A}.Release|x64.Build.0 = Release|Any CPU
		{CCCF7F2C-D3D0-46BA-AF0E-EA9A9BCC490A}.Release|x86.ActiveCfg = Release|Any CPU
		{CCCF7F2C-D3D0-46BA-AF0E-EA9A9BCC490A}.Release|x86.Build.0 = Release|Any CPU
		{595D180F-08E6-4AB6-A401-8FC117BD56D4}.Debug|Any CPU.ActiveCfg = Debug|Any CPU
		{595D180F-08E6-4AB6-A401-8FC117BD56D4}.Debug|Any CPU.Build.0 = Debug|Any CPU
		{595D180F-08E6-4AB6-A401-8FC117BD56D4}.Debug|x64.ActiveCfg = Debug|Any CPU
		{595D180F-08E6-4AB6-A401-8FC117BD56D4}.Debug|x64.Build.0 = Debug|Any CPU
		{595D180F-08E6-4AB6-A401-8FC117BD56D4}.Debug|x86.ActiveCfg = Debug|Any CPU
		{595D180F-08E6-4AB6-A401-8FC117BD56D4}.Debug|x86.Build.0 = Debug|Any CPU
		{595D180F-08E6-4AB6-A401-8FC117BD56D4}.Release|Any CPU.ActiveCfg = Release|Any CPU
		{595D180F-08E6-4AB6-A401-8FC117BD56D4}.Release|Any CPU.Build.0 = Release|Any CPU
		{595D180F-08E6-4AB6-A401-8FC117BD56D4}.Release|x64.ActiveCfg = Release|Any CPU
		{595D180F-08E6-4AB6-A401-8FC117BD56D4}.Release|x64.Build.0 = Release|Any CPU
		{595D180F-08E6-4AB6-A401-8FC117BD56D4}.Release|x86.ActiveCfg = Release|Any CPU
		{595D180F-08E6-4AB6-A401-8FC117BD56D4}.Release|x86.Build.0 = Release|Any CPU
		{E0250E69-D458-4905-880A-9BF22FE2E705}.Debug|Any CPU.ActiveCfg = Debug|Any CPU
		{E0250E69-D458-4905-880A-9BF22FE2E705}.Debug|Any CPU.Build.0 = Debug|Any CPU
		{E0250E69-D458-4905-880A-9BF22FE2E705}.Debug|x64.ActiveCfg = Debug|Any CPU
		{E0250E69-D458-4905-880A-9BF22FE2E705}.Debug|x64.Build.0 = Debug|Any CPU
		{E0250E69-D458-4905-880A-9BF22FE2E705}.Debug|x86.ActiveCfg = Debug|Any CPU
		{E0250E69-D458-4905-880A-9BF22FE2E705}.Debug|x86.Build.0 = Debug|Any CPU
		{E0250E69-D458-4905-880A-9BF22FE2E705}.Release|Any CPU.ActiveCfg = Release|Any CPU
		{E0250E69-D458-4905-880A-9BF22FE2E705}.Release|Any CPU.Build.0 = Release|Any CPU
		{E0250E69-D458-4905-880A-9BF22FE2E705}.Release|x64.ActiveCfg = Release|Any CPU
		{E0250E69-D458-4905-880A-9BF22FE2E705}.Release|x64.Build.0 = Release|Any CPU
		{E0250E69-D458-4905-880A-9BF22FE2E705}.Release|x86.ActiveCfg = Release|Any CPU
		{E0250E69-D458-4905-880A-9BF22FE2E705}.Release|x86.Build.0 = Release|Any CPU
		{AD2AF2A4-CA3D-48E0-9FD1-8202456CBE62}.Debug|Any CPU.ActiveCfg = Debug|Any CPU
		{AD2AF2A4-CA3D-48E0-9FD1-8202456CBE62}.Debug|Any CPU.Build.0 = Debug|Any CPU
		{AD2AF2A4-CA3D-48E0-9FD1-8202456CBE62}.Debug|x64.ActiveCfg = Debug|Any CPU
		{AD2AF2A4-CA3D-48E0-9FD1-8202456CBE62}.Debug|x64.Build.0 = Debug|Any CPU
		{AD2AF2A4-CA3D-48E0-9FD1-8202456CBE62}.Debug|x86.ActiveCfg = Debug|Any CPU
		{AD2AF2A4-CA3D-48E0-9FD1-8202456CBE62}.Debug|x86.Build.0 = Debug|Any CPU
		{AD2AF2A4-CA3D-48E0-9FD1-8202456CBE62}.Release|Any CPU.ActiveCfg = Release|Any CPU
		{AD2AF2A4-CA3D-48E0-9FD1-8202456CBE62}.Release|Any CPU.Build.0 = Release|Any CPU
		{AD2AF2A4-CA3D-48E0-9FD1-8202456CBE62}.Release|x64.ActiveCfg = Release|Any CPU
		{AD2AF2A4-CA3D-48E0-9FD1-8202456CBE62}.Release|x64.Build.0 = Release|Any CPU
		{AD2AF2A4-CA3D-48E0-9FD1-8202456CBE62}.Release|x86.ActiveCfg = Release|Any CPU
		{AD2AF2A4-CA3D-48E0-9FD1-8202456CBE62}.Release|x86.Build.0 = Release|Any CPU
		{3B6D6491-0114-4381-B74D-00D0A59C02A7}.Debug|Any CPU.ActiveCfg = Debug|Any CPU
		{3B6D6491-0114-4381-B74D-00D0A59C02A7}.Debug|Any CPU.Build.0 = Debug|Any CPU
		{3B6D6491-0114-4381-B74D-00D0A59C02A7}.Debug|x64.ActiveCfg = Debug|Any CPU
		{3B6D6491-0114-4381-B74D-00D0A59C02A7}.Debug|x64.Build.0 = Debug|Any CPU
		{3B6D6491-0114-4381-B74D-00D0A59C02A7}.Debug|x86.ActiveCfg = Debug|Any CPU
		{3B6D6491-0114-4381-B74D-00D0A59C02A7}.Debug|x86.Build.0 = Debug|Any CPU
		{3B6D6491-0114-4381-B74D-00D0A59C02A7}.Release|Any CPU.ActiveCfg = Release|Any CPU
		{3B6D6491-0114-4381-B74D-00D0A59C02A7}.Release|Any CPU.Build.0 = Release|Any CPU
		{3B6D6491-0114-4381-B74D-00D0A59C02A7}.Release|x64.ActiveCfg = Release|Any CPU
		{3B6D6491-0114-4381-B74D-00D0A59C02A7}.Release|x64.Build.0 = Release|Any CPU
		{3B6D6491-0114-4381-B74D-00D0A59C02A7}.Release|x86.ActiveCfg = Release|Any CPU
		{3B6D6491-0114-4381-B74D-00D0A59C02A7}.Release|x86.Build.0 = Release|Any CPU
		{9D2D02D5-DF87-402C-AE76-437979A0CD3F}.Debug|Any CPU.ActiveCfg = Debug|Any CPU
		{9D2D02D5-DF87-402C-AE76-437979A0CD3F}.Debug|Any CPU.Build.0 = Debug|Any CPU
		{9D2D02D5-DF87-402C-AE76-437979A0CD3F}.Debug|x64.ActiveCfg = Debug|Any CPU
		{9D2D02D5-DF87-402C-AE76-437979A0CD3F}.Debug|x64.Build.0 = Debug|Any CPU
		{9D2D02D5-DF87-402C-AE76-437979A0CD3F}.Debug|x86.ActiveCfg = Debug|Any CPU
		{9D2D02D5-DF87-402C-AE76-437979A0CD3F}.Debug|x86.Build.0 = Debug|Any CPU
		{9D2D02D5-DF87-402C-AE76-437979A0CD3F}.Release|Any CPU.ActiveCfg = Release|Any CPU
		{9D2D02D5-DF87-402C-AE76-437979A0CD3F}.Release|Any CPU.Build.0 = Release|Any CPU
		{9D2D02D5-DF87-402C-AE76-437979A0CD3F}.Release|x64.ActiveCfg = Release|Any CPU
		{9D2D02D5-DF87-402C-AE76-437979A0CD3F}.Release|x64.Build.0 = Release|Any CPU
		{9D2D02D5-DF87-402C-AE76-437979A0CD3F}.Release|x86.ActiveCfg = Release|Any CPU
		{9D2D02D5-DF87-402C-AE76-437979A0CD3F}.Release|x86.Build.0 = Release|Any CPU
		{FC36E48F-B0F3-4199-BC02-30EFAC76BD8A}.Debug|Any CPU.ActiveCfg = Debug|Any CPU
		{FC36E48F-B0F3-4199-BC02-30EFAC76BD8A}.Debug|Any CPU.Build.0 = Debug|Any CPU
		{FC36E48F-B0F3-4199-BC02-30EFAC76BD8A}.Debug|x64.ActiveCfg = Debug|Any CPU
		{FC36E48F-B0F3-4199-BC02-30EFAC76BD8A}.Debug|x64.Build.0 = Debug|Any CPU
		{FC36E48F-B0F3-4199-BC02-30EFAC76BD8A}.Debug|x86.ActiveCfg = Debug|Any CPU
		{FC36E48F-B0F3-4199-BC02-30EFAC76BD8A}.Debug|x86.Build.0 = Debug|Any CPU
		{FC36E48F-B0F3-4199-BC02-30EFAC76BD8A}.Release|Any CPU.ActiveCfg = Release|Any CPU
		{FC36E48F-B0F3-4199-BC02-30EFAC76BD8A}.Release|Any CPU.Build.0 = Release|Any CPU
		{FC36E48F-B0F3-4199-BC02-30EFAC76BD8A}.Release|x64.ActiveCfg = Release|Any CPU
		{FC36E48F-B0F3-4199-BC02-30EFAC76BD8A}.Release|x64.Build.0 = Release|Any CPU
		{FC36E48F-B0F3-4199-BC02-30EFAC76BD8A}.Release|x86.ActiveCfg = Release|Any CPU
		{FC36E48F-B0F3-4199-BC02-30EFAC76BD8A}.Release|x86.Build.0 = Release|Any CPU
		{FCCF1891-499A-49B8-8D5B-A21DF37E81A0}.Debug|Any CPU.ActiveCfg = Debug|Any CPU
		{FCCF1891-499A-49B8-8D5B-A21DF37E81A0}.Debug|Any CPU.Build.0 = Debug|Any CPU
		{FCCF1891-499A-49B8-8D5B-A21DF37E81A0}.Debug|x64.ActiveCfg = Debug|Any CPU
		{FCCF1891-499A-49B8-8D5B-A21DF37E81A0}.Debug|x64.Build.0 = Debug|Any CPU
		{FCCF1891-499A-49B8-8D5B-A21DF37E81A0}.Debug|x86.ActiveCfg = Debug|Any CPU
		{FCCF1891-499A-49B8-8D5B-A21DF37E81A0}.Debug|x86.Build.0 = Debug|Any CPU
		{FCCF1891-499A-49B8-8D5B-A21DF37E81A0}.Release|Any CPU.ActiveCfg = Release|Any CPU
		{FCCF1891-499A-49B8-8D5B-A21DF37E81A0}.Release|Any CPU.Build.0 = Release|Any CPU
		{FCCF1891-499A-49B8-8D5B-A21DF37E81A0}.Release|x64.ActiveCfg = Release|Any CPU
		{FCCF1891-499A-49B8-8D5B-A21DF37E81A0}.Release|x64.Build.0 = Release|Any CPU
		{FCCF1891-499A-49B8-8D5B-A21DF37E81A0}.Release|x86.ActiveCfg = Release|Any CPU
		{FCCF1891-499A-49B8-8D5B-A21DF37E81A0}.Release|x86.Build.0 = Release|Any CPU
		{1D6437E4-4DBF-4997-AA1D-33B2723A40ED}.Debug|Any CPU.ActiveCfg = Debug|Any CPU
		{1D6437E4-4DBF-4997-AA1D-33B2723A40ED}.Debug|Any CPU.Build.0 = Debug|Any CPU
		{1D6437E4-4DBF-4997-AA1D-33B2723A40ED}.Debug|x64.ActiveCfg = Debug|Any CPU
		{1D6437E4-4DBF-4997-AA1D-33B2723A40ED}.Debug|x64.Build.0 = Debug|Any CPU
		{1D6437E4-4DBF-4997-AA1D-33B2723A40ED}.Debug|x86.ActiveCfg = Debug|Any CPU
		{1D6437E4-4DBF-4997-AA1D-33B2723A40ED}.Debug|x86.Build.0 = Debug|Any CPU
		{1D6437E4-4DBF-4997-AA1D-33B2723A40ED}.Release|Any CPU.ActiveCfg = Release|Any CPU
		{1D6437E4-4DBF-4997-AA1D-33B2723A40ED}.Release|Any CPU.Build.0 = Release|Any CPU
		{1D6437E4-4DBF-4997-AA1D-33B2723A40ED}.Release|x64.ActiveCfg = Release|Any CPU
		{1D6437E4-4DBF-4997-AA1D-33B2723A40ED}.Release|x64.Build.0 = Release|Any CPU
		{1D6437E4-4DBF-4997-AA1D-33B2723A40ED}.Release|x86.ActiveCfg = Release|Any CPU
		{1D6437E4-4DBF-4997-AA1D-33B2723A40ED}.Release|x86.Build.0 = Release|Any CPU
		{0CE50AD0-4570-4C1B-A396-8FD1779B12F0}.Debug|Any CPU.ActiveCfg = Debug|Any CPU
		{0CE50AD0-4570-4C1B-A396-8FD1779B12F0}.Debug|Any CPU.Build.0 = Debug|Any CPU
		{0CE50AD0-4570-4C1B-A396-8FD1779B12F0}.Debug|x64.ActiveCfg = Debug|Any CPU
		{0CE50AD0-4570-4C1B-A396-8FD1779B12F0}.Debug|x64.Build.0 = Debug|Any CPU
		{0CE50AD0-4570-4C1B-A396-8FD1779B12F0}.Debug|x86.ActiveCfg = Debug|Any CPU
		{0CE50AD0-4570-4C1B-A396-8FD1779B12F0}.Debug|x86.Build.0 = Debug|Any CPU
		{0CE50AD0-4570-4C1B-A396-8FD1779B12F0}.Release|Any CPU.ActiveCfg = Release|Any CPU
		{0CE50AD0-4570-4C1B-A396-8FD1779B12F0}.Release|Any CPU.Build.0 = Release|Any CPU
		{0CE50AD0-4570-4C1B-A396-8FD1779B12F0}.Release|x64.ActiveCfg = Release|Any CPU
		{0CE50AD0-4570-4C1B-A396-8FD1779B12F0}.Release|x64.Build.0 = Release|Any CPU
		{0CE50AD0-4570-4C1B-A396-8FD1779B12F0}.Release|x86.ActiveCfg = Release|Any CPU
		{0CE50AD0-4570-4C1B-A396-8FD1779B12F0}.Release|x86.Build.0 = Release|Any CPU
		{30DD824E-3FC7-466E-B0A5-20631DEF4A5B}.Debug|Any CPU.ActiveCfg = Debug|Any CPU
		{30DD824E-3FC7-466E-B0A5-20631DEF4A5B}.Debug|Any CPU.Build.0 = Debug|Any CPU
		{30DD824E-3FC7-466E-B0A5-20631DEF4A5B}.Debug|x64.ActiveCfg = Debug|Any CPU
		{30DD824E-3FC7-466E-B0A5-20631DEF4A5B}.Debug|x64.Build.0 = Debug|Any CPU
		{30DD824E-3FC7-466E-B0A5-20631DEF4A5B}.Debug|x86.ActiveCfg = Debug|Any CPU
		{30DD824E-3FC7-466E-B0A5-20631DEF4A5B}.Debug|x86.Build.0 = Debug|Any CPU
		{30DD824E-3FC7-466E-B0A5-20631DEF4A5B}.Release|Any CPU.ActiveCfg = Release|Any CPU
		{30DD824E-3FC7-466E-B0A5-20631DEF4A5B}.Release|Any CPU.Build.0 = Release|Any CPU
		{30DD824E-3FC7-466E-B0A5-20631DEF4A5B}.Release|x64.ActiveCfg = Release|Any CPU
		{30DD824E-3FC7-466E-B0A5-20631DEF4A5B}.Release|x64.Build.0 = Release|Any CPU
		{30DD824E-3FC7-466E-B0A5-20631DEF4A5B}.Release|x86.ActiveCfg = Release|Any CPU
		{30DD824E-3FC7-466E-B0A5-20631DEF4A5B}.Release|x86.Build.0 = Release|Any CPU
		{6083C18D-F78C-4FE6-9D66-9ED2A423BB57}.Debug|Any CPU.ActiveCfg = Debug|Any CPU
		{6083C18D-F78C-4FE6-9D66-9ED2A423BB57}.Debug|Any CPU.Build.0 = Debug|Any CPU
		{6083C18D-F78C-4FE6-9D66-9ED2A423BB57}.Debug|x64.ActiveCfg = Debug|Any CPU
		{6083C18D-F78C-4FE6-9D66-9ED2A423BB57}.Debug|x64.Build.0 = Debug|Any CPU
		{6083C18D-F78C-4FE6-9D66-9ED2A423BB57}.Debug|x86.ActiveCfg = Debug|Any CPU
		{6083C18D-F78C-4FE6-9D66-9ED2A423BB57}.Debug|x86.Build.0 = Debug|Any CPU
		{6083C18D-F78C-4FE6-9D66-9ED2A423BB57}.Release|Any CPU.ActiveCfg = Release|Any CPU
		{6083C18D-F78C-4FE6-9D66-9ED2A423BB57}.Release|Any CPU.Build.0 = Release|Any CPU
		{6083C18D-F78C-4FE6-9D66-9ED2A423BB57}.Release|x64.ActiveCfg = Release|Any CPU
		{6083C18D-F78C-4FE6-9D66-9ED2A423BB57}.Release|x64.Build.0 = Release|Any CPU
		{6083C18D-F78C-4FE6-9D66-9ED2A423BB57}.Release|x86.ActiveCfg = Release|Any CPU
		{6083C18D-F78C-4FE6-9D66-9ED2A423BB57}.Release|x86.Build.0 = Release|Any CPU
		{0CFC07EF-9E0E-40AF-A6F5-9FCCF8198DA6}.Debug|Any CPU.ActiveCfg = Debug|Any CPU
		{0CFC07EF-9E0E-40AF-A6F5-9FCCF8198DA6}.Debug|Any CPU.Build.0 = Debug|Any CPU
		{0CFC07EF-9E0E-40AF-A6F5-9FCCF8198DA6}.Debug|x64.ActiveCfg = Debug|Any CPU
		{0CFC07EF-9E0E-40AF-A6F5-9FCCF8198DA6}.Debug|x64.Build.0 = Debug|Any CPU
		{0CFC07EF-9E0E-40AF-A6F5-9FCCF8198DA6}.Debug|x86.ActiveCfg = Debug|Any CPU
		{0CFC07EF-9E0E-40AF-A6F5-9FCCF8198DA6}.Debug|x86.Build.0 = Debug|Any CPU
		{0CFC07EF-9E0E-40AF-A6F5-9FCCF8198DA6}.Release|Any CPU.ActiveCfg = Release|Any CPU
		{0CFC07EF-9E0E-40AF-A6F5-9FCCF8198DA6}.Release|Any CPU.Build.0 = Release|Any CPU
		{0CFC07EF-9E0E-40AF-A6F5-9FCCF8198DA6}.Release|x64.ActiveCfg = Release|Any CPU
		{0CFC07EF-9E0E-40AF-A6F5-9FCCF8198DA6}.Release|x64.Build.0 = Release|Any CPU
		{0CFC07EF-9E0E-40AF-A6F5-9FCCF8198DA6}.Release|x86.ActiveCfg = Release|Any CPU
		{0CFC07EF-9E0E-40AF-A6F5-9FCCF8198DA6}.Release|x86.Build.0 = Release|Any CPU
		{09870F62-53FB-4698-A725-59466AAD8B4E}.Debug|Any CPU.ActiveCfg = Debug|Any CPU
		{09870F62-53FB-4698-A725-59466AAD8B4E}.Debug|Any CPU.Build.0 = Debug|Any CPU
		{09870F62-53FB-4698-A725-59466AAD8B4E}.Debug|x64.ActiveCfg = Debug|Any CPU
		{09870F62-53FB-4698-A725-59466AAD8B4E}.Debug|x64.Build.0 = Debug|Any CPU
		{09870F62-53FB-4698-A725-59466AAD8B4E}.Debug|x86.ActiveCfg = Debug|Any CPU
		{09870F62-53FB-4698-A725-59466AAD8B4E}.Debug|x86.Build.0 = Debug|Any CPU
		{09870F62-53FB-4698-A725-59466AAD8B4E}.Release|Any CPU.ActiveCfg = Release|Any CPU
		{09870F62-53FB-4698-A725-59466AAD8B4E}.Release|Any CPU.Build.0 = Release|Any CPU
		{09870F62-53FB-4698-A725-59466AAD8B4E}.Release|x64.ActiveCfg = Release|Any CPU
		{09870F62-53FB-4698-A725-59466AAD8B4E}.Release|x64.Build.0 = Release|Any CPU
		{09870F62-53FB-4698-A725-59466AAD8B4E}.Release|x86.ActiveCfg = Release|Any CPU
		{09870F62-53FB-4698-A725-59466AAD8B4E}.Release|x86.Build.0 = Release|Any CPU
		{B229B3C9-58A8-4761-8CFC-36E4D305CF1D}.Debug|Any CPU.ActiveCfg = Debug|Any CPU
		{B229B3C9-58A8-4761-8CFC-36E4D305CF1D}.Debug|Any CPU.Build.0 = Debug|Any CPU
		{B229B3C9-58A8-4761-8CFC-36E4D305CF1D}.Debug|x64.ActiveCfg = Debug|Any CPU
		{B229B3C9-58A8-4761-8CFC-36E4D305CF1D}.Debug|x64.Build.0 = Debug|Any CPU
		{B229B3C9-58A8-4761-8CFC-36E4D305CF1D}.Debug|x86.ActiveCfg = Debug|Any CPU
		{B229B3C9-58A8-4761-8CFC-36E4D305CF1D}.Debug|x86.Build.0 = Debug|Any CPU
		{B229B3C9-58A8-4761-8CFC-36E4D305CF1D}.Release|Any CPU.ActiveCfg = Release|Any CPU
		{B229B3C9-58A8-4761-8CFC-36E4D305CF1D}.Release|Any CPU.Build.0 = Release|Any CPU
		{B229B3C9-58A8-4761-8CFC-36E4D305CF1D}.Release|x64.ActiveCfg = Release|Any CPU
		{B229B3C9-58A8-4761-8CFC-36E4D305CF1D}.Release|x64.Build.0 = Release|Any CPU
		{B229B3C9-58A8-4761-8CFC-36E4D305CF1D}.Release|x86.ActiveCfg = Release|Any CPU
		{B229B3C9-58A8-4761-8CFC-36E4D305CF1D}.Release|x86.Build.0 = Release|Any CPU
		{16FE7DA3-B7B9-43FA-BA51-92242DBF8474}.Debug|Any CPU.ActiveCfg = Debug|Any CPU
		{16FE7DA3-B7B9-43FA-BA51-92242DBF8474}.Debug|Any CPU.Build.0 = Debug|Any CPU
		{16FE7DA3-B7B9-43FA-BA51-92242DBF8474}.Debug|x64.ActiveCfg = Debug|Any CPU
		{16FE7DA3-B7B9-43FA-BA51-92242DBF8474}.Debug|x64.Build.0 = Debug|Any CPU
		{16FE7DA3-B7B9-43FA-BA51-92242DBF8474}.Debug|x86.ActiveCfg = Debug|Any CPU
		{16FE7DA3-B7B9-43FA-BA51-92242DBF8474}.Debug|x86.Build.0 = Debug|Any CPU
		{16FE7DA3-B7B9-43FA-BA51-92242DBF8474}.Release|Any CPU.ActiveCfg = Release|Any CPU
		{16FE7DA3-B7B9-43FA-BA51-92242DBF8474}.Release|Any CPU.Build.0 = Release|Any CPU
		{16FE7DA3-B7B9-43FA-BA51-92242DBF8474}.Release|x64.ActiveCfg = Release|Any CPU
		{16FE7DA3-B7B9-43FA-BA51-92242DBF8474}.Release|x64.Build.0 = Release|Any CPU
		{16FE7DA3-B7B9-43FA-BA51-92242DBF8474}.Release|x86.ActiveCfg = Release|Any CPU
		{16FE7DA3-B7B9-43FA-BA51-92242DBF8474}.Release|x86.Build.0 = Release|Any CPU
		{976E8890-B2B1-463B-9ABA-F5A5092F683B}.Debug|Any CPU.ActiveCfg = Debug|Any CPU
		{976E8890-B2B1-463B-9ABA-F5A5092F683B}.Debug|Any CPU.Build.0 = Debug|Any CPU
		{976E8890-B2B1-463B-9ABA-F5A5092F683B}.Debug|x64.ActiveCfg = Debug|Any CPU
		{976E8890-B2B1-463B-9ABA-F5A5092F683B}.Debug|x64.Build.0 = Debug|Any CPU
		{976E8890-B2B1-463B-9ABA-F5A5092F683B}.Debug|x86.ActiveCfg = Debug|Any CPU
		{976E8890-B2B1-463B-9ABA-F5A5092F683B}.Debug|x86.Build.0 = Debug|Any CPU
		{976E8890-B2B1-463B-9ABA-F5A5092F683B}.Release|Any CPU.ActiveCfg = Release|Any CPU
		{976E8890-B2B1-463B-9ABA-F5A5092F683B}.Release|Any CPU.Build.0 = Release|Any CPU
		{976E8890-B2B1-463B-9ABA-F5A5092F683B}.Release|x64.ActiveCfg = Release|Any CPU
		{976E8890-B2B1-463B-9ABA-F5A5092F683B}.Release|x64.Build.0 = Release|Any CPU
		{976E8890-B2B1-463B-9ABA-F5A5092F683B}.Release|x86.ActiveCfg = Release|Any CPU
		{976E8890-B2B1-463B-9ABA-F5A5092F683B}.Release|x86.Build.0 = Release|Any CPU
	EndGlobalSection
	GlobalSection(SolutionProperties) = preSolution
		HideSolutionNode = FALSE
	EndGlobalSection
	GlobalSection(NestedProjects) = preSolution
		{DA736EA8-3C87-4E95-B095-2BCB2AEACC8C} = {827E0CD3-B72D-47B6-A68D-7590B98EB39B}
		{A0B4529F-0147-4262-9622-E13A50933C8F} = {827E0CD3-B72D-47B6-A68D-7590B98EB39B}
		{13C81059-73DE-481A-9302-BBE49D5D1908} = {827E0CD3-B72D-47B6-A68D-7590B98EB39B}
		{8F7E6D5C-4B3A-2E1F-9C8D-7A6B5E4F3C2D} = {0AB3BF05-4346-4AA6-1389-037BE0695223}
		{E81076A2-81D5-415B-9470-A9A19B75849E} = {0AB3BF05-4346-4AA6-1389-037BE0695223}
		{C117FE35-0A84-8AD1-E8B1-F8B3DA2086B4} = {827E0CD3-B72D-47B6-A68D-7590B98EB39B}
		{3A10F7AE-734E-4F35-9BA4-5100EF2D3CFE} = {E54166BF-D5A5-D108-1244-AA6816D2859D}
		{04A410F1-2489-4D9B-BF9E-EF8BE64AD856} = {E54166BF-D5A5-D108-1244-AA6816D2859D}
		{6C14DFD3-7CE5-49EF-8064-11FF613ED924} = {827E0CD3-B72D-47B6-A68D-7590B98EB39B}
		{23F2739E-F5DF-4046-BDDC-8E98F194EB70} = {0AB3BF05-4346-4AA6-1389-037BE0695223}
		{0468A642-C9B8-4025-B567-05C0267416BD} = {827E0CD3-B72D-47B6-A68D-7590B98EB39B}
		{954B9BE9-BBF5-463B-8EFF-06B319721956} = {0AB3BF05-4346-4AA6-1389-037BE0695223}
		{6C1711BE-660A-4047-BC4F-7195C0932F06} = {E82A4248-C808-4E98-B071-E10E106F2FA0}
		{306D0482-394C-4E8B-A83B-9792927C7796} = {E82A4248-C808-4E98-B071-E10E106F2FA0}
		{580A7B1E-2034-4F55-8856-BC391F2193C6} = {827E0CD3-B72D-47B6-A68D-7590B98EB39B}
		{30F37BB9-DFE8-4056-992B-FCC15DD9C346} = {0AB3BF05-4346-4AA6-1389-037BE0695223}
		{9D109B16-FAFA-4D2C-A799-C2E45A93CE94} = {E82A4248-C808-4E98-B071-E10E106F2FA0}
		{66AED6CB-1CC0-4B49-B251-887A90824223} = {0AB3BF05-4346-4AA6-1389-037BE0695223}
		{6DA95106-7593-4FBA-8CBC-A1680E656095} = {827E0CD3-B72D-47B6-A68D-7590B98EB39B}
		{6575195D-30BA-4219-AA04-64A16D4AC3DF} = {0AB3BF05-4346-4AA6-1389-037BE0695223}
		{9D7D3910-FB25-4014-94A8-19456E02DC14} = {E54166BF-D5A5-D108-1244-AA6816D2859D}
		{A40163CF-1F57-4F86-B9C6-C069D25091D9} = {E54166BF-D5A5-D108-1244-AA6816D2859D}
		{CCCF7F2C-D3D0-46BA-AF0E-EA9A9BCC490A} = {E54166BF-D5A5-D108-1244-AA6816D2859D}
		{595D180F-08E6-4AB6-A401-8FC117BD56D4} = {0AB3BF05-4346-4AA6-1389-037BE0695223}
		{E0250E69-D458-4905-880A-9BF22FE2E705} = {E54166BF-D5A5-D108-1244-AA6816D2859D}
		{AD2AF2A4-CA3D-48E0-9FD1-8202456CBE62} = {E54166BF-D5A5-D108-1244-AA6816D2859D}
		{3B6D6491-0114-4381-B74D-00D0A59C02A7} = {E54166BF-D5A5-D108-1244-AA6816D2859D}
		{9D2D02D5-DF87-402C-AE76-437979A0CD3F} = {E54166BF-D5A5-D108-1244-AA6816D2859D}
		{FC36E48F-B0F3-4199-BC02-30EFAC76BD8A} = {E54166BF-D5A5-D108-1244-AA6816D2859D}
		{FCCF1891-499A-49B8-8D5B-A21DF37E81A0} = {E54166BF-D5A5-D108-1244-AA6816D2859D}
		{1D6437E4-4DBF-4997-AA1D-33B2723A40ED} = {E54166BF-D5A5-D108-1244-AA6816D2859D}
		{0CE50AD0-4570-4C1B-A396-8FD1779B12F0} = {E54166BF-D5A5-D108-1244-AA6816D2859D}
		{30DD824E-3FC7-466E-B0A5-20631DEF4A5B} = {0AB3BF05-4346-4AA6-1389-037BE0695223}
		{CD4CF130-B793-9614-0E81-38EF9536B660} = {E54166BF-D5A5-D108-1244-AA6816D2859D}
		{6083C18D-F78C-4FE6-9D66-9ED2A423BB57} = {CD4CF130-B793-9614-0E81-38EF9536B660}
		{0CFC07EF-9E0E-40AF-A6F5-9FCCF8198DA6} = {E54166BF-D5A5-D108-1244-AA6816D2859D}
		{09870F62-53FB-4698-A725-59466AAD8B4E} = {E54166BF-D5A5-D108-1244-AA6816D2859D}
		{B229B3C9-58A8-4761-8CFC-36E4D305CF1D} = {0AB3BF05-4346-4AA6-1389-037BE0695223}
		{16FE7DA3-B7B9-43FA-BA51-92242DBF8474} = {827E0CD3-B72D-47B6-A68D-7590B98EB39B}
		{976E8890-B2B1-463B-9ABA-F5A5092F683B} = {0AB3BF05-4346-4AA6-1389-037BE0695223}
	EndGlobalSection
	GlobalSection(ExtensibilityGlobals) = postSolution
		SolutionGuid = {27F8332B-5246-4251-9E70-572DD61ADC4C}
	EndGlobalSection
EndGlobal
