
Microsoft Visual Studio Solution File, Format Version 12.00
# Visual Studio Version 17
VisualStudioVersion = 17.14.36310.24
MinimumVisualStudioVersion = 10.0.40219.1
Project("{FAE04EC0-301F-11D3-BF4B-00C04F79EFBC}") = "MemoTree", "src\MemoTree\MemoTree.csproj", "{779E7AEC-58FD-7EE0-FE09-7128D3EEB1A1}"
EndProject
Project("{2150E333-8FDC-42A3-9474-1A3956D46DE8}") = "src", "src", "{827E0CD3-B72D-47B6-A68D-7590B98EB39B}"
EndProject
Project("{FAE04EC0-301F-11D3-BF4B-00C04F79EFBC}") = "MemoTree.Core", "src\MemoTree.Core\MemoTree.Core.csproj", "{DA21AE6E-5196-47D6-9D1E-F34B0774CB7E}"
EndProject
Project("{2150E333-8FDC-42A3-9474-1A3956D46DE8}") = "tests", "tests", "{0AB3BF05-4346-4AA6-1389-037BE0695223}"
EndProject
Project("{FAE04EC0-301F-11D3-BF4B-00C04F79EFBC}") = "MemoTree.Tests", "tests\MemoTree.Tests\MemoTree.Tests.csproj", "{9DF1D421-E41F-439D-8622-519B6FB5C6E1}"
EndProject
Project("{FAE04EC0-301F-11D3-BF4B-00C04F79EFBC}") = "MemoTree.Services", "src\MemoTree.Services\MemoTree.Services.csproj", "{B8E2F3A1-4C5D-4E6F-8A9B-1C2D3E4F5A6B}"
EndProject
Project("{FAE04EC0-301F-11D3-BF4B-00C04F79EFBC}") = "MemoTree.Cli", "src\MemoTree.Cli\MemoTree.Cli.csproj", "{C9F3A4B2-5D6E-4F7A-9B0C-2D3E4F5A6B7C}"
EndProject
Global
	GlobalSection(SolutionConfigurationPlatforms) = preSolution
		Debug|Any CPU = Debug|Any CPU
		Debug|x64 = Debug|x64
		Debug|x86 = Debug|x86
		Release|Any CPU = Release|Any CPU
		Release|x64 = Release|x64
		Release|x86 = Release|x86
	EndGlobalSection
	GlobalSection(ProjectConfigurationPlatforms) = postSolution
		{779E7AEC-58FD-7EE0-FE09-7128D3EEB1A1}.Debug|Any CPU.ActiveCfg = Debug|Any CPU
		{779E7AEC-58FD-7EE0-FE09-7128D3EEB1A1}.Debug|Any CPU.Build.0 = Debug|Any CPU
		{779E7AEC-58FD-7EE0-FE09-7128D3EEB1A1}.Debug|x64.ActiveCfg = Debug|Any CPU
		{779E7AEC-58FD-7EE0-FE09-7128D3EEB1A1}.Debug|x64.Build.0 = Debug|Any CPU
		{779E7AEC-58FD-7EE0-FE09-7128D3EEB1A1}.Debug|x86.ActiveCfg = Debug|Any CPU
		{779E7AEC-58FD-7EE0-FE09-7128D3EEB1A1}.Debug|x86.Build.0 = Debug|Any CPU
		{779E7AEC-58FD-7EE0-FE09-7128D3EEB1A1}.Release|Any CPU.ActiveCfg = Release|Any CPU
		{779E7AEC-58FD-7EE0-FE09-7128D3EEB1A1}.Release|Any CPU.Build.0 = Release|Any CPU
		{779E7AEC-58FD-7EE0-FE09-7128D3EEB1A1}.Release|x64.ActiveCfg = Release|Any CPU
		{779E7AEC-58FD-7EE0-FE09-7128D3EEB1A1}.Release|x64.Build.0 = Release|Any CPU
		{779E7AEC-58FD-7EE0-FE09-7128D3EEB1A1}.Release|x86.ActiveCfg = Release|Any CPU
		{779E7AEC-58FD-7EE0-FE09-7128D3EEB1A1}.Release|x86.Build.0 = Release|Any CPU
		{DA21AE6E-5196-47D6-9D1E-F34B0774CB7E}.Debug|Any CPU.ActiveCfg = Debug|Any CPU
		{DA21AE6E-5196-47D6-9D1E-F34B0774CB7E}.Debug|Any CPU.Build.0 = Debug|Any CPU
		{DA21AE6E-5196-47D6-9D1E-F34B0774CB7E}.Debug|x64.ActiveCfg = Debug|Any CPU
		{DA21AE6E-5196-47D6-9D1E-F34B0774CB7E}.Debug|x64.Build.0 = Debug|Any CPU
		{DA21AE6E-5196-47D6-9D1E-F34B0774CB7E}.Debug|x86.ActiveCfg = Debug|Any CPU
		{DA21AE6E-5196-47D6-9D1E-F34B0774CB7E}.Debug|x86.Build.0 = Debug|Any CPU
		{DA21AE6E-5196-47D6-9D1E-F34B0774CB7E}.Release|Any CPU.ActiveCfg = Release|Any CPU
		{DA21AE6E-5196-47D6-9D1E-F34B0774CB7E}.Release|Any CPU.Build.0 = Release|Any CPU
		{DA21AE6E-5196-47D6-9D1E-F34B0774CB7E}.Release|x64.ActiveCfg = Release|Any CPU
		{DA21AE6E-5196-47D6-9D1E-F34B0774CB7E}.Release|x64.Build.0 = Release|Any CPU
		{DA21AE6E-5196-47D6-9D1E-F34B0774CB7E}.Release|x86.ActiveCfg = Release|Any CPU
		{DA21AE6E-5196-47D6-9D1E-F34B0774CB7E}.Release|x86.Build.0 = Release|Any CPU
		{9DF1D421-E41F-439D-8622-519B6FB5C6E1}.Debug|Any CPU.ActiveCfg = Debug|Any CPU
		{9DF1D421-E41F-439D-8622-519B6FB5C6E1}.Debug|Any CPU.Build.0 = Debug|Any CPU
		{9DF1D421-E41F-439D-8622-519B6FB5C6E1}.Debug|x64.ActiveCfg = Debug|Any CPU
		{9DF1D421-E41F-439D-8622-519B6FB5C6E1}.Debug|x64.Build.0 = Debug|Any CPU
		{9DF1D421-E41F-439D-8622-519B6FB5C6E1}.Debug|x86.ActiveCfg = Debug|Any CPU
		{9DF1D421-E41F-439D-8622-519B6FB5C6E1}.Debug|x86.Build.0 = Debug|Any CPU
		{9DF1D421-E41F-439D-8622-519B6FB5C6E1}.Release|Any CPU.ActiveCfg = Release|Any CPU
		{9DF1D421-E41F-439D-8622-519B6FB5C6E1}.Release|Any CPU.Build.0 = Release|Any CPU
		{9DF1D421-E41F-439D-8622-519B6FB5C6E1}.Release|x64.ActiveCfg = Release|Any CPU
		{9DF1D421-E41F-439D-8622-519B6FB5C6E1}.Release|x64.Build.0 = Release|Any CPU
		{9DF1D421-E41F-439D-8622-519B6FB5C6E1}.Release|x86.ActiveCfg = Release|Any CPU
		{9DF1D421-E41F-439D-8622-519B6FB5C6E1}.Release|x86.Build.0 = Release|Any CPU
		{B8E2F3A1-4C5D-4E6F-8A9B-1C2D3E4F5A6B}.Debug|Any CPU.ActiveCfg = Debug|Any CPU
		{B8E2F3A1-4C5D-4E6F-8A9B-1C2D3E4F5A6B}.Debug|Any CPU.Build.0 = Debug|Any CPU
		{B8E2F3A1-4C5D-4E6F-8A9B-1C2D3E4F5A6B}.Debug|x64.ActiveCfg = Debug|Any CPU
		{B8E2F3A1-4C5D-4E6F-8A9B-1C2D3E4F5A6B}.Debug|x64.Build.0 = Debug|Any CPU
		{B8E2F3A1-4C5D-4E6F-8A9B-1C2D3E4F5A6B}.Debug|x86.ActiveCfg = Debug|Any CPU
		{B8E2F3A1-4C5D-4E6F-8A9B-1C2D3E4F5A6B}.Debug|x86.Build.0 = Debug|Any CPU
		{B8E2F3A1-4C5D-4E6F-8A9B-1C2D3E4F5A6B}.Release|Any CPU.ActiveCfg = Release|Any CPU
		{B8E2F3A1-4C5D-4E6F-8A9B-1C2D3E4F5A6B}.Release|Any CPU.Build.0 = Release|Any CPU
		{B8E2F3A1-4C5D-4E6F-8A9B-1C2D3E4F5A6B}.Release|x64.ActiveCfg = Release|Any CPU
		{B8E2F3A1-4C5D-4E6F-8A9B-1C2D3E4F5A6B}.Release|x64.Build.0 = Release|Any CPU
		{B8E2F3A1-4C5D-4E6F-8A9B-1C2D3E4F5A6B}.Release|x86.ActiveCfg = Release|Any CPU
		{B8E2F3A1-4C5D-4E6F-8A9B-1C2D3E4F5A6B}.Release|x86.Build.0 = Release|Any CPU
		{C9F3A4B2-5D6E-4F7A-9B0C-2D3E4F5A6B7C}.Debug|Any CPU.ActiveCfg = Debug|Any CPU
		{C9F3A4B2-5D6E-4F7A-9B0C-2D3E4F5A6B7C}.Debug|Any CPU.Build.0 = Debug|Any CPU
		{C9F3A4B2-5D6E-4F7A-9B0C-2D3E4F5A6B7C}.Debug|x64.ActiveCfg = Debug|Any CPU
		{C9F3A4B2-5D6E-4F7A-9B0C-2D3E4F5A6B7C}.Debug|x64.Build.0 = Debug|Any CPU
		{C9F3A4B2-5D6E-4F7A-9B0C-2D3E4F5A6B7C}.Debug|x86.ActiveCfg = Debug|Any CPU
		{C9F3A4B2-5D6E-4F7A-9B0C-2D3E4F5A6B7C}.Debug|x86.Build.0 = Debug|Any CPU
		{C9F3A4B2-5D6E-4F7A-9B0C-2D3E4F5A6B7C}.Release|Any CPU.ActiveCfg = Release|Any CPU
		{C9F3A4B2-5D6E-4F7A-9B0C-2D3E4F5A6B7C}.Release|Any CPU.Build.0 = Release|Any CPU
		{C9F3A4B2-5D6E-4F7A-9B0C-2D3E4F5A6B7C}.Release|x64.ActiveCfg = Release|Any CPU
		{C9F3A4B2-5D6E-4F7A-9B0C-2D3E4F5A6B7C}.Release|x64.Build.0 = Release|Any CPU
		{C9F3A4B2-5D6E-4F7A-9B0C-2D3E4F5A6B7C}.Release|x86.ActiveCfg = Release|Any CPU
		{C9F3A4B2-5D6E-4F7A-9B0C-2D3E4F5A6B7C}.Release|x86.Build.0 = Release|Any CPU
	EndGlobalSection
	GlobalSection(SolutionProperties) = preSolution
		HideSolutionNode = FALSE
	EndGlobalSection
	GlobalSection(NestedProjects) = preSolution
		{DA21AE6E-5196-47D6-9D1E-F34B0774CB7E} = {827E0CD3-B72D-47B6-A68D-7590B98EB39B}
		{9DF1D421-E41F-439D-8622-519B6FB5C6E1} = {0AB3BF05-4346-4AA6-1389-037BE0695223}
		{B8E2F3A1-4C5D-4E6F-8A9B-1C2D3E4F5A6B} = {827E0CD3-B72D-47B6-A68D-7590B98EB39B}
		{C9F3A4B2-5D6E-4F7A-9B0C-2D3E4F5A6B7C} = {827E0CD3-B72D-47B6-A68D-7590B98EB39B}
	EndGlobalSection
	GlobalSection(ExtensibilityGlobals) = postSolution
		SolutionGuid = {27F8332B-5246-4251-9E70-572DD61ADC4C}
	EndGlobalSection
EndGlobal
