
Microsoft Visual Studio Solution File, Format Version 12.00
# Visual Studio Version 17
VisualStudioVersion = 17.0.31903.59
MinimumVisualStudioVersion = 10.0.40219.1
Project("{FAE04EC0-301F-11D3-BF4B-00C04F79EFBC}") = "E2E.Target", "E2E.Target\E2E.Target.csproj", "{080C5F43-C0AF-422E-89BB-AB2FE6374A85}"
EndProject
Project("{FAE04EC0-301F-11D3-BF4B-00C04F79EFBC}") = "E2E.SymbolIndex", "E2E.SymbolIndex\E2E.SymbolIndex.csproj", "{D7F723CE-ECFE-4997-BD19-55B55923C390}"
EndProject
Project("{FAE04EC0-301F-11D3-BF4B-00C04F79EFBC}") = "E2E.SymbolIndex.Target", "E2E.SymbolIndex.Target\E2E.SymbolIndex.Target.csproj", "{5978B6BD-98B4-48C5-B7D1-759D66773263}"
EndProject
Project("{FAE04EC0-301F-11D3-BF4B-00C04F79EFBC}") = "E2E.SymbolIndex.Target2", "E2E.SymbolIndex.Target2\E2E.SymbolIndex.Target2.csproj", "{BE5F4220-F2FA-48C2-BEBD-B9D4145F1809}"
EndProject
Global
	GlobalSection(SolutionConfigurationPlatforms) = preSolution
		Debug|Any CPU = Debug|Any CPU
		Debug|x64 = Debug|x64
		Debug|x86 = Debug|x86
		Release|Any CPU = Release|Any CPU
		Release|x64 = Release|x64
		Release|x86 = Release|x86
	EndGlobalSection
	GlobalSection(ProjectConfigurationPlatforms) = postSolution
		{080C5F43-C0AF-422E-89BB-AB2FE6374A85}.Debug|Any CPU.ActiveCfg = Debug|Any CPU
		{080C5F43-C0AF-422E-89BB-AB2FE6374A85}.Debug|Any CPU.Build.0 = Debug|Any CPU
		{080C5F43-C0AF-422E-89BB-AB2FE6374A85}.Debug|x64.ActiveCfg = Debug|Any CPU
		{080C5F43-C0AF-422E-89BB-AB2FE6374A85}.Debug|x64.Build.0 = Debug|Any CPU
		{080C5F43-C0AF-422E-89BB-AB2FE6374A85}.Debug|x86.ActiveCfg = Debug|Any CPU
		{080C5F43-C0AF-422E-89BB-AB2FE6374A85}.Debug|x86.Build.0 = Debug|Any CPU
		{080C5F43-C0AF-422E-89BB-AB2FE6374A85}.Release|Any CPU.ActiveCfg = Release|Any CPU
		{080C5F43-C0AF-422E-89BB-AB2FE6374A85}.Release|Any CPU.Build.0 = Release|Any CPU
		{080C5F43-C0AF-422E-89BB-AB2FE6374A85}.Release|x64.ActiveCfg = Release|Any CPU
		{080C5F43-C0AF-422E-89BB-AB2FE6374A85}.Release|x64.Build.0 = Release|Any CPU
		{080C5F43-C0AF-422E-89BB-AB2FE6374A85}.Release|x86.ActiveCfg = Release|Any CPU
		{080C5F43-C0AF-422E-89BB-AB2FE6374A85}.Release|x86.Build.0 = Release|Any CPU
		{D7F723CE-ECFE-4997-BD19-55B55923C390}.Debug|Any CPU.ActiveCfg = Debug|Any CPU
		{D7F723CE-ECFE-4997-BD19-55B55923C390}.Debug|Any CPU.Build.0 = Debug|Any CPU
		{D7F723CE-ECFE-4997-BD19-55B55923C390}.Debug|x64.ActiveCfg = Debug|Any CPU
		{D7F723CE-ECFE-4997-BD19-55B55923C390}.Debug|x64.Build.0 = Debug|Any CPU
		{D7F723CE-ECFE-4997-BD19-55B55923C390}.Debug|x86.ActiveCfg = Debug|Any CPU
		{D7F723CE-ECFE-4997-BD19-55B55923C390}.Debug|x86.Build.0 = Debug|Any CPU
		{D7F723CE-ECFE-4997-BD19-55B55923C390}.Release|Any CPU.ActiveCfg = Release|Any CPU
		{D7F723CE-ECFE-4997-BD19-55B55923C390}.Release|Any CPU.Build.0 = Release|Any CPU
		{D7F723CE-ECFE-4997-BD19-55B55923C390}.Release|x64.ActiveCfg = Release|Any CPU
		{D7F723CE-ECFE-4997-BD19-55B55923C390}.Release|x64.Build.0 = Release|Any CPU
		{D7F723CE-ECFE-4997-BD19-55B55923C390}.Release|x86.ActiveCfg = Release|Any CPU
		{D7F723CE-ECFE-4997-BD19-55B55923C390}.Release|x86.Build.0 = Release|Any CPU
		{5978B6BD-98B4-48C5-B7D1-759D66773263}.Debug|Any CPU.ActiveCfg = Debug|Any CPU
		{5978B6BD-98B4-48C5-B7D1-759D66773263}.Debug|Any CPU.Build.0 = Debug|Any CPU
		{5978B6BD-98B4-48C5-B7D1-759D66773263}.Debug|x64.ActiveCfg = Debug|Any CPU
		{5978B6BD-98B4-48C5-B7D1-759D66773263}.Debug|x64.Build.0 = Debug|Any CPU
		{5978B6BD-98B4-48C5-B7D1-759D66773263}.Debug|x86.ActiveCfg = Debug|Any CPU
		{5978B6BD-98B4-48C5-B7D1-759D66773263}.Debug|x86.Build.0 = Debug|Any CPU
		{5978B6BD-98B4-48C5-B7D1-759D66773263}.Release|Any CPU.ActiveCfg = Release|Any CPU
		{5978B6BD-98B4-48C5-B7D1-759D66773263}.Release|Any CPU.Build.0 = Release|Any CPU
		{5978B6BD-98B4-48C5-B7D1-759D66773263}.Release|x64.ActiveCfg = Release|Any CPU
		{5978B6BD-98B4-48C5-B7D1-759D66773263}.Release|x64.Build.0 = Release|Any CPU
		{5978B6BD-98B4-48C5-B7D1-759D66773263}.Release|x86.ActiveCfg = Release|Any CPU
		{5978B6BD-98B4-48C5-B7D1-759D66773263}.Release|x86.Build.0 = Release|Any CPU
		{BE5F4220-F2FA-48C2-BEBD-B9D4145F1809}.Debug|Any CPU.ActiveCfg = Debug|Any CPU
		{BE5F4220-F2FA-48C2-BEBD-B9D4145F1809}.Debug|Any CPU.Build.0 = Debug|Any CPU
		{BE5F4220-F2FA-48C2-BEBD-B9D4145F1809}.Debug|x64.ActiveCfg = Debug|Any CPU
		{BE5F4220-F2FA-48C2-BEBD-B9D4145F1809}.Debug|x64.Build.0 = Debug|Any CPU
		{BE5F4220-F2FA-48C2-BEBD-B9D4145F1809}.Debug|x86.ActiveCfg = Debug|Any CPU
		{BE5F4220-F2FA-48C2-BEBD-B9D4145F1809}.Debug|x86.Build.0 = Debug|Any CPU
		{BE5F4220-F2FA-48C2-BEBD-B9D4145F1809}.Release|Any CPU.ActiveCfg = Release|Any CPU
		{BE5F4220-F2FA-48C2-BEBD-B9D4145F1809}.Release|Any CPU.Build.0 = Release|Any CPU
		{BE5F4220-F2FA-48C2-BEBD-B9D4145F1809}.Release|x64.ActiveCfg = Release|Any CPU
		{BE5F4220-F2FA-48C2-BEBD-B9D4145F1809}.Release|x64.Build.0 = Release|Any CPU
		{BE5F4220-F2FA-48C2-BEBD-B9D4145F1809}.Release|x86.ActiveCfg = Release|Any CPU
		{BE5F4220-F2FA-48C2-BEBD-B9D4145F1809}.Release|x86.Build.0 = Release|Any CPU
	EndGlobalSection
	GlobalSection(SolutionProperties) = preSolution
		HideSolutionNode = FALSE
	EndGlobalSection
EndGlobal
