{
  "name": "@atelia/local-codex-mcp-pinned-codex",
  "version": "0.0.0",
  "lockfileVersion": 3,
  "requires": true,
  "packages": {
    "": {
      "name": "@atelia/local-codex-mcp-pinned-codex",
      "version": "0.0.0",
      "dependencies": {
        "@openai/codex": "0.154.0-alpha.3"
      }
    },
    "node_modules/@openai/codex": {
      "version": "0.154.0-alpha.3",
      "resolved": "https://registry.npmjs.org/@openai/codex/-/codex-0.154.0-alpha.3.tgz",
      "integrity": "sha512-X3SUk9iM9ft1m5627exaCxY3Tjup4RH1W85l51W6lQSdGCce+A0fNh4oOjmYiwrtyfAyMEvs/HG/VFZNmxqBcw==",
      "license": "Apache-2.0",
      "bin": {
        "codex": "bin/codex.js"
      },
      "engines": {
        "node": ">=16"
      },
      "optionalDependencies": {
        "@openai/codex-darwin-arm64": "npm:@openai/codex@0.154.0-alpha.3-darwin-arm64",
        "@openai/codex-darwin-x64": "npm:@openai/codex@0.154.0-alpha.3-darwin-x64",
        "@openai/codex-linux-arm64": "npm:@openai/codex@0.154.0-alpha.3-linux-arm64",
        "@openai/codex-linux-x64": "npm:@openai/codex@0.154.0-alpha.3-linux-x64",
        "@openai/codex-win32-arm64": "npm:@openai/codex@0.154.0-alpha.3-win32-arm64",
        "@openai/codex-win32-x64": "npm:@openai/codex@0.154.0-alpha.3-win32-x64"
      }
    },
    "node_modules/@openai/codex-darwin-arm64": {
      "name": "@openai/codex",
      "version": "0.154.0-alpha.3-darwin-arm64",
      "resolved": "https://registry.npmjs.org/@openai/codex/-/codex-0.154.0-alpha.3-darwin-arm64.tgz",
      "integrity": "sha512-DzbxvvYyflmrTmsZQ2BjUo7GGXxNQ+pWnVyfvfu+24adQnBXjNb7rCHVLfOocvICgZhZbFvhixwY66D91TkYgQ==",
      "cpu": [
        "arm64"
      ],
      "license": "Apache-2.0",
      "optional": true,
      "os": [
        "darwin"
      ],
      "engines": {
        "node": ">=16"
      }
    },
    "node_modules/@openai/codex-darwin-x64": {
      "name": "@openai/codex",
      "version": "0.154.0-alpha.3-darwin-x64",
      "resolved": "https://registry.npmjs.org/@openai/codex/-/codex-0.154.0-alpha.3-darwin-x64.tgz",
      "integrity": "sha512-hL46w31B8FVPAOjriLUSymHqdJFhXAUsVY04baRbsAgW8NNQBClbuIe1Crif42Rol2sJHqMAvHOfgjxS2ee3Fg==",
      "cpu": [
        "x64"
      ],
      "license": "Apache-2.0",
      "optional": true,
      "os": [
        "darwin"
      ],
      "engines": {
        "node": ">=16"
      }
    },
    "node_modules/@openai/codex-linux-arm64": {
      "name": "@openai/codex",
      "version": "0.154.0-alpha.3-linux-arm64",
      "resolved": "https://registry.npmjs.org/@openai/codex/-/codex-0.154.0-alpha.3-linux-arm64.tgz",
      "integrity": "sha512-Nikr1OGSEypO5y9W0K1u0vsiLfVSWlXX9zQgPdqk84rsNL2g62w40hBPCFa6/UzMURKKFZuEzTWa/09UO8aRrA==",
      "cpu": [
        "arm64"
      ],
      "license": "Apache-2.0",
      "optional": true,
      "os": [
        "linux"
      ],
      "engines": {
        "node": ">=16"
      }
    },
    "node_modules/@openai/codex-linux-x64": {
      "name": "@openai/codex",
      "version": "0.154.0-alpha.3-linux-x64",
      "resolved": "https://registry.npmjs.org/@openai/codex/-/codex-0.154.0-alpha.3-linux-x64.tgz",
      "integrity": "sha512-/LDIHrggFFHM1ALSpv+YsA2e1FHmxQIXiVSuwCivany9c+bFNewi2EO71LLCZimt5L/gMR1r/7WAdfD5O+s/eQ==",
      "cpu": [
        "x64"
      ],
      "license": "Apache-2.0",
      "optional": true,
      "os": [
        "linux"
      ],
      "engines": {
        "node": ">=16"
      }
    },
    "node_modules/@openai/codex-win32-arm64": {
      "name": "@openai/codex",
      "version": "0.154.0-alpha.3-win32-arm64",
      "resolved": "https://registry.npmjs.org/@openai/codex/-/codex-0.154.0-alpha.3-win32-arm64.tgz",
      "integrity": "sha512-BMTlpA/FhQSKLrM1ow2M2bK2/2JSuXpM3BuBRtqMmfc0R/cWLPsWcbpBI+VQE8q41yr+TuvrCq/iEOtVrKxHMA==",
      "cpu": [
        "arm64"
      ],
      "license": "Apache-2.0",
      "optional": true,
      "os": [
        "win32"
      ],
      "engines": {
        "node": ">=16"
      }
    },
    "node_modules/@openai/codex-win32-x64": {
      "name": "@openai/codex",
      "version": "0.154.0-alpha.3-win32-x64",
      "resolved": "https://registry.npmjs.org/@openai/codex/-/codex-0.154.0-alpha.3-win32-x64.tgz",
      "integrity": "sha512-YBlCyIlulDDaPv7+cwtJl4N4a66lP+jIn/T+jpm1lTklCvwalyZG0tVHbZta9/JsEoQs2r9bwe3okrjEeOt+1A==",
      "cpu": [
        "x64"
      ],
      "license": "Apache-2.0",
      "optional": true,
      "os": [
        "win32"
      ],
      "engines": {
        "node": ">=16"
      }
    }
  }
}
