
Microsoft Visual Studio Solution File, Format Version 12.00
# Visual Studio Version 17
VisualStudioVersion = 17.0.31903.59
MinimumVisualStudioVersion = 10.0.40219.1
Project("{FAE04EC0-301F-11D3-BF4B-00C04F79EFBC}") = "NexusZero", "NexusZero\NexusZero.csproj", "{1E97DE5D-67F6-429C-9E78-5671EBA28BA7}"
EndProject
Project("{FAE04EC0-301F-11D3-BF4B-00C04F79EFBC}") = "MemoTree.Core", "..\src\MemoTree.Core\MemoTree.Core.csproj", "{9DF52E17-F5E0-8955-0CEE-1C192F36626F}"
EndProject
Project("{FAE04EC0-301F-11D3-BF4B-00C04F79EFBC}") = "MemoTree.Services", "..\src\MemoTree.Services\MemoTree.Services.csproj", "{0F922766-57FD-B0AF-EC2E-8AB7718B9D95}"
EndProject
Global
	GlobalSection(SolutionConfigurationPlatforms) = preSolution
		Debug|Any CPU = Debug|Any CPU
		Debug|x64 = Debug|x64
		Debug|x86 = Debug|x86
		Release|Any CPU = Release|Any CPU
		Release|x64 = Release|x64
		Release|x86 = Release|x86
	EndGlobalSection
	GlobalSection(ProjectConfigurationPlatforms) = postSolution
		{1E97DE5D-67F6-429C-9E78-5671EBA28BA7}.Debug|Any CPU.ActiveCfg = Debug|Any CPU
		{1E97DE5D-67F6-429C-9E78-5671EBA28BA7}.Debug|Any CPU.Build.0 = Debug|Any CPU
		{1E97DE5D-67F6-429C-9E78-5671EBA28BA7}.Debug|x64.ActiveCfg = Debug|Any CPU
		{1E97DE5D-67F6-429C-9E78-5671EBA28BA7}.Debug|x64.Build.0 = Debug|Any CPU
		{1E97DE5D-67F6-429C-9E78-5671EBA28BA7}.Debug|x86.ActiveCfg = Debug|Any CPU
		{1E97DE5D-67F6-429C-9E78-5671EBA28BA7}.Debug|x86.Build.0 = Debug|Any CPU
		{1E97DE5D-67F6-429C-9E78-5671EBA28BA7}.Release|Any CPU.ActiveCfg = Release|Any CPU
		{1E97DE5D-67F6-429C-9E78-5671EBA28BA7}.Release|Any CPU.Build.0 = Release|Any CPU
		{1E97DE5D-67F6-429C-9E78-5671EBA28BA7}.Release|x64.ActiveCfg = Release|Any CPU
		{1E97DE5D-67F6-429C-9E78-5671EBA28BA7}.Release|x64.Build.0 = Release|Any CPU
		{1E97DE5D-67F6-429C-9E78-5671EBA28BA7}.Release|x86.ActiveCfg = Release|Any CPU
		{1E97DE5D-67F6-429C-9E78-5671EBA28BA7}.Release|x86.Build.0 = Release|Any CPU
		{9DF52E17-F5E0-8955-0CEE-1C192F36626F}.Debug|Any CPU.ActiveCfg = Debug|Any CPU
		{9DF52E17-F5E0-8955-0CEE-1C192F36626F}.Debug|Any CPU.Build.0 = Debug|Any CPU
		{9DF52E17-F5E0-8955-0CEE-1C192F36626F}.Debug|x64.ActiveCfg = Debug|Any CPU
		{9DF52E17-F5E0-8955-0CEE-1C192F36626F}.Debug|x64.Build.0 = Debug|Any CPU
		{9DF52E17-F5E0-8955-0CEE-1C192F36626F}.Debug|x86.ActiveCfg = Debug|Any CPU
		{9DF52E17-F5E0-8955-0CEE-1C192F36626F}.Debug|x86.Build.0 = Debug|Any CPU
		{9DF52E17-F5E0-8955-0CEE-1C192F36626F}.Release|Any CPU.ActiveCfg = Release|Any CPU
		{9DF52E17-F5E0-8955-0CEE-1C192F36626F}.Release|Any CPU.Build.0 = Release|Any CPU
		{9DF52E17-F5E0-8955-0CEE-1C192F36626F}.Release|x64.ActiveCfg = Release|Any CPU
		{9DF52E17-F5E0-8955-0CEE-1C192F36626F}.Release|x64.Build.0 = Release|Any CPU
		{9DF52E17-F5E0-8955-0CEE-1C192F36626F}.Release|x86.ActiveCfg = Release|Any CPU
		{9DF52E17-F5E0-8955-0CEE-1C192F36626F}.Release|x86.Build.0 = Release|Any CPU
		{0F922766-57FD-B0AF-EC2E-8AB7718B9D95}.Debug|Any CPU.ActiveCfg = Debug|Any CPU
		{0F922766-57FD-B0AF-EC2E-8AB7718B9D95}.Debug|Any CPU.Build.0 = Debug|Any CPU
		{0F922766-57FD-B0AF-EC2E-8AB7718B9D95}.Debug|x64.ActiveCfg = Debug|Any CPU
		{0F922766-57FD-B0AF-EC2E-8AB7718B9D95}.Debug|x64.Build.0 = Debug|Any CPU
		{0F922766-57FD-B0AF-EC2E-8AB7718B9D95}.Debug|x86.ActiveCfg = Debug|Any CPU
		{0F922766-57FD-B0AF-EC2E-8AB7718B9D95}.Debug|x86.Build.0 = Debug|Any CPU
		{0F922766-57FD-B0AF-EC2E-8AB7718B9D95}.Release|Any CPU.ActiveCfg = Release|Any CPU
		{0F922766-57FD-B0AF-EC2E-8AB7718B9D95}.Release|Any CPU.Build.0 = Release|Any CPU
		{0F922766-57FD-B0AF-EC2E-8AB7718B9D95}.Release|x64.ActiveCfg = Release|Any CPU
		{0F922766-57FD-B0AF-EC2E-8AB7718B9D95}.Release|x64.Build.0 = Release|Any CPU
		{0F922766-57FD-B0AF-EC2E-8AB7718B9D95}.Release|x86.ActiveCfg = Release|Any CPU
		{0F922766-57FD-B0AF-EC2E-8AB7718B9D95}.Release|x86.Build.0 = Release|Any CPU
	EndGlobalSection
	GlobalSection(SolutionProperties) = preSolution
		HideSolutionNode = FALSE
	EndGlobalSection
	GlobalSection(ExtensibilityGlobals) = postSolution
		SolutionGuid = {00AFCAF7-416F-484D-B6B2-8416AF48EE4D}
	EndGlobalSection
EndGlobal
